// !$*UTF8*$!
{
	archiveVersion = 1;
	classes = {
	};
	objectVersion = 46;
	objects = {

/* Begin PBXBuildFile section */
		7CD5C7640DDD9BBB78C49215 /* libPods.a in Frameworks */ = {isa = PBXBuildFile; fileRef = 5E9606ABCCEB24EE96C48E48 /* libPods.a */; };
		C52D23CC1D13EBF600CF6BEC /* BigClientChartController.m in Sources */ = {isa = PBXBuildFile; fileRef = C52D23CB1D13EBF600CF6BEC /* BigClientChartController.m */; };
		C52D248C1D13F62000CF6BEC /* BillPoolController.m in Sources */ = {isa = PBXBuildFile; fileRef = C52D248B1D13F62000CF6BEC /* BillPoolController.m */; };
		C52D248F1D13F66300CF6BEC /* ForeigncurrencyController.m in Sources */ = {isa = PBXBuildFile; fileRef = C52D248E1D13F66300CF6BEC /* ForeigncurrencyController.m */; };
		C52D24911D178DF100CF6BEC /* head.jpg in Resources */ = {isa = PBXBuildFile; fileRef = C52D24901D178DF100CF6BEC /* head.jpg */; };
		C52D24931D17DCFF00CF6BEC /* 通过@3x.png in Resources */ = {isa = PBXBuildFile; fileRef = C52D24921D17DCFF00CF6BEC /* 通过@3x.png */; };
		C52D24951D17DDAC00CF6BEC /* 驳回@3x.png in Resources */ = {isa = PBXBuildFile; fileRef = C52D24941D17DDAC00CF6BEC /* 驳回@3x.png */; };
		C559EA611D0690FB003FA7C9 /* 待办@3x.png in Resources */ = {isa = PBXBuildFile; fileRef = C559EA5D1D0690FB003FA7C9 /* 待办@3x.png */; };
		C559EA691D069573003FA7C9 /* RootTabBarController.m in Sources */ = {isa = PBXBuildFile; fileRef = C559EA681D069573003FA7C9 /* RootTabBarController.m */; };
		C559EA6D1D06A619003FA7C9 /* 待办@2x.png in Resources */ = {isa = PBXBuildFile; fileRef = C559EA6C1D06A619003FA7C9 /* 待办@2x.png */; };
		C559EA711D06A67C003FA7C9 /* 更多@2x.png in Resources */ = {isa = PBXBuildFile; fileRef = C559EA6E1D06A67C003FA7C9 /* 更多@2x.png */; };
		C559EA721D06A67C003FA7C9 /* 监控@2x.png in Resources */ = {isa = PBXBuildFile; fileRef = C559EA6F1D06A67C003FA7C9 /* 监控@2x.png */; };
		C559EA731D06A67C003FA7C9 /* 新闻@2x.png in Resources */ = {isa = PBXBuildFile; fileRef = C559EA701D06A67C003FA7C9 /* 新闻@2x.png */; };
		C559EA771D06A6BC003FA7C9 /* 更多@2x.png in Resources */ = {isa = PBXBuildFile; fileRef = C559EA741D06A6BC003FA7C9 /* 更多@2x.png */; };
		C559EA781D06A6BC003FA7C9 /* 监控@2x.png in Resources */ = {isa = PBXBuildFile; fileRef = C559EA751D06A6BC003FA7C9 /* 监控@2x.png */; };
		C559EA791D06A6BC003FA7C9 /* 新闻@2x.png in Resources */ = {isa = PBXBuildFile; fileRef = C559EA761D06A6BC003FA7C9 /* 新闻@2x.png */; };
		C559EA801D06B2A5003FA7C9 /* NewsCell.m in Sources */ = {isa = PBXBuildFile; fileRef = C559EA7F1D06B2A5003FA7C9 /* NewsCell.m */; };
		C559EA851D06B40F003FA7C9 /* news1.jpg in Resources */ = {isa = PBXBuildFile; fileRef = C559EA811D06B40F003FA7C9 /* news1.jpg */; };
		C559EA861D06B40F003FA7C9 /* news2.jpg in Resources */ = {isa = PBXBuildFile; fileRef = C559EA821D06B40F003FA7C9 /* news2.jpg */; };
		C559EA871D06B40F003FA7C9 /* news3.jpg in Resources */ = {isa = PBXBuildFile; fileRef = C559EA831D06B40F003FA7C9 /* news3.jpg */; };
		C559EA881D06B40F003FA7C9 /* news4.jpg in Resources */ = {isa = PBXBuildFile; fileRef = C559EA841D06B40F003FA7C9 /* news4.jpg */; };
		C559EA8A1D06D37A003FA7C9 /* 附件.png in Resources */ = {isa = PBXBuildFile; fileRef = C559EA891D06D37A003FA7C9 /* 附件.png */; };
		C559EA8D1D06D3EE003FA7C9 /* ApplicantFormController.m in Sources */ = {isa = PBXBuildFile; fileRef = C559EA8C1D06D3EE003FA7C9 /* ApplicantFormController.m */; };
		C559EA911D06DB8A003FA7C9 /* LoginController.m in Sources */ = {isa = PBXBuildFile; fileRef = C559EA901D06DB8A003FA7C9 /* LoginController.m */; };
		C559EAA31D06DC54003FA7C9 /* 1.mp4 in Resources */ = {isa = PBXBuildFile; fileRef = C559EA941D06DC54003FA7C9 /* 1.mp4 */; };
		C559EAA41D06DC54003FA7C9 /* 4_circle.png in Resources */ = {isa = PBXBuildFile; fileRef = C559EA951D06DC54003FA7C9 /* 4_circle.png */; };
		C559EAA51D06DC54003FA7C9 /* 4_circle@2x.png in Resources */ = {isa = PBXBuildFile; fileRef = C559EA961D06DC54003FA7C9 /* 4_circle@2x.png */; };
		C559EAA61D06DC54003FA7C9 /* 4_circle_on@2x.png in Resources */ = {isa = PBXBuildFile; fileRef = C559EA971D06DC54003FA7C9 /* 4_circle_on@2x.png */; };
		C559EAA71D06DC54003FA7C9 /* keep5.png in Resources */ = {isa = PBXBuildFile; fileRef = C559EA981D06DC54003FA7C9 /* keep5.png */; };
		C559EAA81D06DC54003FA7C9 /* keep5@2x.png in Resources */ = {isa = PBXBuildFile; fileRef = C559EA991D06DC54003FA7C9 /* keep5@2x.png */; };
		C559EAA91D06DC54003FA7C9 /* keep6.png in Resources */ = {isa = PBXBuildFile; fileRef = C559EA9A1D06DC54003FA7C9 /* keep6.png */; };
		C559EAAA1D06DC54003FA7C9 /* keep6@2x.png in Resources */ = {isa = PBXBuildFile; fileRef = C559EA9B1D06DC54003FA7C9 /* keep6@2x.png */; };
		C559EAAB1D06DC54003FA7C9 /* keep6plus@3x.png in Resources */ = {isa = PBXBuildFile; fileRef = C559EA9C1D06DC54003FA7C9 /* keep6plus@3x.png */; };
		C559EAAC1D06DC54003FA7C9 /* keep_logo.png in Resources */ = {isa = PBXBuildFile; fileRef = C559EA9D1D06DC54003FA7C9 /* keep_logo.png */; };
		C559EAAD1D06DC54003FA7C9 /* keep_logo@2x.png in Resources */ = {isa = PBXBuildFile; fileRef = C559EA9E1D06DC54003FA7C9 /* keep_logo@2x.png */; };
		C559EAAE1D06DC54003FA7C9 /* keep_logo@3x.png in Resources */ = {isa = PBXBuildFile; fileRef = C559EA9F1D06DC54003FA7C9 /* keep_logo@3x.png */; };
		C559EAAF1D06DC54003FA7C9 /* keepkeep.png in Resources */ = {isa = PBXBuildFile; fileRef = C559EAA01D06DC54003FA7C9 /* keepkeep.png */; };
		C559EAB01D06DC54003FA7C9 /* keepkeep@2x.png in Resources */ = {isa = PBXBuildFile; fileRef = C559EAA11D06DC54003FA7C9 /* keepkeep@2x.png */; };
		C559EAB11D06DC54003FA7C9 /* keepkeep@3x.png in Resources */ = {isa = PBXBuildFile; fileRef = C559EAA21D06DC54003FA7C9 /* keepkeep@3x.png */; };
		C5B0D6F51D13A00D004EF6F2 /* YSLContainerViewController.m in Sources */ = {isa = PBXBuildFile; fileRef = C5B0D6F21D13A00D004EF6F2 /* YSLContainerViewController.m */; };
		C5B0D6F61D13A00D004EF6F2 /* YSLScrollMenuView.m in Sources */ = {isa = PBXBuildFile; fileRef = C5B0D6F41D13A00D004EF6F2 /* YSLScrollMenuView.m */; };
		C5B0D6FA1D13A0AF004EF6F2 /* MonitorController.m in Sources */ = {isa = PBXBuildFile; fileRef = C5B0D6F91D13A0AF004EF6F2 /* MonitorController.m */; };
		C5B0D6FD1D13DE57004EF6F2 /* DepositController.m in Sources */ = {isa = PBXBuildFile; fileRef = C5B0D6FC1D13DE57004EF6F2 /* DepositController.m */; };
		C5B0D7001D13E64B004EF6F2 /* LoanController.m in Sources */ = {isa = PBXBuildFile; fileRef = C5B0D6FF1D13E64B004EF6F2 /* LoanController.m */; };
		C5B0D7031D13E94D004EF6F2 /* BigClientController.m in Sources */ = {isa = PBXBuildFile; fileRef = C5B0D7021D13E94D004EF6F2 /* BigClientController.m */; };
		C5B43F981D0D70CB00DABF5F /* MoreController.m in Sources */ = {isa = PBXBuildFile; fileRef = C5B43F971D0D70CB00DABF5F /* MoreController.m */; };
		C5C3672C1D0570DD00BC2148 /* main.m in Sources */ = {isa = PBXBuildFile; fileRef = C5C3672B1D0570DD00BC2148 /* main.m */; };
		C5C3672F1D0570DD00BC2148 /* AppDelegate.m in Sources */ = {isa = PBXBuildFile; fileRef = C5C3672E1D0570DD00BC2148 /* AppDelegate.m */; };
		C5C367321D0570DD00BC2148 /* FirstViewController.m in Sources */ = {isa = PBXBuildFile; fileRef = C5C367311D0570DD00BC2148 /* FirstViewController.m */; };
		C5C367351D0570DD00BC2148 /* SecondViewController.m in Sources */ = {isa = PBXBuildFile; fileRef = C5C367341D0570DD00BC2148 /* SecondViewController.m */; };
		C5C367381D0570DD00BC2148 /* Main.storyboard in Resources */ = {isa = PBXBuildFile; fileRef = C5C367361D0570DD00BC2148 /* Main.storyboard */; };
		C5C3673A1D0570DD00BC2148 /* Assets.xcassets in Resources */ = {isa = PBXBuildFile; fileRef = C5C367391D0570DD00BC2148 /* Assets.xcassets */; };
		C5C3673D1D0570DD00BC2148 /* LaunchScreen.storyboard in Resources */ = {isa = PBXBuildFile; fileRef = C5C3673B1D0570DD00BC2148 /* LaunchScreen.storyboard */; };
		C5C367481D0570DD00BC2148 /* mgappTests.m in Sources */ = {isa = PBXBuildFile; fileRef = C5C367471D0570DD00BC2148 /* mgappTests.m */; };
		C5C367531D0570DE00BC2148 /* mgappUITests.m in Sources */ = {isa = PBXBuildFile; fileRef = C5C367521D0570DE00BC2148 /* mgappUITests.m */; };
		C5C367631D05796300BC2148 /* NeedDealCell.m in Sources */ = {isa = PBXBuildFile; fileRef = C5C367621D05796300BC2148 /* NeedDealCell.m */; };
		C5C3676A1D05865500BC2148 /* hetong.png in Resources */ = {isa = PBXBuildFile; fileRef = C5C367691D05865500BC2148 /* hetong.png */; };
		C5C3676C1D058AE500BC2148 /* hetong2.png in Resources */ = {isa = PBXBuildFile; fileRef = C5C3676B1D058AE500BC2148 /* hetong2.png */; };
		C5C367701D058B8E00BC2148 /* hetong3.png in Resources */ = {isa = PBXBuildFile; fileRef = C5C3676E1D058B8E00BC2148 /* hetong3.png */; };
		C5C367721D058F0E00BC2148 /* hetong4.png in Resources */ = {isa = PBXBuildFile; fileRef = C5C367711D058F0E00BC2148 /* hetong4.png */; };
		C5DC7CAB1D1A35C900B06514 /* LGAlertView.m in Sources */ = {isa = PBXBuildFile; fileRef = C5DC7C9C1D1A35C900B06514 /* LGAlertView.m */; };
		C5DC7CAC1D1A35C900B06514 /* LGAlertViewButtonProperties.m in Sources */ = {isa = PBXBuildFile; fileRef = C5DC7C9E1D1A35C900B06514 /* LGAlertViewButtonProperties.m */; };
		C5DC7CAD1D1A35C900B06514 /* LGAlertViewCell.m in Sources */ = {isa = PBXBuildFile; fileRef = C5DC7CA01D1A35C900B06514 /* LGAlertViewCell.m */; };
		C5DC7CAE1D1A35C900B06514 /* LGAlertViewController.m in Sources */ = {isa = PBXBuildFile; fileRef = C5DC7CA21D1A35C900B06514 /* LGAlertViewController.m */; };
		C5DC7CAF1D1A35C900B06514 /* LGAlertViewTextField.m in Sources */ = {isa = PBXBuildFile; fileRef = C5DC7CA51D1A35C900B06514 /* LGAlertViewTextField.m */; };
		C5DC7CB01D1A35C900B06514 /* LGAlertViewWindow.m in Sources */ = {isa = PBXBuildFile; fileRef = C5DC7CA71D1A35C900B06514 /* LGAlertViewWindow.m */; };
		C5DC7CB11D1A35C900B06514 /* UIWindow+LGAlertView.m in Sources */ = {isa = PBXBuildFile; fileRef = C5DC7CA91D1A35C900B06514 /* UIWindow+LGAlertView.m */; };
		C5E3714F1D07B6DB00DDBF87 /* SWIntroductionViewController.m in Sources */ = {isa = PBXBuildFile; fileRef = C5E3714A1D07B6DB00DDBF87 /* SWIntroductionViewController.m */; };
		C5E371501D07B6DB00DDBF87 /* GHWalkThroughPageCell.m in Sources */ = {isa = PBXBuildFile; fileRef = C5E3714C1D07B6DB00DDBF87 /* GHWalkThroughPageCell.m */; };
		C5E371511D07B6DB00DDBF87 /* GHWalkThroughView.m in Sources */ = {isa = PBXBuildFile; fileRef = C5E3714E1D07B6DB00DDBF87 /* GHWalkThroughView.m */; };
		C5E371581D07B7A100DDBF87 /* bg_01.jpg in Resources */ = {isa = PBXBuildFile; fileRef = C5E371531D07B7A100DDBF87 /* bg_01.jpg */; };
		C5E371591D07B7A100DDBF87 /* bg_02.jpg in Resources */ = {isa = PBXBuildFile; fileRef = C5E371541D07B7A100DDBF87 /* bg_02.jpg */; };
		C5E3715A1D07B7A100DDBF87 /* bg_03.jpg in Resources */ = {isa = PBXBuildFile; fileRef = C5E371551D07B7A100DDBF87 /* bg_03.jpg */; };
		C5E3715B1D07B7A100DDBF87 /* bg_05.jpg in Resources */ = {isa = PBXBuildFile; fileRef = C5E371561D07B7A100DDBF87 /* bg_05.jpg */; };
		C5E3715C1D07B7A100DDBF87 /* bg_04.jpg in Resources */ = {isa = PBXBuildFile; fileRef = C5E371571D07B7A100DDBF87 /* bg_04.jpg */; };
		C5E3715E1D07BD3400DDBF87 /* phone@2x.png in Resources */ = {isa = PBXBuildFile; fileRef = C5E3715D1D07BD3400DDBF87 /* phone@2x.png */; };
		C5E371601D0814C400DDBF87 /* menu-button@2x.png in Resources */ = {isa = PBXBuildFile; fileRef = C5E3715F1D0814C400DDBF87 /* menu-button@2x.png */; };
		C5E371641D08158B00DDBF87 /* 添加@2x.png in Resources */ = {isa = PBXBuildFile; fileRef = C5E371631D08158B00DDBF87 /* 添加@2x.png */; };
		C5E371791D08286500DDBF87 /* SlideNavigationContorllerAnimatorSlide.m in Sources */ = {isa = PBXBuildFile; fileRef = C5E371681D08286500DDBF87 /* SlideNavigationContorllerAnimatorSlide.m */; };
		C5E3717A1D08286500DDBF87 /* SlideNavigationContorllerAnimatorFade.m in Sources */ = {isa = PBXBuildFile; fileRef = C5E3716A1D08286500DDBF87 /* SlideNavigationContorllerAnimatorFade.m */; };
		C5E3717B1D08286500DDBF87 /* SlideNavigationContorllerAnimatorSlideAndFade.m in Sources */ = {isa = PBXBuildFile; fileRef = C5E3716C1D08286500DDBF87 /* SlideNavigationContorllerAnimatorSlideAndFade.m */; };
		C5E3717C1D08286500DDBF87 /* SlideNavigationContorllerAnimatorScale.m in Sources */ = {isa = PBXBuildFile; fileRef = C5E3716E1D08286500DDBF87 /* SlideNavigationContorllerAnimatorScale.m */; };
		C5E3717D1D08286500DDBF87 /* SlideNavigationContorllerAnimatorScaleAndFade.m in Sources */ = {isa = PBXBuildFile; fileRef = C5E371701D08286500DDBF87 /* SlideNavigationContorllerAnimatorScaleAndFade.m */; };
		C5E371801D08286500DDBF87 /* SlideNavigationController.m in Sources */ = {isa = PBXBuildFile; fileRef = C5E371771D08286500DDBF87 /* SlideNavigationController.m */; };
		C5E3718E1D08290D00DDBF87 /* LeftMenuViewController.m in Sources */ = {isa = PBXBuildFile; fileRef = C5E371821D08290D00DDBF87 /* LeftMenuViewController.m */; };
		C5E3718F1D08290D00DDBF87 /* RightMenuViewController.m in Sources */ = {isa = PBXBuildFile; fileRef = C5E371841D08290D00DDBF87 /* RightMenuViewController.m */; };
		C5E371901D08290D00DDBF87 /* HomeViewController.m in Sources */ = {isa = PBXBuildFile; fileRef = C5E371861D08290D00DDBF87 /* HomeViewController.m */; };
		C5E371911D08290D00DDBF87 /* FriendsViewController.m in Sources */ = {isa = PBXBuildFile; fileRef = C5E371881D08290D00DDBF87 /* FriendsViewController.m */; };
		C5E371921D08290D00DDBF87 /* ProfileViewController.m in Sources */ = {isa = PBXBuildFile; fileRef = C5E3718A1D08290D00DDBF87 /* ProfileViewController.m */; };
		C5E371931D08290D00DDBF87 /* ProfileDetailViewController.m in Sources */ = {isa = PBXBuildFile; fileRef = C5E3718C1D08290D00DDBF87 /* ProfileDetailViewController.m */; };
		C5E3719D1D08648B00DDBF87 /* gear.png in Resources */ = {isa = PBXBuildFile; fileRef = C5E371981D08648B00DDBF87 /* gear.png */; };
		C5E3719E1D08648B00DDBF87 /* rightMenu.jpg in Resources */ = {isa = PBXBuildFile; fileRef = C5E371991D08648B00DDBF87 /* rightMenu.jpg */; };
		C5E3719F1D08648B00DDBF87 /* leftMenu.jpg in Resources */ = {isa = PBXBuildFile; fileRef = C5E3719A1D08648B00DDBF87 /* leftMenu.jpg */; };
		C5E371A01D08648B00DDBF87 /* animation.png in Resources */ = {isa = PBXBuildFile; fileRef = C5E3719B1D08648B00DDBF87 /* animation.png */; };
/* End PBXBuildFile section */

/* Begin PBXContainerItemProxy section */
		C5C367441D0570DD00BC2148 /* PBXContainerItemProxy */ = {
			isa = PBXContainerItemProxy;
			containerPortal = C5C3671F1D0570DD00BC2148 /* Project object */;
			proxyType = 1;
			remoteGlobalIDString = C5C367261D0570DD00BC2148;
			remoteInfo = mgapp;
		};
		C5C3674F1D0570DE00BC2148 /* PBXContainerItemProxy */ = {
			isa = PBXContainerItemProxy;
			containerPortal = C5C3671F1D0570DD00BC2148 /* Project object */;
			proxyType = 1;
			remoteGlobalIDString = C5C367261D0570DD00BC2148;
			remoteInfo = mgapp;
		};
/* End PBXContainerItemProxy section */

/* Begin PBXFileReference section */
		5E9606ABCCEB24EE96C48E48 /* libPods.a */ = {isa = PBXFileReference; explicitFileType = archive.ar; includeInIndex = 0; path = libPods.a; sourceTree = BUILT_PRODUCTS_DIR; };
		9207027B1B6DBA62565AF50D /* Pods.release.xcconfig */ = {isa = PBXFileReference; includeInIndex = 1; lastKnownFileType = text.xcconfig; name = Pods.release.xcconfig; path = "Pods/Target Support Files/Pods/Pods.release.xcconfig"; sourceTree = "<group>"; };
		C52D23CA1D13EBF600CF6BEC /* BigClientChartController.h */ = {isa = PBXFileReference; fileEncoding = 4; lastKnownFileType = sourcecode.c.h; path = BigClientChartController.h; sourceTree = "<group>"; };
		C52D23CB1D13EBF600CF6BEC /* BigClientChartController.m */ = {isa = PBXFileReference; fileEncoding = 4; lastKnownFileType = sourcecode.c.objc; path = BigClientChartController.m; sourceTree = "<group>"; };
		C52D248A1D13F62000CF6BEC /* BillPoolController.h */ = {isa = PBXFileReference; fileEncoding = 4; lastKnownFileType = sourcecode.c.h; path = BillPoolController.h; sourceTree = "<group>"; };
		C52D248B1D13F62000CF6BEC /* BillPoolController.m */ = {isa = PBXFileReference; fileEncoding = 4; lastKnownFileType = sourcecode.c.objc; path = BillPoolController.m; sourceTree = "<group>"; };
		C52D248D1D13F66300CF6BEC /* ForeigncurrencyController.h */ = {isa = PBXFileReference; fileEncoding = 4; lastKnownFileType = sourcecode.c.h; path = ForeigncurrencyController.h; sourceTree = "<group>"; };
		C52D248E1D13F66300CF6BEC /* ForeigncurrencyController.m */ = {isa = PBXFileReference; fileEncoding = 4; lastKnownFileType = sourcecode.c.objc; path = ForeigncurrencyController.m; sourceTree = "<group>"; };
		C52D24901D178DF100CF6BEC /* head.jpg */ = {isa = PBXFileReference; lastKnownFileType = image.jpeg; path = head.jpg; sourceTree = "<group>"; };
		C52D24921D17DCFF00CF6BEC /* 通过@3x.png */ = {isa = PBXFileReference; lastKnownFileType = image.png; path = "通过@3x.png"; sourceTree = "<group>"; };
		C52D24941D17DDAC00CF6BEC /* 驳回@3x.png */ = {isa = PBXFileReference; lastKnownFileType = image.png; path = "驳回@3x.png"; sourceTree = "<group>"; };
		C559EA5D1D0690FB003FA7C9 /* 待办@3x.png */ = {isa = PBXFileReference; lastKnownFileType = image.png; path = "待办@3x.png"; sourceTree = "<group>"; };
		C559EA671D069573003FA7C9 /* RootTabBarController.h */ = {isa = PBXFileReference; fileEncoding = 4; lastKnownFileType = sourcecode.c.h; path = RootTabBarController.h; sourceTree = "<group>"; };
		C559EA681D069573003FA7C9 /* RootTabBarController.m */ = {isa = PBXFileReference; fileEncoding = 4; lastKnownFileType = sourcecode.c.objc; path = RootTabBarController.m; sourceTree = "<group>"; };
		C559EA6C1D06A619003FA7C9 /* 待办@2x.png */ = {isa = PBXFileReference; lastKnownFileType = image.png; path = "待办@2x.png"; sourceTree = "<group>"; };
		C559EA6E1D06A67C003FA7C9 /* 更多@2x.png */ = {isa = PBXFileReference; lastKnownFileType = image.png; path = "更多@2x.png"; sourceTree = "<group>"; };
		C559EA6F1D06A67C003FA7C9 /* 监控@2x.png */ = {isa = PBXFileReference; lastKnownFileType = image.png; path = "监控@2x.png"; sourceTree = "<group>"; };
		C559EA701D06A67C003FA7C9 /* 新闻@2x.png */ = {isa = PBXFileReference; lastKnownFileType = image.png; path = "新闻@2x.png"; sourceTree = "<group>"; };
		C559EA741D06A6BC003FA7C9 /* 更多@2x.png */ = {isa = PBXFileReference; lastKnownFileType = image.png; path = "更多@2x.png"; sourceTree = "<group>"; };
		C559EA751D06A6BC003FA7C9 /* 监控@2x.png */ = {isa = PBXFileReference; lastKnownFileType = image.png; path = "监控@2x.png"; sourceTree = "<group>"; };
		C559EA761D06A6BC003FA7C9 /* 新闻@2x.png */ = {isa = PBXFileReference; lastKnownFileType = image.png; path = "新闻@2x.png"; sourceTree = "<group>"; };
		C559EA7E1D06B2A5003FA7C9 /* NewsCell.h */ = {isa = PBXFileReference; fileEncoding = 4; lastKnownFileType = sourcecode.c.h; path = NewsCell.h; sourceTree = "<group>"; };
		C559EA7F1D06B2A5003FA7C9 /* NewsCell.m */ = {isa = PBXFileReference; fileEncoding = 4; lastKnownFileType = sourcecode.c.objc; path = NewsCell.m; sourceTree = "<group>"; };
		C559EA811D06B40F003FA7C9 /* news1.jpg */ = {isa = PBXFileReference; lastKnownFileType = image.jpeg; path = news1.jpg; sourceTree = "<group>"; };
		C559EA821D06B40F003FA7C9 /* news2.jpg */ = {isa = PBXFileReference; lastKnownFileType = image.jpeg; path = news2.jpg; sourceTree = "<group>"; };
		C559EA831D06B40F003FA7C9 /* news3.jpg */ = {isa = PBXFileReference; lastKnownFileType = image.jpeg; path = news3.jpg; sourceTree = "<group>"; };
		C559EA841D06B40F003FA7C9 /* news4.jpg */ = {isa = PBXFileReference; lastKnownFileType = image.jpeg; path = news4.jpg; sourceTree = "<group>"; };
		C559EA891D06D37A003FA7C9 /* 附件.png */ = {isa = PBXFileReference; lastKnownFileType = image.png; path = "附件.png"; sourceTree = "<group>"; };
		C559EA8B1D06D3EE003FA7C9 /* ApplicantFormController.h */ = {isa = PBXFileReference; fileEncoding = 4; lastKnownFileType = sourcecode.c.h; path = ApplicantFormController.h; sourceTree = "<group>"; };
		C559EA8C1D06D3EE003FA7C9 /* ApplicantFormController.m */ = {isa = PBXFileReference; fileEncoding = 4; lastKnownFileType = sourcecode.c.objc; path = ApplicantFormController.m; sourceTree = "<group>"; };
		C559EA8F1D06DB8A003FA7C9 /* LoginController.h */ = {isa = PBXFileReference; fileEncoding = 4; lastKnownFileType = sourcecode.c.h; path = LoginController.h; sourceTree = "<group>"; };
		C559EA901D06DB8A003FA7C9 /* LoginController.m */ = {isa = PBXFileReference; fileEncoding = 4; lastKnownFileType = sourcecode.c.objc; path = LoginController.m; sourceTree = "<group>"; };
		C559EA941D06DC54003FA7C9 /* 1.mp4 */ = {isa = PBXFileReference; lastKnownFileType = file; path = 1.mp4; sourceTree = "<group>"; };
		C559EA951D06DC54003FA7C9 /* 4_circle.png */ = {isa = PBXFileReference; lastKnownFileType = image.png; path = 4_circle.png; sourceTree = "<group>"; };
		C559EA961D06DC54003FA7C9 /* 4_circle@2x.png */ = {isa = PBXFileReference; lastKnownFileType = image.png; path = "4_circle@2x.png"; sourceTree = "<group>"; };
		C559EA971D06DC54003FA7C9 /* 4_circle_on@2x.png */ = {isa = PBXFileReference; lastKnownFileType = image.png; path = "4_circle_on@2x.png"; sourceTree = "<group>"; };
		C559EA981D06DC54003FA7C9 /* keep5.png */ = {isa = PBXFileReference; lastKnownFileType = image.png; path = keep5.png; sourceTree = "<group>"; };
		C559EA991D06DC54003FA7C9 /* keep5@2x.png */ = {isa = PBXFileReference; lastKnownFileType = image.png; path = "keep5@2x.png"; sourceTree = "<group>"; };
		C559EA9A1D06DC54003FA7C9 /* keep6.png */ = {isa = PBXFileReference; lastKnownFileType = image.png; path = keep6.png; sourceTree = "<group>"; };
		C559EA9B1D06DC54003FA7C9 /* keep6@2x.png */ = {isa = PBXFileReference; lastKnownFileType = image.png; path = "keep6@2x.png"; sourceTree = "<group>"; };
		C559EA9C1D06DC54003FA7C9 /* keep6plus@3x.png */ = {isa = PBXFileReference; lastKnownFileType = image.png; path = "keep6plus@3x.png"; sourceTree = "<group>"; };
		C559EA9D1D06DC54003FA7C9 /* keep_logo.png */ = {isa = PBXFileReference; lastKnownFileType = image.png; path = keep_logo.png; sourceTree = "<group>"; };
		C559EA9E1D06DC54003FA7C9 /* keep_logo@2x.png */ = {isa = PBXFileReference; lastKnownFileType = image.png; path = "keep_logo@2x.png"; sourceTree = "<group>"; };
		C559EA9F1D06DC54003FA7C9 /* keep_logo@3x.png */ = {isa = PBXFileReference; lastKnownFileType = image.png; path = "keep_logo@3x.png"; sourceTree = "<group>"; };
		C559EAA01D06DC54003FA7C9 /* keepkeep.png */ = {isa = PBXFileReference; lastKnownFileType = image.png; path = keepkeep.png; sourceTree = "<group>"; };
		C559EAA11D06DC54003FA7C9 /* keepkeep@2x.png */ = {isa = PBXFileReference; lastKnownFileType = image.png; path = "keepkeep@2x.png"; sourceTree = "<group>"; };
		C559EAA21D06DC54003FA7C9 /* keepkeep@3x.png */ = {isa = PBXFileReference; lastKnownFileType = image.png; path = "keepkeep@3x.png"; sourceTree = "<group>"; };
		C5B0D6F11D13A00D004EF6F2 /* YSLContainerViewController.h */ = {isa = PBXFileReference; fileEncoding = 4; lastKnownFileType = sourcecode.c.h; path = YSLContainerViewController.h; sourceTree = "<group>"; };
		C5B0D6F21D13A00D004EF6F2 /* YSLContainerViewController.m */ = {isa = PBXFileReference; fileEncoding = 4; lastKnownFileType = sourcecode.c.objc; path = YSLContainerViewController.m; sourceTree = "<group>"; };
		C5B0D6F31D13A00D004EF6F2 /* YSLScrollMenuView.h */ = {isa = PBXFileReference; fileEncoding = 4; lastKnownFileType = sourcecode.c.h; path = YSLScrollMenuView.h; sourceTree = "<group>"; };
		C5B0D6F41D13A00D004EF6F2 /* YSLScrollMenuView.m */ = {isa = PBXFileReference; fileEncoding = 4; lastKnownFileType = sourcecode.c.objc; path = YSLScrollMenuView.m; sourceTree = "<group>"; };
		C5B0D6F81D13A0AF004EF6F2 /* MonitorController.h */ = {isa = PBXFileReference; fileEncoding = 4; lastKnownFileType = sourcecode.c.h; path = MonitorController.h; sourceTree = "<group>"; };
		C5B0D6F91D13A0AF004EF6F2 /* MonitorController.m */ = {isa = PBXFileReference; fileEncoding = 4; lastKnownFileType = sourcecode.c.objc; path = MonitorController.m; sourceTree = "<group>"; };
		C5B0D6FB1D13DE57004EF6F2 /* DepositController.h */ = {isa = PBXFileReference; fileEncoding = 4; lastKnownFileType = sourcecode.c.h; path = DepositController.h; sourceTree = "<group>"; };
		C5B0D6FC1D13DE57004EF6F2 /* DepositController.m */ = {isa = PBXFileReference; fileEncoding = 4; lastKnownFileType = sourcecode.c.objc; path = DepositController.m; sourceTree = "<group>"; };
		C5B0D6FE1D13E64B004EF6F2 /* LoanController.h */ = {isa = PBXFileReference; fileEncoding = 4; lastKnownFileType = sourcecode.c.h; path = LoanController.h; sourceTree = "<group>"; };
		C5B0D6FF1D13E64B004EF6F2 /* LoanController.m */ = {isa = PBXFileReference; fileEncoding = 4; lastKnownFileType = sourcecode.c.objc; path = LoanController.m; sourceTree = "<group>"; };
		C5B0D7011D13E94D004EF6F2 /* BigClientController.h */ = {isa = PBXFileReference; fileEncoding = 4; lastKnownFileType = sourcecode.c.h; path = BigClientController.h; sourceTree = "<group>"; };
		C5B0D7021D13E94D004EF6F2 /* BigClientController.m */ = {isa = PBXFileReference; fileEncoding = 4; lastKnownFileType = sourcecode.c.objc; path = BigClientController.m; sourceTree = "<group>"; };
		C5B43F961D0D70CB00DABF5F /* MoreController.h */ = {isa = PBXFileReference; fileEncoding = 4; lastKnownFileType = sourcecode.c.h; path = MoreController.h; sourceTree = "<group>"; };
		C5B43F971D0D70CB00DABF5F /* MoreController.m */ = {isa = PBXFileReference; fileEncoding = 4; lastKnownFileType = sourcecode.c.objc; path = MoreController.m; sourceTree = "<group>"; };
		C5C367271D0570DD00BC2148 /* mgapp.app */ = {isa = PBXFileReference; explicitFileType = wrapper.application; includeInIndex = 0; path = mgapp.app; sourceTree = BUILT_PRODUCTS_DIR; };
		C5C3672B1D0570DD00BC2148 /* main.m */ = {isa = PBXFileReference; lastKnownFileType = sourcecode.c.objc; path = main.m; sourceTree = "<group>"; };
		C5C3672D1D0570DD00BC2148 /* AppDelegate.h */ = {isa = PBXFileReference; lastKnownFileType = sourcecode.c.h; path = AppDelegate.h; sourceTree = "<group>"; };
		C5C3672E1D0570DD00BC2148 /* AppDelegate.m */ = {isa = PBXFileReference; lastKnownFileType = sourcecode.c.objc; path = AppDelegate.m; sourceTree = "<group>"; };
		C5C367301D0570DD00BC2148 /* FirstViewController.h */ = {isa = PBXFileReference; lastKnownFileType = sourcecode.c.h; path = FirstViewController.h; sourceTree = "<group>"; };
		C5C367311D0570DD00BC2148 /* FirstViewController.m */ = {isa = PBXFileReference; lastKnownFileType = sourcecode.c.objc; path = FirstViewController.m; sourceTree = "<group>"; };
		C5C367331D0570DD00BC2148 /* SecondViewController.h */ = {isa = PBXFileReference; lastKnownFileType = sourcecode.c.h; path = SecondViewController.h; sourceTree = "<group>"; };
		C5C367341D0570DD00BC2148 /* SecondViewController.m */ = {isa = PBXFileReference; lastKnownFileType = sourcecode.c.objc; path = SecondViewController.m; sourceTree = "<group>"; };
		C5C367371D0570DD00BC2148 /* Base */ = {isa = PBXFileReference; lastKnownFileType = file.storyboard; name = Base; path = Base.lproj/Main.storyboard; sourceTree = "<group>"; };
		C5C367391D0570DD00BC2148 /* Assets.xcassets */ = {isa = PBXFileReference; lastKnownFileType = folder.assetcatalog; path = Assets.xcassets; sourceTree = "<group>"; };
		C5C3673C1D0570DD00BC2148 /* Base */ = {isa = PBXFileReference; lastKnownFileType = file.storyboard; name = Base; path = Base.lproj/LaunchScreen.storyboard; sourceTree = "<group>"; };
		C5C3673E1D0570DD00BC2148 /* Info.plist */ = {isa = PBXFileReference; lastKnownFileType = text.plist.xml; path = Info.plist; sourceTree = "<group>"; };
		C5C367431D0570DD00BC2148 /* mgappTests.xctest */ = {isa = PBXFileReference; explicitFileType = wrapper.cfbundle; includeInIndex = 0; path = mgappTests.xctest; sourceTree = BUILT_PRODUCTS_DIR; };
		C5C367471D0570DD00BC2148 /* mgappTests.m */ = {isa = PBXFileReference; lastKnownFileType = sourcecode.c.objc; path = mgappTests.m; sourceTree = "<group>"; };
		C5C367491D0570DE00BC2148 /* Info.plist */ = {isa = PBXFileReference; lastKnownFileType = text.plist.xml; path = Info.plist; sourceTree = "<group>"; };
		C5C3674E1D0570DE00BC2148 /* mgappUITests.xctest */ = {isa = PBXFileReference; explicitFileType = wrapper.cfbundle; includeInIndex = 0; path = mgappUITests.xctest; sourceTree = BUILT_PRODUCTS_DIR; };
		C5C367521D0570DE00BC2148 /* mgappUITests.m */ = {isa = PBXFileReference; lastKnownFileType = sourcecode.c.objc; path = mgappUITests.m; sourceTree = "<group>"; };
		C5C367541D0570DE00BC2148 /* Info.plist */ = {isa = PBXFileReference; lastKnownFileType = text.plist.xml; path = Info.plist; sourceTree = "<group>"; };
		C5C367611D05796300BC2148 /* NeedDealCell.h */ = {isa = PBXFileReference; fileEncoding = 4; lastKnownFileType = sourcecode.c.h; path = NeedDealCell.h; sourceTree = "<group>"; };
		C5C367621D05796300BC2148 /* NeedDealCell.m */ = {isa = PBXFileReference; fileEncoding = 4; lastKnownFileType = sourcecode.c.objc; path = NeedDealCell.m; sourceTree = "<group>"; };
		C5C367691D05865500BC2148 /* hetong.png */ = {isa = PBXFileReference; lastKnownFileType = image.png; path = hetong.png; sourceTree = "<group>"; };
		C5C3676B1D058AE500BC2148 /* hetong2.png */ = {isa = PBXFileReference; lastKnownFileType = image.png; path = hetong2.png; sourceTree = "<group>"; };
		C5C3676E1D058B8E00BC2148 /* hetong3.png */ = {isa = PBXFileReference; lastKnownFileType = image.png; path = hetong3.png; sourceTree = "<group>"; };
		C5C367711D058F0E00BC2148 /* hetong4.png */ = {isa = PBXFileReference; lastKnownFileType = image.png; path = hetong4.png; sourceTree = "<group>"; };
		C5C367731D058FB200BC2148 /* PrefixHeader.pch */ = {isa = PBXFileReference; lastKnownFileType = sourcecode.c.h; path = PrefixHeader.pch; sourceTree = "<group>"; };
		C5DC7C9B1D1A35C900B06514 /* LGAlertView.h */ = {isa = PBXFileReference; fileEncoding = 4; lastKnownFileType = sourcecode.c.h; path = LGAlertView.h; sourceTree = "<group>"; };
		C5DC7C9C1D1A35C900B06514 /* LGAlertView.m */ = {isa = PBXFileReference; fileEncoding = 4; lastKnownFileType = sourcecode.c.objc; path = LGAlertView.m; sourceTree = "<group>"; };
		C5DC7C9D1D1A35C900B06514 /* LGAlertViewButtonProperties.h */ = {isa = PBXFileReference; fileEncoding = 4; lastKnownFileType = sourcecode.c.h; path = LGAlertViewButtonProperties.h; sourceTree = "<group>"; };
		C5DC7C9E1D1A35C900B06514 /* LGAlertViewButtonProperties.m */ = {isa = PBXFileReference; fileEncoding = 4; lastKnownFileType = sourcecode.c.objc; path = LGAlertViewButtonProperties.m; sourceTree = "<group>"; };
		C5DC7C9F1D1A35C900B06514 /* LGAlertViewCell.h */ = {isa = PBXFileReference; fileEncoding = 4; lastKnownFileType = sourcecode.c.h; path = LGAlertViewCell.h; sourceTree = "<group>"; };
		C5DC7CA01D1A35C900B06514 /* LGAlertViewCell.m */ = {isa = PBXFileReference; fileEncoding = 4; lastKnownFileType = sourcecode.c.objc; path = LGAlertViewCell.m; sourceTree = "<group>"; };
		C5DC7CA11D1A35C900B06514 /* LGAlertViewController.h */ = {isa = PBXFileReference; fileEncoding = 4; lastKnownFileType = sourcecode.c.h; path = LGAlertViewController.h; sourceTree = "<group>"; };
		C5DC7CA21D1A35C900B06514 /* LGAlertViewController.m */ = {isa = PBXFileReference; fileEncoding = 4; lastKnownFileType = sourcecode.c.objc; path = LGAlertViewController.m; sourceTree = "<group>"; };
		C5DC7CA31D1A35C900B06514 /* LGAlertViewShared.h */ = {isa = PBXFileReference; fileEncoding = 4; lastKnownFileType = sourcecode.c.h; path = LGAlertViewShared.h; sourceTree = "<group>"; };
		C5DC7CA41D1A35C900B06514 /* LGAlertViewTextField.h */ = {isa = PBXFileReference; fileEncoding = 4; lastKnownFileType = sourcecode.c.h; path = LGAlertViewTextField.h; sourceTree = "<group>"; };
		C5DC7CA51D1A35C900B06514 /* LGAlertViewTextField.m */ = {isa = PBXFileReference; fileEncoding = 4; lastKnownFileType = sourcecode.c.objc; path = LGAlertViewTextField.m; sourceTree = "<group>"; };
		C5DC7CA61D1A35C900B06514 /* LGAlertViewWindow.h */ = {isa = PBXFileReference; fileEncoding = 4; lastKnownFileType = sourcecode.c.h; path = LGAlertViewWindow.h; sourceTree = "<group>"; };
		C5DC7CA71D1A35C900B06514 /* LGAlertViewWindow.m */ = {isa = PBXFileReference; fileEncoding = 4; lastKnownFileType = sourcecode.c.objc; path = LGAlertViewWindow.m; sourceTree = "<group>"; };
		C5DC7CA81D1A35C900B06514 /* UIWindow+LGAlertView.h */ = {isa = PBXFileReference; fileEncoding = 4; lastKnownFileType = sourcecode.c.h; path = "UIWindow+LGAlertView.h"; sourceTree = "<group>"; };
		C5DC7CA91D1A35C900B06514 /* UIWindow+LGAlertView.m */ = {isa = PBXFileReference; fileEncoding = 4; lastKnownFileType = sourcecode.c.objc; path = "UIWindow+LGAlertView.m"; sourceTree = "<group>"; };
		C5E371491D07B6DB00DDBF87 /* SWIntroductionViewController.h */ = {isa = PBXFileReference; fileEncoding = 4; lastKnownFileType = sourcecode.c.h; path = SWIntroductionViewController.h; sourceTree = "<group>"; };
		C5E3714A1D07B6DB00DDBF87 /* SWIntroductionViewController.m */ = {isa = PBXFileReference; fileEncoding = 4; lastKnownFileType = sourcecode.c.objc; path = SWIntroductionViewController.m; sourceTree = "<group>"; };
		C5E3714B1D07B6DB00DDBF87 /* GHWalkThroughPageCell.h */ = {isa = PBXFileReference; fileEncoding = 4; lastKnownFileType = sourcecode.c.h; path = GHWalkThroughPageCell.h; sourceTree = "<group>"; };
		C5E3714C1D07B6DB00DDBF87 /* GHWalkThroughPageCell.m */ = {isa = PBXFileReference; fileEncoding = 4; lastKnownFileType = sourcecode.c.objc; path = GHWalkThroughPageCell.m; sourceTree = "<group>"; };
		C5E3714D1D07B6DB00DDBF87 /* GHWalkThroughView.h */ = {isa = PBXFileReference; fileEncoding = 4; lastKnownFileType = sourcecode.c.h; path = GHWalkThroughView.h; sourceTree = "<group>"; };
		C5E3714E1D07B6DB00DDBF87 /* GHWalkThroughView.m */ = {isa = PBXFileReference; fileEncoding = 4; lastKnownFileType = sourcecode.c.objc; path = GHWalkThroughView.m; sourceTree = "<group>"; };
		C5E371531D07B7A100DDBF87 /* bg_01.jpg */ = {isa = PBXFileReference; lastKnownFileType = image.jpeg; path = bg_01.jpg; sourceTree = "<group>"; };
		C5E371541D07B7A100DDBF87 /* bg_02.jpg */ = {isa = PBXFileReference; lastKnownFileType = image.jpeg; path = bg_02.jpg; sourceTree = "<group>"; };
		C5E371551D07B7A100DDBF87 /* bg_03.jpg */ = {isa = PBXFileReference; lastKnownFileType = image.jpeg; path = bg_03.jpg; sourceTree = "<group>"; };
		C5E371561D07B7A100DDBF87 /* bg_05.jpg */ = {isa = PBXFileReference; lastKnownFileType = image.jpeg; path = bg_05.jpg; sourceTree = "<group>"; };
		C5E371571D07B7A100DDBF87 /* bg_04.jpg */ = {isa = PBXFileReference; lastKnownFileType = image.jpeg; path = bg_04.jpg; sourceTree = "<group>"; };
		C5E3715D1D07BD3400DDBF87 /* phone@2x.png */ = {isa = PBXFileReference; lastKnownFileType = image.png; path = "phone@2x.png"; sourceTree = "<group>"; };
		C5E3715F1D0814C400DDBF87 /* menu-button@2x.png */ = {isa = PBXFileReference; lastKnownFileType = image.png; path = "menu-button@2x.png"; sourceTree = "<group>"; };
		C5E371631D08158B00DDBF87 /* 添加@2x.png */ = {isa = PBXFileReference; lastKnownFileType = image.png; path = "添加@2x.png"; sourceTree = "<group>"; };
		C5E371671D08286500DDBF87 /* SlideNavigationContorllerAnimatorSlide.h */ = {isa = PBXFileReference; fileEncoding = 4; lastKnownFileType = sourcecode.c.h; path = SlideNavigationContorllerAnimatorSlide.h; sourceTree = "<group>"; };
		C5E371681D08286500DDBF87 /* SlideNavigationContorllerAnimatorSlide.m */ = {isa = PBXFileReference; fileEncoding = 4; lastKnownFileType = sourcecode.c.objc; path = SlideNavigationContorllerAnimatorSlide.m; sourceTree = "<group>"; };
		C5E371691D08286500DDBF87 /* SlideNavigationContorllerAnimatorFade.h */ = {isa = PBXFileReference; fileEncoding = 4; lastKnownFileType = sourcecode.c.h; path = SlideNavigationContorllerAnimatorFade.h; sourceTree = "<group>"; };
		C5E3716A1D08286500DDBF87 /* SlideNavigationContorllerAnimatorFade.m */ = {isa = PBXFileReference; fileEncoding = 4; lastKnownFileType = sourcecode.c.objc; path = SlideNavigationContorllerAnimatorFade.m; sourceTree = "<group>"; };
		C5E3716B1D08286500DDBF87 /* SlideNavigationContorllerAnimatorSlideAndFade.h */ = {isa = PBXFileReference; fileEncoding = 4; lastKnownFileType = sourcecode.c.h; path = SlideNavigationContorllerAnimatorSlideAndFade.h; sourceTree = "<group>"; };
		C5E3716C1D08286500DDBF87 /* SlideNavigationContorllerAnimatorSlideAndFade.m */ = {isa = PBXFileReference; fileEncoding = 4; lastKnownFileType = sourcecode.c.objc; path = SlideNavigationContorllerAnimatorSlideAndFade.m; sourceTree = "<group>"; };
		C5E3716D1D08286500DDBF87 /* SlideNavigationContorllerAnimatorScale.h */ = {isa = PBXFileReference; fileEncoding = 4; lastKnownFileType = sourcecode.c.h; path = SlideNavigationContorllerAnimatorScale.h; sourceTree = "<group>"; };
		C5E3716E1D08286500DDBF87 /* SlideNavigationContorllerAnimatorScale.m */ = {isa = PBXFileReference; fileEncoding = 4; lastKnownFileType = sourcecode.c.objc; path = SlideNavigationContorllerAnimatorScale.m; sourceTree = "<group>"; };
		C5E3716F1D08286500DDBF87 /* SlideNavigationContorllerAnimatorScaleAndFade.h */ = {isa = PBXFileReference; fileEncoding = 4; lastKnownFileType = sourcecode.c.h; path = SlideNavigationContorllerAnimatorScaleAndFade.h; sourceTree = "<group>"; };
		C5E371701D08286500DDBF87 /* SlideNavigationContorllerAnimatorScaleAndFade.m */ = {isa = PBXFileReference; fileEncoding = 4; lastKnownFileType = sourcecode.c.objc; path = SlideNavigationContorllerAnimatorScaleAndFade.m; sourceTree = "<group>"; };
		C5E371711D08286500DDBF87 /* SlideNavigationContorllerAnimator.h */ = {isa = PBXFileReference; fileEncoding = 4; lastKnownFileType = sourcecode.c.h; path = SlideNavigationContorllerAnimator.h; sourceTree = "<group>"; };
		C5E371761D08286500DDBF87 /* SlideNavigationController.h */ = {isa = PBXFileReference; fileEncoding = 4; lastKnownFileType = sourcecode.c.h; path = SlideNavigationController.h; sourceTree = "<group>"; };
		C5E371771D08286500DDBF87 /* SlideNavigationController.m */ = {isa = PBXFileReference; fileEncoding = 4; lastKnownFileType = sourcecode.c.objc; path = SlideNavigationController.m; sourceTree = "<group>"; };
		C5E371811D08290D00DDBF87 /* LeftMenuViewController.h */ = {isa = PBXFileReference; fileEncoding = 4; lastKnownFileType = sourcecode.c.h; path = LeftMenuViewController.h; sourceTree = "<group>"; };
		C5E371821D08290D00DDBF87 /* LeftMenuViewController.m */ = {isa = PBXFileReference; fileEncoding = 4; lastKnownFileType = sourcecode.c.objc; path = LeftMenuViewController.m; sourceTree = "<group>"; };
		C5E371831D08290D00DDBF87 /* RightMenuViewController.h */ = {isa = PBXFileReference; fileEncoding = 4; lastKnownFileType = sourcecode.c.h; path = RightMenuViewController.h; sourceTree = "<group>"; };
		C5E371841D08290D00DDBF87 /* RightMenuViewController.m */ = {isa = PBXFileReference; fileEncoding = 4; lastKnownFileType = sourcecode.c.objc; path = RightMenuViewController.m; sourceTree = "<group>"; };
		C5E371851D08290D00DDBF87 /* HomeViewController.h */ = {isa = PBXFileReference; fileEncoding = 4; lastKnownFileType = sourcecode.c.h; path = HomeViewController.h; sourceTree = "<group>"; };
		C5E371861D08290D00DDBF87 /* HomeViewController.m */ = {isa = PBXFileReference; fileEncoding = 4; lastKnownFileType = sourcecode.c.objc; path = HomeViewController.m; sourceTree = "<group>"; };
		C5E371871D08290D00DDBF87 /* FriendsViewController.h */ = {isa = PBXFileReference; fileEncoding = 4; lastKnownFileType = sourcecode.c.h; path = FriendsViewController.h; sourceTree = "<group>"; };
		C5E371881D08290D00DDBF87 /* FriendsViewController.m */ = {isa = PBXFileReference; fileEncoding = 4; lastKnownFileType = sourcecode.c.objc; path = FriendsViewController.m; sourceTree = "<group>"; };
		C5E371891D08290D00DDBF87 /* ProfileViewController.h */ = {isa = PBXFileReference; fileEncoding = 4; lastKnownFileType = sourcecode.c.h; path = ProfileViewController.h; sourceTree = "<group>"; };
		C5E3718A1D08290D00DDBF87 /* ProfileViewController.m */ = {isa = PBXFileReference; fileEncoding = 4; lastKnownFileType = sourcecode.c.objc; path = ProfileViewController.m; sourceTree = "<group>"; };
		C5E3718B1D08290D00DDBF87 /* ProfileDetailViewController.h */ = {isa = PBXFileReference; fileEncoding = 4; lastKnownFileType = sourcecode.c.h; path = ProfileDetailViewController.h; sourceTree = "<group>"; };
		C5E3718C1D08290D00DDBF87 /* ProfileDetailViewController.m */ = {isa = PBXFileReference; fileEncoding = 4; lastKnownFileType = sourcecode.c.objc; path = ProfileDetailViewController.m; sourceTree = "<group>"; };
		C5E371981D08648B00DDBF87 /* gear.png */ = {isa = PBXFileReference; lastKnownFileType = image.png; path = gear.png; sourceTree = "<group>"; };
		C5E371991D08648B00DDBF87 /* rightMenu.jpg */ = {isa = PBXFileReference; lastKnownFileType = image.jpeg; path = rightMenu.jpg; sourceTree = "<group>"; };
		C5E3719A1D08648B00DDBF87 /* leftMenu.jpg */ = {isa = PBXFileReference; lastKnownFileType = image.jpeg; path = leftMenu.jpg; sourceTree = "<group>"; };
		C5E3719B1D08648B00DDBF87 /* animation.png */ = {isa = PBXFileReference; lastKnownFileType = image.png; path = animation.png; sourceTree = "<group>"; };
		F3853B9E314EC68B512F8B6B /* Pods.debug.xcconfig */ = {isa = PBXFileReference; includeInIndex = 1; lastKnownFileType = text.xcconfig; name = Pods.debug.xcconfig; path = "Pods/Target Support Files/Pods/Pods.debug.xcconfig"; sourceTree = "<group>"; };
/* End PBXFileReference section */

/* Begin PBXFrameworksBuildPhase section */
		C5C367241D0570DD00BC2148 /* Frameworks */ = {
			isa = PBXFrameworksBuildPhase;
			buildActionMask = 2147483647;
			files = (
				7CD5C7640DDD9BBB78C49215 /* libPods.a in Frameworks */,
			);
			runOnlyForDeploymentPostprocessing = 0;
		};
		C5C367401D0570DD00BC2148 /* Frameworks */ = {
			isa = PBXFrameworksBuildPhase;
			buildActionMask = 2147483647;
			files = (
			);
			runOnlyForDeploymentPostprocessing = 0;
		};
		C5C3674B1D0570DE00BC2148 /* Frameworks */ = {
			isa = PBXFrameworksBuildPhase;
			buildActionMask = 2147483647;
			files = (
			);
			runOnlyForDeploymentPostprocessing = 0;
		};
/* End PBXFrameworksBuildPhase section */

/* Begin PBXGroup section */
		198AB48904768116EB3660B6 /* Pods */ = {
			isa = PBXGroup;
			children = (
				F3853B9E314EC68B512F8B6B /* Pods.debug.xcconfig */,
				9207027B1B6DBA62565AF50D /* Pods.release.xcconfig */,
			);
			name = Pods;
			sourceTree = "<group>";
		};
		A8516C4FEB60EFA6E8CF02E0 /* Frameworks */ = {
			isa = PBXGroup;
			children = (
				5E9606ABCCEB24EE96C48E48 /* libPods.a */,
			);
			name = Frameworks;
			sourceTree = "<group>";
		};
		C559EA7D1D06B289003FA7C9 /* News */ = {
			isa = PBXGroup;
			children = (
				C559EA7E1D06B2A5003FA7C9 /* NewsCell.h */,
				C559EA7F1D06B2A5003FA7C9 /* NewsCell.m */,
			);
			name = News;
			sourceTree = "<group>";
		};
		C559EA8E1D06DB61003FA7C9 /* Login */ = {
			isa = PBXGroup;
			children = (
				C559EA8F1D06DB8A003FA7C9 /* LoginController.h */,
				C559EA901D06DB8A003FA7C9 /* LoginController.m */,
			);
			name = Login;
			sourceTree = "<group>";
		};
		C559EA931D06DC54003FA7C9 /* Resource */ = {
			isa = PBXGroup;
			children = (
				C559EA941D06DC54003FA7C9 /* 1.mp4 */,
				C559EA951D06DC54003FA7C9 /* 4_circle.png */,
				C559EA961D06DC54003FA7C9 /* 4_circle@2x.png */,
				C559EA971D06DC54003FA7C9 /* 4_circle_on@2x.png */,
				C559EA981D06DC54003FA7C9 /* keep5.png */,
				C559EA991D06DC54003FA7C9 /* keep5@2x.png */,
				C559EA9A1D06DC54003FA7C9 /* keep6.png */,
				C559EA9B1D06DC54003FA7C9 /* keep6@2x.png */,
				C559EA9C1D06DC54003FA7C9 /* keep6plus@3x.png */,
				C559EA9D1D06DC54003FA7C9 /* keep_logo.png */,
				C559EA9E1D06DC54003FA7C9 /* keep_logo@2x.png */,
				C559EA9F1D06DC54003FA7C9 /* keep_logo@3x.png */,
				C559EAA01D06DC54003FA7C9 /* keepkeep.png */,
				C559EAA11D06DC54003FA7C9 /* keepkeep@2x.png */,
				C559EAA21D06DC54003FA7C9 /* keepkeep@3x.png */,
			);
			path = Resource;
			sourceTree = "<group>";
		};
		C5B0D6F01D13A00D004EF6F2 /* YSLContainerViewController */ = {
			isa = PBXGroup;
			children = (
				C5B0D6F11D13A00D004EF6F2 /* YSLContainerViewController.h */,
				C5B0D6F21D13A00D004EF6F2 /* YSLContainerViewController.m */,
				C5B0D6F31D13A00D004EF6F2 /* YSLScrollMenuView.h */,
				C5B0D6F41D13A00D004EF6F2 /* YSLScrollMenuView.m */,
			);
			path = YSLContainerViewController;
			sourceTree = "<group>";
		};
		C5B0D6F71D13A062004EF6F2 /* Monitor */ = {
			isa = PBXGroup;
			children = (
				C5B0D6F81D13A0AF004EF6F2 /* MonitorController.h */,
				C5B0D6F91D13A0AF004EF6F2 /* MonitorController.m */,
				C5B0D6FB1D13DE57004EF6F2 /* DepositController.h */,
				C5B0D6FC1D13DE57004EF6F2 /* DepositController.m */,
				C5B0D6FE1D13E64B004EF6F2 /* LoanController.h */,
				C5B0D6FF1D13E64B004EF6F2 /* LoanController.m */,
				C5B0D7011D13E94D004EF6F2 /* BigClientController.h */,
				C5B0D7021D13E94D004EF6F2 /* BigClientController.m */,
				C52D23CA1D13EBF600CF6BEC /* BigClientChartController.h */,
				C52D23CB1D13EBF600CF6BEC /* BigClientChartController.m */,
				C52D248A1D13F62000CF6BEC /* BillPoolController.h */,
				C52D248B1D13F62000CF6BEC /* BillPoolController.m */,
				C52D248D1D13F66300CF6BEC /* ForeigncurrencyController.h */,
				C52D248E1D13F66300CF6BEC /* ForeigncurrencyController.m */,
			);
			name = Monitor;
			sourceTree = "<group>";
		};
		C5B43F951D0D70B300DABF5F /* More */ = {
			isa = PBXGroup;
			children = (
				C5B43F961D0D70CB00DABF5F /* MoreController.h */,
				C5B43F971D0D70CB00DABF5F /* MoreController.m */,
			);
			name = More;
			sourceTree = "<group>";
		};
		C5C3671E1D0570DD00BC2148 = {
			isa = PBXGroup;
			children = (
				C5C367291D0570DD00BC2148 /* mgapp */,
				C5C367461D0570DD00BC2148 /* mgappTests */,
				C5C367511D0570DE00BC2148 /* mgappUITests */,
				C5C367281D0570DD00BC2148 /* Products */,
				198AB48904768116EB3660B6 /* Pods */,
				A8516C4FEB60EFA6E8CF02E0 /* Frameworks */,
			);
			sourceTree = "<group>";
		};
		C5C367281D0570DD00BC2148 /* Products */ = {
			isa = PBXGroup;
			children = (
				C5C367271D0570DD00BC2148 /* mgapp.app */,
				C5C367431D0570DD00BC2148 /* mgappTests.xctest */,
				C5C3674E1D0570DE00BC2148 /* mgappUITests.xctest */,
			);
			name = Products;
			sourceTree = "<group>";
		};
		C5C367291D0570DD00BC2148 /* mgapp */ = {
			isa = PBXGroup;
			children = (
				C5B0D6F71D13A062004EF6F2 /* Monitor */,
				C5B43F951D0D70B300DABF5F /* More */,
				C5E371651D08283D00DDBF87 /* Common */,
				C5E371481D07B6C200DDBF87 /* Intro */,
				C559EA931D06DC54003FA7C9 /* Resource */,
				C559EA8E1D06DB61003FA7C9 /* Login */,
				C5C367601D05791B00BC2148 /* NeedDeal */,
				C5C3672D1D0570DD00BC2148 /* AppDelegate.h */,
				C5C3672E1D0570DD00BC2148 /* AppDelegate.m */,
				C5C367301D0570DD00BC2148 /* FirstViewController.h */,
				C5C367311D0570DD00BC2148 /* FirstViewController.m */,
				C559EA7D1D06B289003FA7C9 /* News */,
				C5C367331D0570DD00BC2148 /* SecondViewController.h */,
				C5C367341D0570DD00BC2148 /* SecondViewController.m */,
				C5C367361D0570DD00BC2148 /* Main.storyboard */,
				C5C367391D0570DD00BC2148 /* Assets.xcassets */,
				C5C3673B1D0570DD00BC2148 /* LaunchScreen.storyboard */,
				C5C3673E1D0570DD00BC2148 /* Info.plist */,
				C5C367731D058FB200BC2148 /* PrefixHeader.pch */,
				C5C3672A1D0570DD00BC2148 /* Supporting Files */,
				C559EA671D069573003FA7C9 /* RootTabBarController.h */,
				C559EA681D069573003FA7C9 /* RootTabBarController.m */,
			);
			path = mgapp;
			sourceTree = "<group>";
		};
		C5C3672A1D0570DD00BC2148 /* Supporting Files */ = {
			isa = PBXGroup;
			children = (
				C52D24901D178DF100CF6BEC /* head.jpg */,
				C52D24941D17DDAC00CF6BEC /* 驳回@3x.png */,
				C52D24921D17DCFF00CF6BEC /* 通过@3x.png */,
				C5C367641D057E2700BC2148 /* image */,
				C5C3672B1D0570DD00BC2148 /* main.m */,
			);
			name = "Supporting Files";
			sourceTree = "<group>";
		};
		C5C367461D0570DD00BC2148 /* mgappTests */ = {
			isa = PBXGroup;
			children = (
				C5C367471D0570DD00BC2148 /* mgappTests.m */,
				C5C367491D0570DE00BC2148 /* Info.plist */,
			);
			path = mgappTests;
			sourceTree = "<group>";
		};
		C5C367511D0570DE00BC2148 /* mgappUITests */ = {
			isa = PBXGroup;
			children = (
				C5C367521D0570DE00BC2148 /* mgappUITests.m */,
				C5C367541D0570DE00BC2148 /* Info.plist */,
			);
			path = mgappUITests;
			sourceTree = "<group>";
		};
		C5C367601D05791B00BC2148 /* NeedDeal */ = {
			isa = PBXGroup;
			children = (
				C5C367611D05796300BC2148 /* NeedDealCell.h */,
				C5C367621D05796300BC2148 /* NeedDealCell.m */,
				C559EA8B1D06D3EE003FA7C9 /* ApplicantFormController.h */,
				C559EA8C1D06D3EE003FA7C9 /* ApplicantFormController.m */,
			);
			name = NeedDeal;
			sourceTree = "<group>";
		};
		C5C367641D057E2700BC2148 /* image */ = {
			isa = PBXGroup;
			children = (
				C5E371521D07B79300DDBF87 /* intro */,
				C559EA891D06D37A003FA7C9 /* 附件.png */,
				C559EA811D06B40F003FA7C9 /* news1.jpg */,
				C5E371631D08158B00DDBF87 /* 添加@2x.png */,
				C559EA821D06B40F003FA7C9 /* news2.jpg */,
				C559EA831D06B40F003FA7C9 /* news3.jpg */,
				C559EA841D06B40F003FA7C9 /* news4.jpg */,
				C5E3715D1D07BD3400DDBF87 /* phone@2x.png */,
				C559EA741D06A6BC003FA7C9 /* 更多@2x.png */,
				C559EA751D06A6BC003FA7C9 /* 监控@2x.png */,
				C559EA761D06A6BC003FA7C9 /* 新闻@2x.png */,
				C559EA6E1D06A67C003FA7C9 /* 更多@2x.png */,
				C559EA6F1D06A67C003FA7C9 /* 监控@2x.png */,
				C559EA701D06A67C003FA7C9 /* 新闻@2x.png */,
				C5E3715F1D0814C400DDBF87 /* menu-button@2x.png */,
				C559EA6C1D06A619003FA7C9 /* 待办@2x.png */,
				C559EA5D1D0690FB003FA7C9 /* 待办@3x.png */,
				C5C367711D058F0E00BC2148 /* hetong4.png */,
				C5C3676E1D058B8E00BC2148 /* hetong3.png */,
				C5C3676B1D058AE500BC2148 /* hetong2.png */,
				C5C367691D05865500BC2148 /* hetong.png */,
			);
			name = image;
			sourceTree = "<group>";
		};
		C5DC7CAA1D1A35C900B06514 /* LGAlertView */ = {
			isa = PBXGroup;
			children = (
				C5DC7C9B1D1A35C900B06514 /* LGAlertView.h */,
				C5DC7C9C1D1A35C900B06514 /* LGAlertView.m */,
				C5DC7C9D1D1A35C900B06514 /* LGAlertViewButtonProperties.h */,
				C5DC7C9E1D1A35C900B06514 /* LGAlertViewButtonProperties.m */,
				C5DC7C9F1D1A35C900B06514 /* LGAlertViewCell.h */,
				C5DC7CA01D1A35C900B06514 /* LGAlertViewCell.m */,
				C5DC7CA11D1A35C900B06514 /* LGAlertViewController.h */,
				C5DC7CA21D1A35C900B06514 /* LGAlertViewController.m */,
				C5DC7CA31D1A35C900B06514 /* LGAlertViewShared.h */,
				C5DC7CA41D1A35C900B06514 /* LGAlertViewTextField.h */,
				C5DC7CA51D1A35C900B06514 /* LGAlertViewTextField.m */,
				C5DC7CA61D1A35C900B06514 /* LGAlertViewWindow.h */,
				C5DC7CA71D1A35C900B06514 /* LGAlertViewWindow.m */,
				C5DC7CA81D1A35C900B06514 /* UIWindow+LGAlertView.h */,
				C5DC7CA91D1A35C900B06514 /* UIWindow+LGAlertView.m */,
			);
			name = LGAlertView;
			path = ../../wodcn/wodcn/LGAlertView;
			sourceTree = "<group>";
		};
		C5E371481D07B6C200DDBF87 /* Intro */ = {
			isa = PBXGroup;
			children = (
				C5E371491D07B6DB00DDBF87 /* SWIntroductionViewController.h */,
				C5E3714A1D07B6DB00DDBF87 /* SWIntroductionViewController.m */,
				C5E3714B1D07B6DB00DDBF87 /* GHWalkThroughPageCell.h */,
				C5E3714C1D07B6DB00DDBF87 /* GHWalkThroughPageCell.m */,
				C5E3714D1D07B6DB00DDBF87 /* GHWalkThroughView.h */,
				C5E3714E1D07B6DB00DDBF87 /* GHWalkThroughView.m */,
			);
			name = Intro;
			sourceTree = "<group>";
		};
		C5E371521D07B79300DDBF87 /* intro */ = {
			isa = PBXGroup;
			children = (
				C5E371531D07B7A100DDBF87 /* bg_01.jpg */,
				C5E371541D07B7A100DDBF87 /* bg_02.jpg */,
				C5E371551D07B7A100DDBF87 /* bg_03.jpg */,
				C5E371561D07B7A100DDBF87 /* bg_05.jpg */,
				C5E371571D07B7A100DDBF87 /* bg_04.jpg */,
			);
			name = intro;
			sourceTree = "<group>";
		};
		C5E371651D08283D00DDBF87 /* Common */ = {
			isa = PBXGroup;
			children = (
				C5DC7CAA1D1A35C900B06514 /* LGAlertView */,
				C5B0D6F01D13A00D004EF6F2 /* YSLContainerViewController */,
				C5E371661D08284200DDBF87 /* SlideMenu */,
			);
			name = Common;
			sourceTree = "<group>";
		};
		C5E371661D08284200DDBF87 /* SlideMenu */ = {
			isa = PBXGroup;
			children = (
				C5E3719C1D08648B00DDBF87 /* Images */,
				C5E3718D1D08290D00DDBF87 /* Helper Classes */,
				C5E371781D08286500DDBF87 /* Source */,
			);
			name = SlideMenu;
			sourceTree = "<group>";
		};
		C5E371721D08286500DDBF87 /* Animations */ = {
			isa = PBXGroup;
			children = (
				C5E371671D08286500DDBF87 /* SlideNavigationContorllerAnimatorSlide.h */,
				C5E371681D08286500DDBF87 /* SlideNavigationContorllerAnimatorSlide.m */,
				C5E371691D08286500DDBF87 /* SlideNavigationContorllerAnimatorFade.h */,
				C5E3716A1D08286500DDBF87 /* SlideNavigationContorllerAnimatorFade.m */,
				C5E3716B1D08286500DDBF87 /* SlideNavigationContorllerAnimatorSlideAndFade.h */,
				C5E3716C1D08286500DDBF87 /* SlideNavigationContorllerAnimatorSlideAndFade.m */,
				C5E3716D1D08286500DDBF87 /* SlideNavigationContorllerAnimatorScale.h */,
				C5E3716E1D08286500DDBF87 /* SlideNavigationContorllerAnimatorScale.m */,
				C5E3716F1D08286500DDBF87 /* SlideNavigationContorllerAnimatorScaleAndFade.h */,
				C5E371701D08286500DDBF87 /* SlideNavigationContorllerAnimatorScaleAndFade.m */,
				C5E371711D08286500DDBF87 /* SlideNavigationContorllerAnimator.h */,
			);
			path = Animations;
			sourceTree = "<group>";
		};
		C5E371751D08286500DDBF87 /* Assets */ = {
			isa = PBXGroup;
			children = (
			);
			path = Assets;
			sourceTree = "<group>";
		};
		C5E371781D08286500DDBF87 /* Source */ = {
			isa = PBXGroup;
			children = (
				C5E371721D08286500DDBF87 /* Animations */,
				C5E371751D08286500DDBF87 /* Assets */,
				C5E371761D08286500DDBF87 /* SlideNavigationController.h */,
				C5E371771D08286500DDBF87 /* SlideNavigationController.m */,
			);
			name = Source;
			path = "../../../Downloads/iOS-Slide-Menu-master/SlideMenu/Source";
			sourceTree = "<group>";
		};
		C5E3718D1D08290D00DDBF87 /* Helper Classes */ = {
			isa = PBXGroup;
			children = (
				C5E371811D08290D00DDBF87 /* LeftMenuViewController.h */,
				C5E371821D08290D00DDBF87 /* LeftMenuViewController.m */,
				C5E371831D08290D00DDBF87 /* RightMenuViewController.h */,
				C5E371841D08290D00DDBF87 /* RightMenuViewController.m */,
				C5E371851D08290D00DDBF87 /* HomeViewController.h */,
				C5E371861D08290D00DDBF87 /* HomeViewController.m */,
				C5E371871D08290D00DDBF87 /* FriendsViewController.h */,
				C5E371881D08290D00DDBF87 /* FriendsViewController.m */,
				C5E371891D08290D00DDBF87 /* ProfileViewController.h */,
				C5E3718A1D08290D00DDBF87 /* ProfileViewController.m */,
				C5E3718B1D08290D00DDBF87 /* ProfileDetailViewController.h */,
				C5E3718C1D08290D00DDBF87 /* ProfileDetailViewController.m */,
			);
			name = "Helper Classes";
			path = "../../../Downloads/iOS-Slide-Menu-master/SlideMenu/Helper Classes";
			sourceTree = "<group>";
		};
		C5E3719C1D08648B00DDBF87 /* Images */ = {
			isa = PBXGroup;
			children = (
				C5E371981D08648B00DDBF87 /* gear.png */,
				C5E371991D08648B00DDBF87 /* rightMenu.jpg */,
				C5E3719A1D08648B00DDBF87 /* leftMenu.jpg */,
				C5E3719B1D08648B00DDBF87 /* animation.png */,
			);
			name = Images;
			path = "../../../Downloads/iOS-Slide-Menu-master/SlideMenu/Images";
			sourceTree = "<group>";
		};
/* End PBXGroup section */

/* Begin PBXNativeTarget section */
		C5C367261D0570DD00BC2148 /* mgapp */ = {
			isa = PBXNativeTarget;
			buildConfigurationList = C5C367571D0570DE00BC2148 /* Build configuration list for PBXNativeTarget "mgapp" */;
			buildPhases = (
				D6628856CE2C17C1C266B779 /* Check Pods Manifest.lock */,
				C5C367231D0570DD00BC2148 /* Sources */,
				C5C367241D0570DD00BC2148 /* Frameworks */,
				C5C367251D0570DD00BC2148 /* Resources */,
				061E033AEA50AEC52B54E4ED /* Copy Pods Resources */,
			);
			buildRules = (
			);
			dependencies = (
			);
			name = mgapp;
			productName = mgapp;
			productReference = C5C367271D0570DD00BC2148 /* mgapp.app */;
			productType = "com.apple.product-type.application";
		};
		C5C367421D0570DD00BC2148 /* mgappTests */ = {
			isa = PBXNativeTarget;
			buildConfigurationList = C5C3675A1D0570DE00BC2148 /* Build configuration list for PBXNativeTarget "mgappTests" */;
			buildPhases = (
				C5C3673F1D0570DD00BC2148 /* Sources */,
				C5C367401D0570DD00BC2148 /* Frameworks */,
				C5C367411D0570DD00BC2148 /* Resources */,
			);
			buildRules = (
			);
			dependencies = (
				C5C367451D0570DD00BC2148 /* PBXTargetDependency */,
			);
			name = mgappTests;
			productName = mgappTests;
			productReference = C5C367431D0570DD00BC2148 /* mgappTests.xctest */;
			productType = "com.apple.product-type.bundle.unit-test";
		};
		C5C3674D1D0570DE00BC2148 /* mgappUITests */ = {
			isa = PBXNativeTarget;
			buildConfigurationList = C5C3675D1D0570DE00BC2148 /* Build configuration list for PBXNativeTarget "mgappUITests" */;
			buildPhases = (
				C5C3674A1D0570DE00BC2148 /* Sources */,
				C5C3674B1D0570DE00BC2148 /* Frameworks */,
				C5C3674C1D0570DE00BC2148 /* Resources */,
			);
			buildRules = (
			);
			dependencies = (
				C5C367501D0570DE00BC2148 /* PBXTargetDependency */,
			);
			name = mgappUITests;
			productName = mgappUITests;
			productReference = C5C3674E1D0570DE00BC2148 /* mgappUITests.xctest */;
			productType = "com.apple.product-type.bundle.ui-testing";
		};
/* End PBXNativeTarget section */

/* Begin PBXProject section */
		C5C3671F1D0570DD00BC2148 /* Project object */ = {
			isa = PBXProject;
			attributes = {
				LastUpgradeCheck = 0730;
				ORGANIZATIONNAME = liyue;
				TargetAttributes = {
					C5C367261D0570DD00BC2148 = {
						CreatedOnToolsVersion = 7.3;
					};
					C5C367421D0570DD00BC2148 = {
						CreatedOnToolsVersion = 7.3;
						TestTargetID = C5C367261D0570DD00BC2148;
					};
					C5C3674D1D0570DE00BC2148 = {
						CreatedOnToolsVersion = 7.3;
						TestTargetID = C5C367261D0570DD00BC2148;
					};
				};
			};
			buildConfigurationList = C5C367221D0570DD00BC2148 /* Build configuration list for PBXProject "mgapp" */;
			compatibilityVersion = "Xcode 3.2";
			developmentRegion = English;
			hasScannedForEncodings = 0;
			knownRegions = (
				en,
				Base,
			);
			mainGroup = C5C3671E1D0570DD00BC2148;
			productRefGroup = C5C367281D0570DD00BC2148 /* Products */;
			projectDirPath = "";
			projectRoot = "";
			targets = (
				C5C367261D0570DD00BC2148 /* mgapp */,
				C5C367421D0570DD00BC2148 /* mgappTests */,
				C5C3674D1D0570DE00BC2148 /* mgappUITests */,
			);
		};
/* End PBXProject section */

/* Begin PBXResourcesBuildPhase section */
		C5C367251D0570DD00BC2148 /* Resources */ = {
			isa = PBXResourcesBuildPhase;
			buildActionMask = 2147483647;
			files = (
				C5C367721D058F0E00BC2148 /* hetong4.png in Resources */,
				C5C367701D058B8E00BC2148 /* hetong3.png in Resources */,
				C5E371601D0814C400DDBF87 /* menu-button@2x.png in Resources */,
				C5E3719F1D08648B00DDBF87 /* leftMenu.jpg in Resources */,
				C559EAAD1D06DC54003FA7C9 /* keep_logo@2x.png in Resources */,
				C559EA8A1D06D37A003FA7C9 /* 附件.png in Resources */,
				C559EAA91D06DC54003FA7C9 /* keep6.png in Resources */,
				C559EA791D06A6BC003FA7C9 /* 新闻@2x.png in Resources */,
				C559EAAF1D06DC54003FA7C9 /* keepkeep.png in Resources */,
				C559EA881D06B40F003FA7C9 /* news4.jpg in Resources */,
				C559EA771D06A6BC003FA7C9 /* 更多@2x.png in Resources */,
				C559EAA61D06DC54003FA7C9 /* 4_circle_on@2x.png in Resources */,
				C5E371A01D08648B00DDBF87 /* animation.png in Resources */,
				C559EA611D0690FB003FA7C9 /* 待办@3x.png in Resources */,
				C559EA861D06B40F003FA7C9 /* news2.jpg in Resources */,
				C5E3715C1D07B7A100DDBF87 /* bg_04.jpg in Resources */,
				C5E3715B1D07B7A100DDBF87 /* bg_05.jpg in Resources */,
				C559EA6D1D06A619003FA7C9 /* 待办@2x.png in Resources */,
				C559EAA41D06DC54003FA7C9 /* 4_circle.png in Resources */,
				C5E371641D08158B00DDBF87 /* 添加@2x.png in Resources */,
				C559EA871D06B40F003FA7C9 /* news3.jpg in Resources */,
				C559EAA31D06DC54003FA7C9 /* 1.mp4 in Resources */,
				C559EAB01D06DC54003FA7C9 /* keepkeep@2x.png in Resources */,
				C5E371581D07B7A100DDBF87 /* bg_01.jpg in Resources */,
				C5C3676A1D05865500BC2148 /* hetong.png in Resources */,
				C559EAAA1D06DC54003FA7C9 /* keep6@2x.png in Resources */,
				C559EA721D06A67C003FA7C9 /* 监控@2x.png in Resources */,
				C559EA851D06B40F003FA7C9 /* news1.jpg in Resources */,
				C5E3719D1D08648B00DDBF87 /* gear.png in Resources */,
				C559EAAB1D06DC54003FA7C9 /* keep6plus@3x.png in Resources */,
				C559EA781D06A6BC003FA7C9 /* 监控@2x.png in Resources */,
				C559EAAE1D06DC54003FA7C9 /* keep_logo@3x.png in Resources */,
				C5E3719E1D08648B00DDBF87 /* rightMenu.jpg in Resources */,
				C52D24911D178DF100CF6BEC /* head.jpg in Resources */,
				C559EAA51D06DC54003FA7C9 /* 4_circle@2x.png in Resources */,
				C559EA731D06A67C003FA7C9 /* 新闻@2x.png in Resources */,
				C559EAA71D06DC54003FA7C9 /* keep5.png in Resources */,
				C5C3673D1D0570DD00BC2148 /* LaunchScreen.storyboard in Resources */,
				C52D24931D17DCFF00CF6BEC /* 通过@3x.png in Resources */,
				C5E3715A1D07B7A100DDBF87 /* bg_03.jpg in Resources */,
				C52D24951D17DDAC00CF6BEC /* 驳回@3x.png in Resources */,
				C5E371591D07B7A100DDBF87 /* bg_02.jpg in Resources */,
				C559EA711D06A67C003FA7C9 /* 更多@2x.png in Resources */,
				C5C3673A1D0570DD00BC2148 /* Assets.xcassets in Resources */,
				C559EAA81D06DC54003FA7C9 /* keep5@2x.png in Resources */,
				C5C367381D0570DD00BC2148 /* Main.storyboard in Resources */,
				C559EAAC1D06DC54003FA7C9 /* keep_logo.png in Resources */,
				C5C3676C1D058AE500BC2148 /* hetong2.png in Resources */,
				C559EAB11D06DC54003FA7C9 /* keepkeep@3x.png in Resources */,
				C5E3715E1D07BD3400DDBF87 /* phone@2x.png in Resources */,
			);
			runOnlyForDeploymentPostprocessing = 0;
		};
		C5C367411D0570DD00BC2148 /* Resources */ = {
			isa = PBXResourcesBuildPhase;
			buildActionMask = 2147483647;
			files = (
			);
			runOnlyForDeploymentPostprocessing = 0;
		};
		C5C3674C1D0570DE00BC2148 /* Resources */ = {
			isa = PBXResourcesBuildPhase;
			buildActionMask = 2147483647;
			files = (
			);
			runOnlyForDeploymentPostprocessing = 0;
		};
/* End PBXResourcesBuildPhase section */

/* Begin PBXShellScriptBuildPhase section */
		061E033AEA50AEC52B54E4ED /* Copy Pods Resources */ = {
			isa = PBXShellScriptBuildPhase;
			buildActionMask = 2147483647;
			files = (
			);
			inputPaths = (
			);
			name = "Copy Pods Resources";
			outputPaths = (
			);
			runOnlyForDeploymentPostprocessing = 0;
			shellPath = /bin/sh;
			shellScript = "\"${SRCROOT}/Pods/Target Support Files/Pods/Pods-resources.sh\"\n";
			showEnvVarsInLog = 0;
		};
		D6628856CE2C17C1C266B779 /* Check Pods Manifest.lock */ = {
			isa = PBXShellScriptBuildPhase;
			buildActionMask = 2147483647;
			files = (
			);
			inputPaths = (
			);
			name = "Check Pods Manifest.lock";
			outputPaths = (
			);
			runOnlyForDeploymentPostprocessing = 0;
			shellPath = /bin/sh;
			shellScript = "diff \"${PODS_ROOT}/../Podfile.lock\" \"${PODS_ROOT}/Manifest.lock\" > /dev/null\nif [[ $? != 0 ]] ; then\n    cat << EOM\nerror: The sandbox is not in sync with the Podfile.lock. Run 'pod install' or update your CocoaPods installation.\nEOM\n    exit 1\nfi\n";
			showEnvVarsInLog = 0;
		};
/* End PBXShellScriptBuildPhase section */

/* Begin PBXSourcesBuildPhase section */
		C5C367231D0570DD00BC2148 /* Sources */ = {
			isa = PBXSourcesBuildPhase;
			buildActionMask = 2147483647;
			files = (
				C559EA8D1D06D3EE003FA7C9 /* ApplicantFormController.m in Sources */,
				C5DC7CB11D1A35C900B06514 /* UIWindow+LGAlertView.m in Sources */,
				C52D248C1D13F62000CF6BEC /* BillPoolController.m in Sources */,
				C5E371501D07B6DB00DDBF87 /* GHWalkThroughPageCell.m in Sources */,
				C5DC7CAC1D1A35C900B06514 /* LGAlertViewButtonProperties.m in Sources */,
				C5DC7CB01D1A35C900B06514 /* LGAlertViewWindow.m in Sources */,
				C5C367351D0570DD00BC2148 /* SecondViewController.m in Sources */,
				C5E371931D08290D00DDBF87 /* ProfileDetailViewController.m in Sources */,
				C5C3672F1D0570DD00BC2148 /* AppDelegate.m in Sources */,
				C5B0D6F51D13A00D004EF6F2 /* YSLContainerViewController.m in Sources */,
				C52D248F1D13F66300CF6BEC /* ForeigncurrencyController.m in Sources */,
				C5B43F981D0D70CB00DABF5F /* MoreController.m in Sources */,
				C5B0D6FD1D13DE57004EF6F2 /* DepositController.m in Sources */,
				C5E371511D07B6DB00DDBF87 /* GHWalkThroughView.m in Sources */,
				C5E371901D08290D00DDBF87 /* HomeViewController.m in Sources */,
				C5DC7CAD1D1A35C900B06514 /* LGAlertViewCell.m in Sources */,
				C5E371911D08290D00DDBF87 /* FriendsViewController.m in Sources */,
				C5E371921D08290D00DDBF87 /* ProfileViewController.m in Sources */,
				C5C367631D05796300BC2148 /* NeedDealCell.m in Sources */,
				C5B0D7031D13E94D004EF6F2 /* BigClientController.m in Sources */,
				C5B0D6F61D13A00D004EF6F2 /* YSLScrollMenuView.m in Sources */,
				C559EA801D06B2A5003FA7C9 /* NewsCell.m in Sources */,
				C559EA691D069573003FA7C9 /* RootTabBarController.m in Sources */,
				C5E3717B1D08286500DDBF87 /* SlideNavigationContorllerAnimatorSlideAndFade.m in Sources */,
				C5E371801D08286500DDBF87 /* SlideNavigationController.m in Sources */,
				C5E3717A1D08286500DDBF87 /* SlideNavigationContorllerAnimatorFade.m in Sources */,
				C5E3717D1D08286500DDBF87 /* SlideNavigationContorllerAnimatorScaleAndFade.m in Sources */,
				C5C367321D0570DD00BC2148 /* FirstViewController.m in Sources */,
				C5DC7CAF1D1A35C900B06514 /* LGAlertViewTextField.m in Sources */,
				C5E3717C1D08286500DDBF87 /* SlideNavigationContorllerAnimatorScale.m in Sources */,
				C5E3718F1D08290D00DDBF87 /* RightMenuViewController.m in Sources */,
				C5DC7CAB1D1A35C900B06514 /* LGAlertView.m in Sources */,
				C5B0D6FA1D13A0AF004EF6F2 /* MonitorController.m in Sources */,
				C5C3672C1D0570DD00BC2148 /* main.m in Sources */,
				C5B0D7001D13E64B004EF6F2 /* LoanController.m in Sources */,
				C5E371791D08286500DDBF87 /* SlideNavigationContorllerAnimatorSlide.m in Sources */,
				C52D23CC1D13EBF600CF6BEC /* BigClientChartController.m in Sources */,
				C5E3714F1D07B6DB00DDBF87 /* SWIntroductionViewController.m in Sources */,
				C559EA911D06DB8A003FA7C9 /* LoginController.m in Sources */,
				C5DC7CAE1D1A35C900B06514 /* LGAlertViewController.m in Sources */,
				C5E3718E1D08290D00DDBF87 /* LeftMenuViewController.m in Sources */,
			);
			runOnlyForDeploymentPostprocessing = 0;
		};
		C5C3673F1D0570DD00BC2148 /* Sources */ = {
			isa = PBXSourcesBuildPhase;
			buildActionMask = 2147483647;
			files = (
				C5C367481D0570DD00BC2148 /* mgappTests.m in Sources */,
			);
			runOnlyForDeploymentPostprocessing = 0;
		};
		C5C3674A1D0570DE00BC2148 /* Sources */ = {
			isa = PBXSourcesBuildPhase;
			buildActionMask = 2147483647;
			files = (
				C5C367531D0570DE00BC2148 /* mgappUITests.m in Sources */,
			);
			runOnlyForDeploymentPostprocessing = 0;
		};
/* End PBXSourcesBuildPhase section */

/* Begin PBXTargetDependency section */
		C5C367451D0570DD00BC2148 /* PBXTargetDependency */ = {
			isa = PBXTargetDependency;
			target = C5C367261D0570DD00BC2148 /* mgapp */;
			targetProxy = C5C367441D0570DD00BC2148 /* PBXContainerItemProxy */;
		};
		C5C367501D0570DE00BC2148 /* PBXTargetDependency */ = {
			isa = PBXTargetDependency;
			target = C5C367261D0570DD00BC2148 /* mgapp */;
			targetProxy = C5C3674F1D0570DE00BC2148 /* PBXContainerItemProxy */;
		};
/* End PBXTargetDependency section */

/* Begin PBXVariantGroup section */
		C5C367361D0570DD00BC2148 /* Main.storyboard */ = {
			isa = PBXVariantGroup;
			children = (
				C5C367371D0570DD00BC2148 /* Base */,
			);
			name = Main.storyboard;
			sourceTree = "<group>";
		};
		C5C3673B1D0570DD00BC2148 /* LaunchScreen.storyboard */ = {
			isa = PBXVariantGroup;
			children = (
				C5C3673C1D0570DD00BC2148 /* Base */,
			);
			name = LaunchScreen.storyboard;
			sourceTree = "<group>";
		};
/* End PBXVariantGroup section */

/* Begin XCBuildConfiguration section */
		C5C367551D0570DE00BC2148 /* Debug */ = {
			isa = XCBuildConfiguration;
			buildSettings = {
				ALWAYS_SEARCH_USER_PATHS = NO;
				CLANG_ANALYZER_NONNULL = YES;
				CLANG_CXX_LANGUAGE_STANDARD = "gnu++0x";
				CLANG_CXX_LIBRARY = "libc++";
				CLANG_ENABLE_MODULES = YES;
				CLANG_ENABLE_OBJC_ARC = YES;
				CLANG_WARN_BOOL_CONVERSION = YES;
				CLANG_WARN_CONSTANT_CONVERSION = YES;
				CLANG_WARN_DIRECT_OBJC_ISA_USAGE = YES_ERROR;
				CLANG_WARN_EMPTY_BODY = YES;
				CLANG_WARN_ENUM_CONVERSION = YES;
				CLANG_WARN_INT_CONVERSION = YES;
				CLANG_WARN_OBJC_ROOT_CLASS = YES_ERROR;
				CLANG_WARN_UNREACHABLE_CODE = YES;
				CLANG_WARN__DUPLICATE_METHOD_MATCH = YES;
				"CODE_SIGN_IDENTITY[sdk=iphoneos*]" = "iPhone Developer";
				COPY_PHASE_STRIP = NO;
				DEBUG_INFORMATION_FORMAT = dwarf;
				ENABLE_STRICT_OBJC_MSGSEND = YES;
				ENABLE_TESTABILITY = YES;
				GCC_C_LANGUAGE_STANDARD = gnu99;
				GCC_DYNAMIC_NO_PIC = NO;
				GCC_NO_COMMON_BLOCKS = YES;
				GCC_OPTIMIZATION_LEVEL = 0;
				GCC_PREPROCESSOR_DEFINITIONS = (
					"DEBUG=1",
					"$(inherited)",
				);
				GCC_WARN_64_TO_32_BIT_CONVERSION = YES;
				GCC_WARN_ABOUT_RETURN_TYPE = YES_ERROR;
				GCC_WARN_UNDECLARED_SELECTOR = YES;
				GCC_WARN_UNINITIALIZED_AUTOS = YES_AGGRESSIVE;
				GCC_WARN_UNUSED_FUNCTION = YES;
				GCC_WARN_UNUSED_VARIABLE = YES;
				IPHONEOS_DEPLOYMENT_TARGET = 9.3;
				MTL_ENABLE_DEBUG_INFO = YES;
				ONLY_ACTIVE_ARCH = YES;
				SDKROOT = iphoneos;
				TARGETED_DEVICE_FAMILY = "1,2";
			};
			name = Debug;
		};
		C5C367561D0570DE00BC2148 /* Release */ = {
			isa = XCBuildConfiguration;
			buildSettings = {
				ALWAYS_SEARCH_USER_PATHS = NO;
				CLANG_ANALYZER_NONNULL = YES;
				CLANG_CXX_LANGUAGE_STANDARD = "gnu++0x";
				CLANG_CXX_LIBRARY = "libc++";
				CLANG_ENABLE_MODULES = YES;
				CLANG_ENABLE_OBJC_ARC = YES;
				CLANG_WARN_BOOL_CONVERSION = YES;
				CLANG_WARN_CONSTANT_CONVERSION = YES;
				CLANG_WARN_DIRECT_OBJC_ISA_USAGE = YES_ERROR;
				CLANG_WARN_EMPTY_BODY = YES;
				CLANG_WARN_ENUM_CONVERSION = YES;
				CLANG_WARN_INT_CONVERSION = YES;
				CLANG_WARN_OBJC_ROOT_CLASS = YES_ERROR;
				CLANG_WARN_UNREACHABLE_CODE = YES;
				CLANG_WARN__DUPLICATE_METHOD_MATCH = YES;
				"CODE_SIGN_IDENTITY[sdk=iphoneos*]" = "iPhone Developer";
				COPY_PHASE_STRIP = NO;
				DEBUG_INFORMATION_FORMAT = "dwarf-with-dsym";
				ENABLE_NS_ASSERTIONS = NO;
				ENABLE_STRICT_OBJC_MSGSEND = YES;
				GCC_C_LANGUAGE_STANDARD = gnu99;
				GCC_NO_COMMON_BLOCKS = YES;
				GCC_WARN_64_TO_32_BIT_CONVERSION = YES;
				GCC_WARN_ABOUT_RETURN_TYPE = YES_ERROR;
				GCC_WARN_UNDECLARED_SELECTOR = YES;
				GCC_WARN_UNINITIALIZED_AUTOS = YES_AGGRESSIVE;
				GCC_WARN_UNUSED_FUNCTION = YES;
				GCC_WARN_UNUSED_VARIABLE = YES;
				IPHONEOS_DEPLOYMENT_TARGET = 9.3;
				MTL_ENABLE_DEBUG_INFO = NO;
				SDKROOT = iphoneos;
				TARGETED_DEVICE_FAMILY = "1,2";
				VALIDATE_PRODUCT = YES;
			};
			name = Release;
		};
		C5C367581D0570DE00BC2148 /* Debug */ = {
			isa = XCBuildConfiguration;
			baseConfigurationReference = F3853B9E314EC68B512F8B6B /* Pods.debug.xcconfig */;
			buildSettings = {
				ASSETCATALOG_COMPILER_APPICON_NAME = AppIcon;
				GCC_PREFIX_HEADER = "$(SRCROOT)/mgapp/PrefixHeader.pch";
				INFOPLIST_FILE = mgapp/Info.plist;
				LD_RUNPATH_SEARCH_PATHS = "$(inherited) @executable_path/Frameworks";
				PRODUCT_BUNDLE_IDENTIFIER = com.liyue.mgapp;
				PRODUCT_NAME = "$(TARGET_NAME)";
			};
			name = Debug;
		};
		C5C367591D0570DE00BC2148 /* Release */ = {
			isa = XCBuildConfiguration;
			baseConfigurationReference = 9207027B1B6DBA62565AF50D /* Pods.release.xcconfig */;
			buildSettings = {
				ASSETCATALOG_COMPILER_APPICON_NAME = AppIcon;
				GCC_PREFIX_HEADER = "$(SRCROOT)/mgapp/PrefixHeader.pch";
				INFOPLIST_FILE = mgapp/Info.plist;
				LD_RUNPATH_SEARCH_PATHS = "$(inherited) @executable_path/Frameworks";
				PRODUCT_BUNDLE_IDENTIFIER = com.liyue.mgapp;
				PRODUCT_NAME = "$(TARGET_NAME)";
			};
			name = Release;
		};
		C5C3675B1D0570DE00BC2148 /* Debug */ = {
			isa = XCBuildConfiguration;
			buildSettings = {
				BUNDLE_LOADER = "$(TEST_HOST)";
				INFOPLIST_FILE = mgappTests/Info.plist;
				LD_RUNPATH_SEARCH_PATHS = "$(inherited) @executable_path/Frameworks @loader_path/Frameworks";
				PRODUCT_BUNDLE_IDENTIFIER = com.liyue.mgappTests;
				PRODUCT_NAME = "$(TARGET_NAME)";
				TEST_HOST = "$(BUILT_PRODUCTS_DIR)/mgapp.app/mgapp";
			};
			name = Debug;
		};
		C5C3675C1D0570DE00BC2148 /* Release */ = {
			isa = XCBuildConfiguration;
			buildSettings = {
				BUNDLE_LOADER = "$(TEST_HOST)";
				INFOPLIST_FILE = mgappTests/Info.plist;
				LD_RUNPATH_SEARCH_PATHS = "$(inherited) @executable_path/Frameworks @loader_path/Frameworks";
				PRODUCT_BUNDLE_IDENTIFIER = com.liyue.mgappTests;
				PRODUCT_NAME = "$(TARGET_NAME)";
				TEST_HOST = "$(BUILT_PRODUCTS_DIR)/mgapp.app/mgapp";
			};
			name = Release;
		};
		C5C3675E1D0570DE00BC2148 /* Debug */ = {
			isa = XCBuildConfiguration;
			buildSettings = {
				INFOPLIST_FILE = mgappUITests/Info.plist;
				LD_RUNPATH_SEARCH_PATHS = "$(inherited) @executable_path/Frameworks @loader_path/Frameworks";
				PRODUCT_BUNDLE_IDENTIFIER = com.liyue.mgappUITests;
				PRODUCT_NAME = "$(TARGET_NAME)";
				TEST_TARGET_NAME = mgapp;
			};
			name = Debug;
		};
		C5C3675F1D0570DE00BC2148 /* Release */ = {
			isa = XCBuildConfiguration;
			buildSettings = {
				INFOPLIST_FILE = mgappUITests/Info.plist;
				LD_RUNPATH_SEARCH_PATHS = "$(inherited) @executable_path/Frameworks @loader_path/Frameworks";
				PRODUCT_BUNDLE_IDENTIFIER = com.liyue.mgappUITests;
				PRODUCT_NAME = "$(TARGET_NAME)";
				TEST_TARGET_NAME = mgapp;
			};
			name = Release;
		};
/* End XCBuildConfiguration section */

/* Begin XCConfigurationList section */
		C5C367221D0570DD00BC2148 /* Build configuration list for PBXProject "mgapp" */ = {
			isa = XCConfigurationList;
			buildConfigurations = (
				C5C367551D0570DE00BC2148 /* Debug */,
				C5C367561D0570DE00BC2148 /* Release */,
			);
			defaultConfigurationIsVisible = 0;
			defaultConfigurationName = Release;
		};
		C5C367571D0570DE00BC2148 /* Build configuration list for PBXNativeTarget "mgapp" */ = {
			isa = XCConfigurationList;
			buildConfigurations = (
				C5C367581D0570DE00BC2148 /* Debug */,
				C5C367591D0570DE00BC2148 /* Release */,
			);
			defaultConfigurationIsVisible = 0;
			defaultConfigurationName = Release;
		};
		C5C3675A1D0570DE00BC2148 /* Build configuration list for PBXNativeTarget "mgappTests" */ = {
			isa = XCConfigurationList;
			buildConfigurations = (
				C5C3675B1D0570DE00BC2148 /* Debug */,
				C5C3675C1D0570DE00BC2148 /* Release */,
			);
			defaultConfigurationIsVisible = 0;
			defaultConfigurationName = Release;
		};
		C5C3675D1D0570DE00BC2148 /* Build configuration list for PBXNativeTarget "mgappUITests" */ = {
			isa = XCConfigurationList;
			buildConfigurations = (
				C5C3675E1D0570DE00BC2148 /* Debug */,
				C5C3675F1D0570DE00BC2148 /* Release */,
			);
			defaultConfigurationIsVisible = 0;
			defaultConfigurationName = Release;
		};
/* End XCConfigurationList section */
	};
	rootObject = C5C3671F1D0570DD00BC2148 /* Project object */;
}
