// !$*UTF8*$!
{
	archiveVersion = 1;
	classes = {
	};
	objectVersion = 46;
	objects = {

/* Begin PBXBuildFile section */
		7CD5C7640DDD9BBB78C49215 /* libPods.a in Frameworks */ = {isa = PBXBuildFile; fileRef = 5E9606ABCCEB24EE96C48E48 /* libPods.a */; };
		C52D23CC1D13EBF600CF6BEC /* BigClientChartController.m in Sources */ = {isa = PBXBuildFile; fileRef = C52D23CB1D13EBF600CF6BEC /* BigClientChartController.m */; };
		C52D248C1D13F62000CF6BEC /* BillPoolController.m in Sources */ = {isa = PBXBuildFile; fileRef = C52D248B1D13F62000CF6BEC /* BillPoolController.m */; };
		C52D248F1D13F66300CF6BEC /* ForeigncurrencyController.m in Sources */ = {isa = PBXBuildFile; fileRef = C52D248E1D13F66300CF6BEC /* ForeigncurrencyController.m */; };
		C52D24911D178DF100CF6BEC /* head.jpg in Resources */ = {isa = PBXBuildFile; fileRef = C52D24901D178DF100CF6BEC /* head.jpg */; };
		C52D24931D17DCFF00CF6BEC /* 通过@3x.png in Resources */ = {isa = PBXBuildFile; fileRef = C52D24921D17DCFF00CF6BEC /* 通过@3x.png */; };
		C52D24951D17DDAC00CF6BEC /* 驳回@3x.png in Resources */ = {isa = PBXBuildFile; fileRef = C52D24941D17DDAC00CF6BEC /* 驳回@3x.png */; };
		C559EA691D069573003FA7C9 /* RootTabBarController.m in Sources */ = {isa = PBXBuildFile; fileRef = C559EA681D069573003FA7C9 /* RootTabBarController.m */; };
		C559EA6D1D06A619003FA7C9 /* 待办@2x.png in Resources */ = {isa = PBXBuildFile; fileRef = C559EA6C1D06A619003FA7C9 /* 待办@2x.png */; };
		C559EA711D06A67C003FA7C9 /* 更多@2x.png in Resources */ = {isa = PBXBuildFile; fileRef = C559EA6E1D06A67C003FA7C9 /* 更多@2x.png */; };
		C559EA721D06A67C003FA7C9 /* 监控@2x.png in Resources */ = {isa = PBXBuildFile; fileRef = C559EA6F1D06A67C003FA7C9 /* 监控@2x.png */; };
		C559EA731D06A67C003FA7C9 /* 新闻@2x.png in Resources */ = {isa = PBXBuildFile; fileRef = C559EA701D06A67C003FA7C9 /* 新闻@2x.png */; };
		C559EA771D06A6BC003FA7C9 /* 更多@2x.png in Resources */ = {isa = PBXBuildFile; fileRef = C559EA741D06A6BC003FA7C9 /* 更多@2x.png */; };
		C559EA781D06A6BC003FA7C9 /* 监控@2x.png in Resources */ = {isa = PBXBuildFile; fileRef = C559EA751D06A6BC003FA7C9 /* 监控@2x.png */; };
		C559EA791D06A6BC003FA7C9 /* 新闻@2x.png in Resources */ = {isa = PBXBuildFile; fileRef = C559EA761D06A6BC003FA7C9 /* 新闻@2x.png */; };
		C559EA801D06B2A5003FA7C9 /* NewsCell.m in Sources */ = {isa = PBXBuildFile; fileRef = C559EA7F1D06B2A5003FA7C9 /* NewsCell.m */; };
		C559EA851D06B40F003FA7C9 /* news1.jpg in Resources */ = {isa = PBXBuildFile; fileRef = C559EA811D06B40F003FA7C9 /* news1.jpg */; };
		C559EA861D06B40F003FA7C9 /* news2.jpg in Resources */ = {isa = PBXBuildFile; fileRef = C559EA821D06B40F003FA7C9 /* news2.jpg */; };
		C559EA871D06B40F003FA7C9 /* news3.jpg in Resources */ = {isa = PBXBuildFile; fileRef = C559EA831D06B40F003FA7C9 /* news3.jpg */; };
		C559EA881D06B40F003FA7C9 /* news4.jpg in Resources */ = {isa = PBXBuildFile; fileRef = C559EA841D06B40F003FA7C9 /* news4.jpg */; };
		C559EA8A1D06D37A003FA7C9 /* 附件.png in Resources */ = {isa = PBXBuildFile; fileRef = C559EA891D06D37A003FA7C9 /* 附件.png */; };
		C559EA8D1D06D3EE003FA7C9 /* ApplicantFormController.m in Sources */ = {isa = PBXBuildFile; fileRef = C559EA8C1D06D3EE003FA7C9 /* ApplicantFormController.m */; };
		C559EA911D06DB8A003FA7C9 /* LoginController.m in Sources */ = {isa = PBXBuildFile; fileRef = C559EA901D06DB8A003FA7C9 /* LoginController.m */; };
		C559EAA31D06DC54003FA7C9 /* 1.mp4 in Resources */ = {isa = PBXBuildFile; fileRef = C559EA941D06DC54003FA7C9 /* 1.mp4 */; };
		C559EAA41D06DC54003FA7C9 /* 4_circle.png in Resources */ = {isa = PBXBuildFile; fileRef = C559EA951D06DC54003FA7C9 /* 4_circle.png */; };
		C559EAA51D06DC54003FA7C9 /* 4_circle@2x.png in Resources */ = {isa = PBXBuildFile; fileRef = C559EA961D06DC54003FA7C9 /* 4_circle@2x.png */; };
		C559EAA61D06DC54003FA7C9 /* 4_circle_on@2x.png in Resources */ = {isa = PBXBuildFile; fileRef = C559EA971D06DC54003FA7C9 /* 4_circle_on@2x.png */; };
		C559EAA71D06DC54003FA7C9 /* keep5.png in Resources */ = {isa = PBXBuildFile; fileRef = C559EA981D06DC54003FA7C9 /* keep5.png */; };
		C559EAA81D06DC54003FA7C9 /* keep5@2x.png in Resources */ = {isa = PBXBuildFile; fileRef = C559EA991D06DC54003FA7C9 /* keep5@2x.png */; };
		C559EAA91D06DC54003FA7C9 /* keep6.png in Resources */ = {isa = PBXBuildFile; fileRef = C559EA9A1D06DC54003FA7C9 /* keep6.png */; };
		C559EAAA1D06DC54003FA7C9 /* keep6@2x.png in Resources */ = {isa = PBXBuildFile; fileRef = C559EA9B1D06DC54003FA7C9 /* keep6@2x.png */; };
		C559EAAB1D06DC54003FA7C9 /* keep6plus@3x.png in Resources */ = {isa = PBXBuildFile; fileRef = C559EA9C1D06DC54003FA7C9 /* keep6plus@3x.png */; };
		C559EAAC1D06DC54003FA7C9 /* keep_logo.png in Resources */ = {isa = PBXBuildFile; fileRef = C559EA9D1D06DC54003FA7C9 /* keep_logo.png */; };
		C559EAAD1D06DC54003FA7C9 /* keep_logo@2x.png in Resources */ = {isa = PBXBuildFile; fileRef = C559EA9E1D06DC54003FA7C9 /* keep_logo@2x.png */; };
		C559EAAE1D06DC54003FA7C9 /* keep_logo@3x.png in Resources */ = {isa = PBXBuildFile; fileRef = C559EA9F1D06DC54003FA7C9 /* keep_logo@3x.png */; };
		C559EAAF1D06DC54003FA7C9 /* keepkeep.png in Resources */ = {isa = PBXBuildFile; fileRef = C559EAA01D06DC54003FA7C9 /* keepkeep.png */; };
		C559EAB01D06DC54003FA7C9 /* keepkeep@2x.png in Resources */ = {isa = PBXBuildFile; fileRef = C559EAA11D06DC54003FA7C9 /* keepkeep@2x.png */; };
		C559EAB11D06DC54003FA7C9 /* keepkeep@3x.png in Resources */ = {isa = PBXBuildFile; fileRef = C559EAA21D06DC54003FA7C9 /* keepkeep@3x.png */; };
		C573CE881D2F4519004AE7A5 /* FriendsViewController.m in Sources */ = {isa = PBXBuildFile; fileRef = C573CE661D2F4519004AE7A5 /* FriendsViewController.m */; };
		C573CE891D2F4519004AE7A5 /* HomeViewController.m in Sources */ = {isa = PBXBuildFile; fileRef = C573CE681D2F4519004AE7A5 /* HomeViewController.m */; };
		C573CE8A1D2F4519004AE7A5 /* LeftMenuViewController.m in Sources */ = {isa = PBXBuildFile; fileRef = C573CE6A1D2F4519004AE7A5 /* LeftMenuViewController.m */; };
		C573CE8B1D2F4519004AE7A5 /* ProfileDetailViewController.m in Sources */ = {isa = PBXBuildFile; fileRef = C573CE6C1D2F4519004AE7A5 /* ProfileDetailViewController.m */; };
		C573CE8C1D2F4519004AE7A5 /* ProfileViewController.m in Sources */ = {isa = PBXBuildFile; fileRef = C573CE6E1D2F4519004AE7A5 /* ProfileViewController.m */; };
		C573CE8D1D2F4519004AE7A5 /* RightMenuViewController.m in Sources */ = {isa = PBXBuildFile; fileRef = C573CE701D2F4519004AE7A5 /* RightMenuViewController.m */; };
		C573CE8E1D2F4519004AE7A5 /* animation.png in Resources */ = {isa = PBXBuildFile; fileRef = C573CE721D2F4519004AE7A5 /* animation.png */; };
		C573CE8F1D2F4519004AE7A5 /* gear.png in Resources */ = {isa = PBXBuildFile; fileRef = C573CE731D2F4519004AE7A5 /* gear.png */; };
		C573CE901D2F4519004AE7A5 /* leftMenu.jpg in Resources */ = {isa = PBXBuildFile; fileRef = C573CE741D2F4519004AE7A5 /* leftMenu.jpg */; };
		C573CE911D2F4519004AE7A5 /* rightMenu.jpg in Resources */ = {isa = PBXBuildFile; fileRef = C573CE751D2F4519004AE7A5 /* rightMenu.jpg */; };
		C573CE921D2F4519004AE7A5 /* SlideNavigationContorllerAnimatorFade.m in Sources */ = {isa = PBXBuildFile; fileRef = C573CE7A1D2F4519004AE7A5 /* SlideNavigationContorllerAnimatorFade.m */; };
		C573CE931D2F4519004AE7A5 /* SlideNavigationContorllerAnimatorScale.m in Sources */ = {isa = PBXBuildFile; fileRef = C573CE7C1D2F4519004AE7A5 /* SlideNavigationContorllerAnimatorScale.m */; };
		C573CE941D2F4519004AE7A5 /* SlideNavigationContorllerAnimatorScaleAndFade.m in Sources */ = {isa = PBXBuildFile; fileRef = C573CE7E1D2F4519004AE7A5 /* SlideNavigationContorllerAnimatorScaleAndFade.m */; };
		C573CE951D2F4519004AE7A5 /* SlideNavigationContorllerAnimatorSlide.m in Sources */ = {isa = PBXBuildFile; fileRef = C573CE801D2F4519004AE7A5 /* SlideNavigationContorllerAnimatorSlide.m */; };
		C573CE961D2F4519004AE7A5 /* SlideNavigationContorllerAnimatorSlideAndFade.m in Sources */ = {isa = PBXBuildFile; fileRef = C573CE821D2F4519004AE7A5 /* SlideNavigationContorllerAnimatorSlideAndFade.m */; };
		C573CE991D2F4519004AE7A5 /* SlideNavigationController.m in Sources */ = {isa = PBXBuildFile; fileRef = C573CE871D2F4519004AE7A5 /* SlideNavigationController.m */; };
		C573CE9B1D2F5343004AE7A5 /* menu-button@2x.png in Resources */ = {isa = PBXBuildFile; fileRef = C573CE9A1D2F5343004AE7A5 /* menu-button@2x.png */; };
		C57900601D24C48E00201E0D /* MKAnnotationView+WebCache.m in Sources */ = {isa = PBXBuildFile; fileRef = C57900401D24C48E00201E0D /* MKAnnotationView+WebCache.m */; };
		C57900611D24C48E00201E0D /* NSData+ImageContentType.m in Sources */ = {isa = PBXBuildFile; fileRef = C57900421D24C48E00201E0D /* NSData+ImageContentType.m */; };
		C57900621D24C48E00201E0D /* SDImageCache.m in Sources */ = {isa = PBXBuildFile; fileRef = C57900441D24C48E00201E0D /* SDImageCache.m */; };
		C57900631D24C48E00201E0D /* SDWebImageCompat.m in Sources */ = {isa = PBXBuildFile; fileRef = C57900461D24C48E00201E0D /* SDWebImageCompat.m */; };
		C57900641D24C48E00201E0D /* SDWebImageDecoder.m in Sources */ = {isa = PBXBuildFile; fileRef = C57900481D24C48E00201E0D /* SDWebImageDecoder.m */; };
		C57900651D24C48E00201E0D /* SDWebImageDownloader.m in Sources */ = {isa = PBXBuildFile; fileRef = C579004A1D24C48E00201E0D /* SDWebImageDownloader.m */; };
		C57900661D24C48E00201E0D /* SDWebImageDownloaderOperation.m in Sources */ = {isa = PBXBuildFile; fileRef = C579004C1D24C48E00201E0D /* SDWebImageDownloaderOperation.m */; };
		C57900671D24C48E00201E0D /* SDWebImageManager.m in Sources */ = {isa = PBXBuildFile; fileRef = C579004E1D24C48E00201E0D /* SDWebImageManager.m */; };
		C57900681D24C48E00201E0D /* SDWebImagePrefetcher.m in Sources */ = {isa = PBXBuildFile; fileRef = C57900511D24C48E00201E0D /* SDWebImagePrefetcher.m */; };
		C57900691D24C48E00201E0D /* UIButton+WebCache.m in Sources */ = {isa = PBXBuildFile; fileRef = C57900531D24C48E00201E0D /* UIButton+WebCache.m */; };
		C579006A1D24C48E00201E0D /* UIImage+GIF.m in Sources */ = {isa = PBXBuildFile; fileRef = C57900551D24C48E00201E0D /* UIImage+GIF.m */; };
		C579006B1D24C48E00201E0D /* UIImage+MultiFormat.m in Sources */ = {isa = PBXBuildFile; fileRef = C57900571D24C48E00201E0D /* UIImage+MultiFormat.m */; };
		C579006C1D24C48E00201E0D /* UIImage+WebP.m in Sources */ = {isa = PBXBuildFile; fileRef = C57900591D24C48E00201E0D /* UIImage+WebP.m */; };
		C579006D1D24C48E00201E0D /* UIImageView+HighlightedWebCache.m in Sources */ = {isa = PBXBuildFile; fileRef = C579005B1D24C48E00201E0D /* UIImageView+HighlightedWebCache.m */; };
		C579006E1D24C48E00201E0D /* UIImageView+WebCache.m in Sources */ = {isa = PBXBuildFile; fileRef = C579005D1D24C48E00201E0D /* UIImageView+WebCache.m */; };
		C579006F1D24C48E00201E0D /* UIView+WebCacheOperation.m in Sources */ = {isa = PBXBuildFile; fileRef = C579005F1D24C48E00201E0D /* UIView+WebCacheOperation.m */; };
		C57900801D24C5A900201E0D /* TAAbstractDotView.m in Sources */ = {isa = PBXBuildFile; fileRef = C57900731D24C5A900201E0D /* TAAbstractDotView.m */; };
		C57900811D24C5A900201E0D /* TAAnimatedDotView.m in Sources */ = {isa = PBXBuildFile; fileRef = C57900751D24C5A900201E0D /* TAAnimatedDotView.m */; };
		C57900821D24C5A900201E0D /* TADotView.m in Sources */ = {isa = PBXBuildFile; fileRef = C57900771D24C5A900201E0D /* TADotView.m */; };
		C57900831D24C5A900201E0D /* TAPageControl.m in Sources */ = {isa = PBXBuildFile; fileRef = C57900791D24C5A900201E0D /* TAPageControl.m */; };
		C57900841D24C5A900201E0D /* SDCollectionViewCell.m in Sources */ = {isa = PBXBuildFile; fileRef = C579007B1D24C5A900201E0D /* SDCollectionViewCell.m */; };
		C57900851D24C5A900201E0D /* SDCycleScrollView.m in Sources */ = {isa = PBXBuildFile; fileRef = C579007D1D24C5A900201E0D /* SDCycleScrollView.m */; };
		C57900861D24C5A900201E0D /* UIView+SDExtension.m in Sources */ = {isa = PBXBuildFile; fileRef = C579007F1D24C5A900201E0D /* UIView+SDExtension.m */; };
		C57900891D24C79C00201E0D /* HomePageController.m in Sources */ = {isa = PBXBuildFile; fileRef = C57900881D24C79C00201E0D /* HomePageController.m */; };
		C579008F1D24C8E300201E0D /* h1.jpg in Resources */ = {isa = PBXBuildFile; fileRef = C579008B1D24C8E300201E0D /* h1.jpg */; };
		C57900901D24C8E300201E0D /* h3.jpg in Resources */ = {isa = PBXBuildFile; fileRef = C579008C1D24C8E300201E0D /* h3.jpg */; };
		C57900911D24C8E300201E0D /* h2.jpg in Resources */ = {isa = PBXBuildFile; fileRef = C579008D1D24C8E300201E0D /* h2.jpg */; };
		C57900921D24C8E300201E0D /* h4.jpg in Resources */ = {isa = PBXBuildFile; fileRef = C579008E1D24C8E300201E0D /* h4.jpg */; };
		C57900991D251A9B00201E0D /* BigClientCell.m in Sources */ = {isa = PBXBuildFile; fileRef = C57900971D251A9B00201E0D /* BigClientCell.m */; };
		C579009A1D251A9B00201E0D /* BigClientCell.xib in Resources */ = {isa = PBXBuildFile; fileRef = C57900981D251A9B00201E0D /* BigClientCell.xib */; };
		C579009C1D261A3300201E0D /* 首@2x.png in Resources */ = {isa = PBXBuildFile; fileRef = C579009B1D261A3300201E0D /* 首@2x.png */; };
		C58B3D931D2D02DD00574259 /* 资金.png in Resources */ = {isa = PBXBuildFile; fileRef = C58B3D921D2D02DD00574259 /* 资金.png */; };
		C58B3D981D2D038000574259 /* 公告b.png in Resources */ = {isa = PBXBuildFile; fileRef = C58B3D941D2D038000574259 /* 公告b.png */; };
		C58B3D991D2D038000574259 /* 新闻b.png in Resources */ = {isa = PBXBuildFile; fileRef = C58B3D951D2D038000574259 /* 新闻b.png */; };
		C58B3D9A1D2D038000574259 /* 排行b.png in Resources */ = {isa = PBXBuildFile; fileRef = C58B3D961D2D038000574259 /* 排行b.png */; };
		C58B3D9B1D2D038000574259 /* 待办b.png in Resources */ = {isa = PBXBuildFile; fileRef = C58B3D971D2D038000574259 /* 待办b.png */; };
		C58B3D9D1D2D1E6E00574259 /* 资金b.png in Resources */ = {isa = PBXBuildFile; fileRef = C58B3D9C1D2D1E6E00574259 /* 资金b.png */; };
		C5B0D6F51D13A00D004EF6F2 /* YSLContainerViewController.m in Sources */ = {isa = PBXBuildFile; fileRef = C5B0D6F21D13A00D004EF6F2 /* YSLContainerViewController.m */; };
		C5B0D6F61D13A00D004EF6F2 /* YSLScrollMenuView.m in Sources */ = {isa = PBXBuildFile; fileRef = C5B0D6F41D13A00D004EF6F2 /* YSLScrollMenuView.m */; };
		C5B0D6FA1D13A0AF004EF6F2 /* MonitorController.m in Sources */ = {isa = PBXBuildFile; fileRef = C5B0D6F91D13A0AF004EF6F2 /* MonitorController.m */; };
		C5B0D6FD1D13DE57004EF6F2 /* DepositController.m in Sources */ = {isa = PBXBuildFile; fileRef = C5B0D6FC1D13DE57004EF6F2 /* DepositController.m */; };
		C5B0D7001D13E64B004EF6F2 /* LoanController.m in Sources */ = {isa = PBXBuildFile; fileRef = C5B0D6FF1D13E64B004EF6F2 /* LoanController.m */; };
		C5B0D7031D13E94D004EF6F2 /* BigClientController.m in Sources */ = {isa = PBXBuildFile; fileRef = C5B0D7021D13E94D004EF6F2 /* BigClientController.m */; };
		C5B43F981D0D70CB00DABF5F /* MoreController.m in Sources */ = {isa = PBXBuildFile; fileRef = C5B43F971D0D70CB00DABF5F /* MoreController.m */; };
		C5C3672C1D0570DD00BC2148 /* main.m in Sources */ = {isa = PBXBuildFile; fileRef = C5C3672B1D0570DD00BC2148 /* main.m */; };
		C5C3672F1D0570DD00BC2148 /* AppDelegate.m in Sources */ = {isa = PBXBuildFile; fileRef = C5C3672E1D0570DD00BC2148 /* AppDelegate.m */; };
		C5C367321D0570DD00BC2148 /* FirstViewController.m in Sources */ = {isa = PBXBuildFile; fileRef = C5C367311D0570DD00BC2148 /* FirstViewController.m */; };
		C5C367351D0570DD00BC2148 /* SecondViewController.m in Sources */ = {isa = PBXBuildFile; fileRef = C5C367341D0570DD00BC2148 /* SecondViewController.m */; };
		C5C367381D0570DD00BC2148 /* Main.storyboard in Resources */ = {isa = PBXBuildFile; fileRef = C5C367361D0570DD00BC2148 /* Main.storyboard */; };
		C5C3673A1D0570DD00BC2148 /* Assets.xcassets in Resources */ = {isa = PBXBuildFile; fileRef = C5C367391D0570DD00BC2148 /* Assets.xcassets */; };
		C5C3673D1D0570DD00BC2148 /* LaunchScreen.storyboard in Resources */ = {isa = PBXBuildFile; fileRef = C5C3673B1D0570DD00BC2148 /* LaunchScreen.storyboard */; };
		C5C367481D0570DD00BC2148 /* mgappTests.m in Sources */ = {isa = PBXBuildFile; fileRef = C5C367471D0570DD00BC2148 /* mgappTests.m */; };
		C5C367531D0570DE00BC2148 /* mgappUITests.m in Sources */ = {isa = PBXBuildFile; fileRef = C5C367521D0570DE00BC2148 /* mgappUITests.m */; };
		C5C367631D05796300BC2148 /* NeedDealCell.m in Sources */ = {isa = PBXBuildFile; fileRef = C5C367621D05796300BC2148 /* NeedDealCell.m */; };
		C5C3676A1D05865500BC2148 /* hetong.png in Resources */ = {isa = PBXBuildFile; fileRef = C5C367691D05865500BC2148 /* hetong.png */; };
		C5C3676C1D058AE500BC2148 /* hetong2.png in Resources */ = {isa = PBXBuildFile; fileRef = C5C3676B1D058AE500BC2148 /* hetong2.png */; };
		C5C367701D058B8E00BC2148 /* hetong3.png in Resources */ = {isa = PBXBuildFile; fileRef = C5C3676E1D058B8E00BC2148 /* hetong3.png */; };
		C5C367721D058F0E00BC2148 /* hetong4.png in Resources */ = {isa = PBXBuildFile; fileRef = C5C367711D058F0E00BC2148 /* hetong4.png */; };
		C5DC7CAB1D1A35C900B06514 /* LGAlertView.m in Sources */ = {isa = PBXBuildFile; fileRef = C5DC7C9C1D1A35C900B06514 /* LGAlertView.m */; };
		C5DC7CAC1D1A35C900B06514 /* LGAlertViewButtonProperties.m in Sources */ = {isa = PBXBuildFile; fileRef = C5DC7C9E1D1A35C900B06514 /* LGAlertViewButtonProperties.m */; };
		C5DC7CAD1D1A35C900B06514 /* LGAlertViewCell.m in Sources */ = {isa = PBXBuildFile; fileRef = C5DC7CA01D1A35C900B06514 /* LGAlertViewCell.m */; };
		C5DC7CAE1D1A35C900B06514 /* LGAlertViewController.m in Sources */ = {isa = PBXBuildFile; fileRef = C5DC7CA21D1A35C900B06514 /* LGAlertViewController.m */; };
		C5DC7CAF1D1A35C900B06514 /* LGAlertViewTextField.m in Sources */ = {isa = PBXBuildFile; fileRef = C5DC7CA51D1A35C900B06514 /* LGAlertViewTextField.m */; };
		C5DC7CB01D1A35C900B06514 /* LGAlertViewWindow.m in Sources */ = {isa = PBXBuildFile; fileRef = C5DC7CA71D1A35C900B06514 /* LGAlertViewWindow.m */; };
		C5DC7CB11D1A35C900B06514 /* UIWindow+LGAlertView.m in Sources */ = {isa = PBXBuildFile; fileRef = C5DC7CA91D1A35C900B06514 /* UIWindow+LGAlertView.m */; };
		C5E3714F1D07B6DB00DDBF87 /* SWIntroductionViewController.m in Sources */ = {isa = PBXBuildFile; fileRef = C5E3714A1D07B6DB00DDBF87 /* SWIntroductionViewController.m */; };
		C5E371501D07B6DB00DDBF87 /* GHWalkThroughPageCell.m in Sources */ = {isa = PBXBuildFile; fileRef = C5E3714C1D07B6DB00DDBF87 /* GHWalkThroughPageCell.m */; };
		C5E371511D07B6DB00DDBF87 /* GHWalkThroughView.m in Sources */ = {isa = PBXBuildFile; fileRef = C5E3714E1D07B6DB00DDBF87 /* GHWalkThroughView.m */; };
		C5E3715E1D07BD3400DDBF87 /* phone@2x.png in Resources */ = {isa = PBXBuildFile; fileRef = C5E3715D1D07BD3400DDBF87 /* phone@2x.png */; };
		C5E371601D0814C400DDBF87 /* menu-button@2x.png in Resources */ = {isa = PBXBuildFile; fileRef = C5E3715F1D0814C400DDBF87 /* menu-button@2x.png */; };
		C5E371641D08158B00DDBF87 /* 添加@2x.png in Resources */ = {isa = PBXBuildFile; fileRef = C5E371631D08158B00DDBF87 /* 添加@2x.png */; };
		C5F908AC1D1BB7A800198F2A /* bg_01.jpg in Resources */ = {isa = PBXBuildFile; fileRef = C5F908A91D1BB7A800198F2A /* bg_01.jpg */; };
		C5F908AD1D1BB7A800198F2A /* bg_02.jpg in Resources */ = {isa = PBXBuildFile; fileRef = C5F908AA1D1BB7A800198F2A /* bg_02.jpg */; };
		C5F908AE1D1BB7A800198F2A /* bg_03.jpg in Resources */ = {isa = PBXBuildFile; fileRef = C5F908AB1D1BB7A800198F2A /* bg_03.jpg */; };
/* End PBXBuildFile section */

/* Begin PBXContainerItemProxy section */
		C5C367441D0570DD00BC2148 /* PBXContainerItemProxy */ = {
			isa = PBXContainerItemProxy;
			containerPortal = C5C3671F1D0570DD00BC2148 /* Project object */;
			proxyType = 1;
			remoteGlobalIDString = C5C367261D0570DD00BC2148;
			remoteInfo = mgapp;
		};
		C5C3674F1D0570DE00BC2148 /* PBXContainerItemProxy */ = {
			isa = PBXContainerItemProxy;
			containerPortal = C5C3671F1D0570DD00BC2148 /* Project object */;
			proxyType = 1;
			remoteGlobalIDString = C5C367261D0570DD00BC2148;
			remoteInfo = mgapp;
		};
/* End PBXContainerItemProxy section */

/* Begin PBXFileReference section */
		5E9606ABCCEB24EE96C48E48 /* libPods.a */ = {isa = PBXFileReference; explicitFileType = archive.ar; includeInIndex = 0; path = libPods.a; sourceTree = BUILT_PRODUCTS_DIR; };
		9207027B1B6DBA62565AF50D /* Pods.release.xcconfig */ = {isa = PBXFileReference; includeInIndex = 1; lastKnownFileType = text.xcconfig; name = Pods.release.xcconfig; path = "Pods/Target Support Files/Pods/Pods.release.xcconfig"; sourceTree = "<group>"; };
		C52D23CA1D13EBF600CF6BEC /* BigClientChartController.h */ = {isa = PBXFileReference; fileEncoding = 4; lastKnownFileType = sourcecode.c.h; path = BigClientChartController.h; sourceTree = "<group>"; };
		C52D23CB1D13EBF600CF6BEC /* BigClientChartController.m */ = {isa = PBXFileReference; fileEncoding = 4; lastKnownFileType = sourcecode.c.objc; path = BigClientChartController.m; sourceTree = "<group>"; };
		C52D248A1D13F62000CF6BEC /* BillPoolController.h */ = {isa = PBXFileReference; fileEncoding = 4; lastKnownFileType = sourcecode.c.h; path = BillPoolController.h; sourceTree = "<group>"; };
		C52D248B1D13F62000CF6BEC /* BillPoolController.m */ = {isa = PBXFileReference; fileEncoding = 4; lastKnownFileType = sourcecode.c.objc; path = BillPoolController.m; sourceTree = "<group>"; };
		C52D248D1D13F66300CF6BEC /* ForeigncurrencyController.h */ = {isa = PBXFileReference; fileEncoding = 4; lastKnownFileType = sourcecode.c.h; path = ForeigncurrencyController.h; sourceTree = "<group>"; };
		C52D248E1D13F66300CF6BEC /* ForeigncurrencyController.m */ = {isa = PBXFileReference; fileEncoding = 4; lastKnownFileType = sourcecode.c.objc; path = ForeigncurrencyController.m; sourceTree = "<group>"; };
		C52D24901D178DF100CF6BEC /* head.jpg */ = {isa = PBXFileReference; lastKnownFileType = image.jpeg; path = head.jpg; sourceTree = "<group>"; };
		C52D24921D17DCFF00CF6BEC /* 通过@3x.png */ = {isa = PBXFileReference; lastKnownFileType = image.png; path = "通过@3x.png"; sourceTree = "<group>"; };
		C52D24941D17DDAC00CF6BEC /* 驳回@3x.png */ = {isa = PBXFileReference; lastKnownFileType = image.png; path = "驳回@3x.png"; sourceTree = "<group>"; };
		C559EA671D069573003FA7C9 /* RootTabBarController.h */ = {isa = PBXFileReference; fileEncoding = 4; lastKnownFileType = sourcecode.c.h; path = RootTabBarController.h; sourceTree = "<group>"; };
		C559EA681D069573003FA7C9 /* RootTabBarController.m */ = {isa = PBXFileReference; fileEncoding = 4; lastKnownFileType = sourcecode.c.objc; path = RootTabBarController.m; sourceTree = "<group>"; };
		C559EA6C1D06A619003FA7C9 /* 待办@2x.png */ = {isa = PBXFileReference; lastKnownFileType = image.png; path = "待办@2x.png"; sourceTree = "<group>"; };
		C559EA6E1D06A67C003FA7C9 /* 更多@2x.png */ = {isa = PBXFileReference; lastKnownFileType = image.png; path = "更多@2x.png"; sourceTree = "<group>"; };
		C559EA6F1D06A67C003FA7C9 /* 监控@2x.png */ = {isa = PBXFileReference; lastKnownFileType = image.png; path = "监控@2x.png"; sourceTree = "<group>"; };
		C559EA701D06A67C003FA7C9 /* 新闻@2x.png */ = {isa = PBXFileReference; lastKnownFileType = image.png; path = "新闻@2x.png"; sourceTree = "<group>"; };
		C559EA741D06A6BC003FA7C9 /* 更多@2x.png */ = {isa = PBXFileReference; lastKnownFileType = image.png; path = "更多@2x.png"; sourceTree = "<group>"; };
		C559EA751D06A6BC003FA7C9 /* 监控@2x.png */ = {isa = PBXFileReference; lastKnownFileType = image.png; path = "监控@2x.png"; sourceTree = "<group>"; };
		C559EA761D06A6BC003FA7C9 /* 新闻@2x.png */ = {isa = PBXFileReference; lastKnownFileType = image.png; path = "新闻@2x.png"; sourceTree = "<group>"; };
		C559EA7E1D06B2A5003FA7C9 /* NewsCell.h */ = {isa = PBXFileReference; fileEncoding = 4; lastKnownFileType = sourcecode.c.h; path = NewsCell.h; sourceTree = "<group>"; };
		C559EA7F1D06B2A5003FA7C9 /* NewsCell.m */ = {isa = PBXFileReference; fileEncoding = 4; lastKnownFileType = sourcecode.c.objc; path = NewsCell.m; sourceTree = "<group>"; };
		C559EA811D06B40F003FA7C9 /* news1.jpg */ = {isa = PBXFileReference; lastKnownFileType = image.jpeg; path = news1.jpg; sourceTree = "<group>"; };
		C559EA821D06B40F003FA7C9 /* news2.jpg */ = {isa = PBXFileReference; lastKnownFileType = image.jpeg; path = news2.jpg; sourceTree = "<group>"; };
		C559EA831D06B40F003FA7C9 /* news3.jpg */ = {isa = PBXFileReference; lastKnownFileType = image.jpeg; path = news3.jpg; sourceTree = "<group>"; };
		C559EA841D06B40F003FA7C9 /* news4.jpg */ = {isa = PBXFileReference; lastKnownFileType = image.jpeg; path = news4.jpg; sourceTree = "<group>"; };
		C559EA891D06D37A003FA7C9 /* 附件.png */ = {isa = PBXFileReference; lastKnownFileType = image.png; path = "附件.png"; sourceTree = "<group>"; };
		C559EA8B1D06D3EE003FA7C9 /* ApplicantFormController.h */ = {isa = PBXFileReference; fileEncoding = 4; lastKnownFileType = sourcecode.c.h; path = ApplicantFormController.h; sourceTree = "<group>"; };
		C559EA8C1D06D3EE003FA7C9 /* ApplicantFormController.m */ = {isa = PBXFileReference; fileEncoding = 4; lastKnownFileType = sourcecode.c.objc; path = ApplicantFormController.m; sourceTree = "<group>"; };
		C559EA8F1D06DB8A003FA7C9 /* LoginController.h */ = {isa = PBXFileReference; fileEncoding = 4; lastKnownFileType = sourcecode.c.h; path = LoginController.h; sourceTree = "<group>"; };
		C559EA901D06DB8A003FA7C9 /* LoginController.m */ = {isa = PBXFileReference; fileEncoding = 4; lastKnownFileType = sourcecode.c.objc; path = LoginController.m; sourceTree = "<group>"; };
		C559EA941D06DC54003FA7C9 /* 1.mp4 */ = {isa = PBXFileReference; lastKnownFileType = file; path = 1.mp4; sourceTree = "<group>"; };
		C559EA951D06DC54003FA7C9 /* 4_circle.png */ = {isa = PBXFileReference; lastKnownFileType = image.png; path = 4_circle.png; sourceTree = "<group>"; };
		C559EA961D06DC54003FA7C9 /* 4_circle@2x.png */ = {isa = PBXFileReference; lastKnownFileType = image.png; path = "4_circle@2x.png"; sourceTree = "<group>"; };
		C559EA971D06DC54003FA7C9 /* 4_circle_on@2x.png */ = {isa = PBXFileReference; lastKnownFileType = image.png; path = "4_circle_on@2x.png"; sourceTree = "<group>"; };
		C559EA981D06DC54003FA7C9 /* keep5.png */ = {isa = PBXFileReference; lastKnownFileType = image.png; path = keep5.png; sourceTree = "<group>"; };
		C559EA991D06DC54003FA7C9 /* keep5@2x.png */ = {isa = PBXFileReference; lastKnownFileType = image.png; path = "keep5@2x.png"; sourceTree = "<group>"; };
		C559EA9A1D06DC54003FA7C9 /* keep6.png */ = {isa = PBXFileReference; lastKnownFileType = image.png; path = keep6.png; sourceTree = "<group>"; };
		C559EA9B1D06DC54003FA7C9 /* keep6@2x.png */ = {isa = PBXFileReference; lastKnownFileType = image.png; path = "keep6@2x.png"; sourceTree = "<group>"; };
		C559EA9C1D06DC54003FA7C9 /* keep6plus@3x.png */ = {isa = PBXFileReference; lastKnownFileType = image.png; path = "keep6plus@3x.png"; sourceTree = "<group>"; };
		C559EA9D1D06DC54003FA7C9 /* keep_logo.png */ = {isa = PBXFileReference; lastKnownFileType = image.png; path = keep_logo.png; sourceTree = "<group>"; };
		C559EA9E1D06DC54003FA7C9 /* keep_logo@2x.png */ = {isa = PBXFileReference; lastKnownFileType = image.png; path = "keep_logo@2x.png"; sourceTree = "<group>"; };
		C559EA9F1D06DC54003FA7C9 /* keep_logo@3x.png */ = {isa = PBXFileReference; lastKnownFileType = image.png; path = "keep_logo@3x.png"; sourceTree = "<group>"; };
		C559EAA01D06DC54003FA7C9 /* keepkeep.png */ = {isa = PBXFileReference; lastKnownFileType = image.png; path = keepkeep.png; sourceTree = "<group>"; };
		C559EAA11D06DC54003FA7C9 /* keepkeep@2x.png */ = {isa = PBXFileReference; lastKnownFileType = image.png; path = "keepkeep@2x.png"; sourceTree = "<group>"; };
		C559EAA21D06DC54003FA7C9 /* keepkeep@3x.png */ = {isa = PBXFileReference; lastKnownFileType = image.png; path = "keepkeep@3x.png"; sourceTree = "<group>"; };
		C573CE651D2F4519004AE7A5 /* FriendsViewController.h */ = {isa = PBXFileReference; fileEncoding = 4; lastKnownFileType = sourcecode.c.h; path = FriendsViewController.h; sourceTree = "<group>"; };
		C573CE661D2F4519004AE7A5 /* FriendsViewController.m */ = {isa = PBXFileReference; fileEncoding = 4; lastKnownFileType = sourcecode.c.objc; path = FriendsViewController.m; sourceTree = "<group>"; };
		C573CE671D2F4519004AE7A5 /* HomeViewController.h */ = {isa = PBXFileReference; fileEncoding = 4; lastKnownFileType = sourcecode.c.h; path = HomeViewController.h; sourceTree = "<group>"; };
		C573CE681D2F4519004AE7A5 /* HomeViewController.m */ = {isa = PBXFileReference; fileEncoding = 4; lastKnownFileType = sourcecode.c.objc; path = HomeViewController.m; sourceTree = "<group>"; };
		C573CE691D2F4519004AE7A5 /* LeftMenuViewController.h */ = {isa = PBXFileReference; fileEncoding = 4; lastKnownFileType = sourcecode.c.h; path = LeftMenuViewController.h; sourceTree = "<group>"; };
		C573CE6A1D2F4519004AE7A5 /* LeftMenuViewController.m */ = {isa = PBXFileReference; fileEncoding = 4; lastKnownFileType = sourcecode.c.objc; path = LeftMenuViewController.m; sourceTree = "<group>"; };
		C573CE6B1D2F4519004AE7A5 /* ProfileDetailViewController.h */ = {isa = PBXFileReference; fileEncoding = 4; lastKnownFileType = sourcecode.c.h; path = ProfileDetailViewController.h; sourceTree = "<group>"; };
		C573CE6C1D2F4519004AE7A5 /* ProfileDetailViewController.m */ = {isa = PBXFileReference; fileEncoding = 4; lastKnownFileType = sourcecode.c.objc; path = ProfileDetailViewController.m; sourceTree = "<group>"; };
		C573CE6D1D2F4519004AE7A5 /* ProfileViewController.h */ = {isa = PBXFileReference; fileEncoding = 4; lastKnownFileType = sourcecode.c.h; path = ProfileViewController.h; sourceTree = "<group>"; };
		C573CE6E1D2F4519004AE7A5 /* ProfileViewController.m */ = {isa = PBXFileReference; fileEncoding = 4; lastKnownFileType = sourcecode.c.objc; path = ProfileViewController.m; sourceTree = "<group>"; };
		C573CE6F1D2F4519004AE7A5 /* RightMenuViewController.h */ = {isa = PBXFileReference; fileEncoding = 4; lastKnownFileType = sourcecode.c.h; path = RightMenuViewController.h; sourceTree = "<group>"; };
		C573CE701D2F4519004AE7A5 /* RightMenuViewController.m */ = {isa = PBXFileReference; fileEncoding = 4; lastKnownFileType = sourcecode.c.objc; path = RightMenuViewController.m; sourceTree = "<group>"; };
		C573CE721D2F4519004AE7A5 /* animation.png */ = {isa = PBXFileReference; lastKnownFileType = image.png; path = animation.png; sourceTree = "<group>"; };
		C573CE731D2F4519004AE7A5 /* gear.png */ = {isa = PBXFileReference; lastKnownFileType = image.png; path = gear.png; sourceTree = "<group>"; };
		C573CE741D2F4519004AE7A5 /* leftMenu.jpg */ = {isa = PBXFileReference; lastKnownFileType = image.jpeg; path = leftMenu.jpg; sourceTree = "<group>"; };
		C573CE751D2F4519004AE7A5 /* rightMenu.jpg */ = {isa = PBXFileReference; lastKnownFileType = image.jpeg; path = rightMenu.jpg; sourceTree = "<group>"; };
		C573CE781D2F4519004AE7A5 /* SlideNavigationContorllerAnimator.h */ = {isa = PBXFileReference; fileEncoding = 4; lastKnownFileType = sourcecode.c.h; path = SlideNavigationContorllerAnimator.h; sourceTree = "<group>"; };
		C573CE791D2F4519004AE7A5 /* SlideNavigationContorllerAnimatorFade.h */ = {isa = PBXFileReference; fileEncoding = 4; lastKnownFileType = sourcecode.c.h; path = SlideNavigationContorllerAnimatorFade.h; sourceTree = "<group>"; };
		C573CE7A1D2F4519004AE7A5 /* SlideNavigationContorllerAnimatorFade.m */ = {isa = PBXFileReference; fileEncoding = 4; lastKnownFileType = sourcecode.c.objc; path = SlideNavigationContorllerAnimatorFade.m; sourceTree = "<group>"; };
		C573CE7B1D2F4519004AE7A5 /* SlideNavigationContorllerAnimatorScale.h */ = {isa = PBXFileReference; fileEncoding = 4; lastKnownFileType = sourcecode.c.h; path = SlideNavigationContorllerAnimatorScale.h; sourceTree = "<group>"; };
		C573CE7C1D2F4519004AE7A5 /* SlideNavigationContorllerAnimatorScale.m */ = {isa = PBXFileReference; fileEncoding = 4; lastKnownFileType = sourcecode.c.objc; path = SlideNavigationContorllerAnimatorScale.m; sourceTree = "<group>"; };
		C573CE7D1D2F4519004AE7A5 /* SlideNavigationContorllerAnimatorScaleAndFade.h */ = {isa = PBXFileReference; fileEncoding = 4; lastKnownFileType = sourcecode.c.h; path = SlideNavigationContorllerAnimatorScaleAndFade.h; sourceTree = "<group>"; };
		C573CE7E1D2F4519004AE7A5 /* SlideNavigationContorllerAnimatorScaleAndFade.m */ = {isa = PBXFileReference; fileEncoding = 4; lastKnownFileType = sourcecode.c.objc; path = SlideNavigationContorllerAnimatorScaleAndFade.m; sourceTree = "<group>"; };
		C573CE7F1D2F4519004AE7A5 /* SlideNavigationContorllerAnimatorSlide.h */ = {isa = PBXFileReference; fileEncoding = 4; lastKnownFileType = sourcecode.c.h; path = SlideNavigationContorllerAnimatorSlide.h; sourceTree = "<group>"; };
		C573CE801D2F4519004AE7A5 /* SlideNavigationContorllerAnimatorSlide.m */ = {isa = PBXFileReference; fileEncoding = 4; lastKnownFileType = sourcecode.c.objc; path = SlideNavigationContorllerAnimatorSlide.m; sourceTree = "<group>"; };
		C573CE811D2F4519004AE7A5 /* SlideNavigationContorllerAnimatorSlideAndFade.h */ = {isa = PBXFileReference; fileEncoding = 4; lastKnownFileType = sourcecode.c.h; path = SlideNavigationContorllerAnimatorSlideAndFade.h; sourceTree = "<group>"; };
		C573CE821D2F4519004AE7A5 /* SlideNavigationContorllerAnimatorSlideAndFade.m */ = {isa = PBXFileReference; fileEncoding = 4; lastKnownFileType = sourcecode.c.objc; path = SlideNavigationContorllerAnimatorSlideAndFade.m; sourceTree = "<group>"; };
		C573CE861D2F4519004AE7A5 /* SlideNavigationController.h */ = {isa = PBXFileReference; fileEncoding = 4; lastKnownFileType = sourcecode.c.h; path = SlideNavigationController.h; sourceTree = "<group>"; };
		C573CE871D2F4519004AE7A5 /* SlideNavigationController.m */ = {isa = PBXFileReference; fileEncoding = 4; lastKnownFileType = sourcecode.c.objc; path = SlideNavigationController.m; sourceTree = "<group>"; };
		C573CE9A1D2F5343004AE7A5 /* menu-button@2x.png */ = {isa = PBXFileReference; lastKnownFileType = image.png; path = "menu-button@2x.png"; sourceTree = "<group>"; };
		C579003F1D24C48E00201E0D /* MKAnnotationView+WebCache.h */ = {isa = PBXFileReference; fileEncoding = 4; lastKnownFileType = sourcecode.c.h; path = "MKAnnotationView+WebCache.h"; sourceTree = "<group>"; };
		C57900401D24C48E00201E0D /* MKAnnotationView+WebCache.m */ = {isa = PBXFileReference; fileEncoding = 4; lastKnownFileType = sourcecode.c.objc; path = "MKAnnotationView+WebCache.m"; sourceTree = "<group>"; };
		C57900411D24C48E00201E0D /* NSData+ImageContentType.h */ = {isa = PBXFileReference; fileEncoding = 4; lastKnownFileType = sourcecode.c.h; path = "NSData+ImageContentType.h"; sourceTree = "<group>"; };
		C57900421D24C48E00201E0D /* NSData+ImageContentType.m */ = {isa = PBXFileReference; fileEncoding = 4; lastKnownFileType = sourcecode.c.objc; path = "NSData+ImageContentType.m"; sourceTree = "<group>"; };
		C57900431D24C48E00201E0D /* SDImageCache.h */ = {isa = PBXFileReference; fileEncoding = 4; lastKnownFileType = sourcecode.c.h; path = SDImageCache.h; sourceTree = "<group>"; };
		C57900441D24C48E00201E0D /* SDImageCache.m */ = {isa = PBXFileReference; fileEncoding = 4; lastKnownFileType = sourcecode.c.objc; path = SDImageCache.m; sourceTree = "<group>"; };
		C57900451D24C48E00201E0D /* SDWebImageCompat.h */ = {isa = PBXFileReference; fileEncoding = 4; lastKnownFileType = sourcecode.c.h; path = SDWebImageCompat.h; sourceTree = "<group>"; };
		C57900461D24C48E00201E0D /* SDWebImageCompat.m */ = {isa = PBXFileReference; fileEncoding = 4; lastKnownFileType = sourcecode.c.objc; path = SDWebImageCompat.m; sourceTree = "<group>"; };
		C57900471D24C48E00201E0D /* SDWebImageDecoder.h */ = {isa = PBXFileReference; fileEncoding = 4; lastKnownFileType = sourcecode.c.h; path = SDWebImageDecoder.h; sourceTree = "<group>"; };
		C57900481D24C48E00201E0D /* SDWebImageDecoder.m */ = {isa = PBXFileReference; fileEncoding = 4; lastKnownFileType = sourcecode.c.objc; path = SDWebImageDecoder.m; sourceTree = "<group>"; };
		C57900491D24C48E00201E0D /* SDWebImageDownloader.h */ = {isa = PBXFileReference; fileEncoding = 4; lastKnownFileType = sourcecode.c.h; path = SDWebImageDownloader.h; sourceTree = "<group>"; };
		C579004A1D24C48E00201E0D /* SDWebImageDownloader.m */ = {isa = PBXFileReference; fileEncoding = 4; lastKnownFileType = sourcecode.c.objc; path = SDWebImageDownloader.m; sourceTree = "<group>"; };
		C579004B1D24C48E00201E0D /* SDWebImageDownloaderOperation.h */ = {isa = PBXFileReference; fileEncoding = 4; lastKnownFileType = sourcecode.c.h; path = SDWebImageDownloaderOperation.h; sourceTree = "<group>"; };
		C579004C1D24C48E00201E0D /* SDWebImageDownloaderOperation.m */ = {isa = PBXFileReference; fileEncoding = 4; lastKnownFileType = sourcecode.c.objc; path = SDWebImageDownloaderOperation.m; sourceTree = "<group>"; };
		C579004D1D24C48E00201E0D /* SDWebImageManager.h */ = {isa = PBXFileReference; fileEncoding = 4; lastKnownFileType = sourcecode.c.h; path = SDWebImageManager.h; sourceTree = "<group>"; };
		C579004E1D24C48E00201E0D /* SDWebImageManager.m */ = {isa = PBXFileReference; fileEncoding = 4; lastKnownFileType = sourcecode.c.objc; path = SDWebImageManager.m; sourceTree = "<group>"; };
		C579004F1D24C48E00201E0D /* SDWebImageOperation.h */ = {isa = PBXFileReference; fileEncoding = 4; lastKnownFileType = sourcecode.c.h; path = SDWebImageOperation.h; sourceTree = "<group>"; };
		C57900501D24C48E00201E0D /* SDWebImagePrefetcher.h */ = {isa = PBXFileReference; fileEncoding = 4; lastKnownFileType = sourcecode.c.h; path = SDWebImagePrefetcher.h; sourceTree = "<group>"; };
		C57900511D24C48E00201E0D /* SDWebImagePrefetcher.m */ = {isa = PBXFileReference; fileEncoding = 4; lastKnownFileType = sourcecode.c.objc; path = SDWebImagePrefetcher.m; sourceTree = "<group>"; };
		C57900521D24C48E00201E0D /* UIButton+WebCache.h */ = {isa = PBXFileReference; fileEncoding = 4; lastKnownFileType = sourcecode.c.h; path = "UIButton+WebCache.h"; sourceTree = "<group>"; };
		C57900531D24C48E00201E0D /* UIButton+WebCache.m */ = {isa = PBXFileReference; fileEncoding = 4; lastKnownFileType = sourcecode.c.objc; path = "UIButton+WebCache.m"; sourceTree = "<group>"; };
		C57900541D24C48E00201E0D /* UIImage+GIF.h */ = {isa = PBXFileReference; fileEncoding = 4; lastKnownFileType = sourcecode.c.h; path = "UIImage+GIF.h"; sourceTree = "<group>"; };
		C57900551D24C48E00201E0D /* UIImage+GIF.m */ = {isa = PBXFileReference; fileEncoding = 4; lastKnownFileType = sourcecode.c.objc; path = "UIImage+GIF.m"; sourceTree = "<group>"; };
		C57900561D24C48E00201E0D /* UIImage+MultiFormat.h */ = {isa = PBXFileReference; fileEncoding = 4; lastKnownFileType = sourcecode.c.h; path = "UIImage+MultiFormat.h"; sourceTree = "<group>"; };
		C57900571D24C48E00201E0D /* UIImage+MultiFormat.m */ = {isa = PBXFileReference; fileEncoding = 4; lastKnownFileType = sourcecode.c.objc; path = "UIImage+MultiFormat.m"; sourceTree = "<group>"; };
		C57900581D24C48E00201E0D /* UIImage+WebP.h */ = {isa = PBXFileReference; fileEncoding = 4; lastKnownFileType = sourcecode.c.h; path = "UIImage+WebP.h"; sourceTree = "<group>"; };
		C57900591D24C48E00201E0D /* UIImage+WebP.m */ = {isa = PBXFileReference; fileEncoding = 4; lastKnownFileType = sourcecode.c.objc; path = "UIImage+WebP.m"; sourceTree = "<group>"; };
		C579005A1D24C48E00201E0D /* UIImageView+HighlightedWebCache.h */ = {isa = PBXFileReference; fileEncoding = 4; lastKnownFileType = sourcecode.c.h; path = "UIImageView+HighlightedWebCache.h"; sourceTree = "<group>"; };
		C579005B1D24C48E00201E0D /* UIImageView+HighlightedWebCache.m */ = {isa = PBXFileReference; fileEncoding = 4; lastKnownFileType = sourcecode.c.objc; path = "UIImageView+HighlightedWebCache.m"; sourceTree = "<group>"; };
		C579005C1D24C48E00201E0D /* UIImageView+WebCache.h */ = {isa = PBXFileReference; fileEncoding = 4; lastKnownFileType = sourcecode.c.h; path = "UIImageView+WebCache.h"; sourceTree = "<group>"; };
		C579005D1D24C48E00201E0D /* UIImageView+WebCache.m */ = {isa = PBXFileReference; fileEncoding = 4; lastKnownFileType = sourcecode.c.objc; path = "UIImageView+WebCache.m"; sourceTree = "<group>"; };
		C579005E1D24C48E00201E0D /* UIView+WebCacheOperation.h */ = {isa = PBXFileReference; fileEncoding = 4; lastKnownFileType = sourcecode.c.h; path = "UIView+WebCacheOperation.h"; sourceTree = "<group>"; };
		C579005F1D24C48E00201E0D /* UIView+WebCacheOperation.m */ = {isa = PBXFileReference; fileEncoding = 4; lastKnownFileType = sourcecode.c.objc; path = "UIView+WebCacheOperation.m"; sourceTree = "<group>"; };
		C57900721D24C5A900201E0D /* TAAbstractDotView.h */ = {isa = PBXFileReference; fileEncoding = 4; lastKnownFileType = sourcecode.c.h; path = TAAbstractDotView.h; sourceTree = "<group>"; };
		C57900731D24C5A900201E0D /* TAAbstractDotView.m */ = {isa = PBXFileReference; fileEncoding = 4; lastKnownFileType = sourcecode.c.objc; path = TAAbstractDotView.m; sourceTree = "<group>"; };
		C57900741D24C5A900201E0D /* TAAnimatedDotView.h */ = {isa = PBXFileReference; fileEncoding = 4; lastKnownFileType = sourcecode.c.h; path = TAAnimatedDotView.h; sourceTree = "<group>"; };
		C57900751D24C5A900201E0D /* TAAnimatedDotView.m */ = {isa = PBXFileReference; fileEncoding = 4; lastKnownFileType = sourcecode.c.objc; path = TAAnimatedDotView.m; sourceTree = "<group>"; };
		C57900761D24C5A900201E0D /* TADotView.h */ = {isa = PBXFileReference; fileEncoding = 4; lastKnownFileType = sourcecode.c.h; path = TADotView.h; sourceTree = "<group>"; };
		C57900771D24C5A900201E0D /* TADotView.m */ = {isa = PBXFileReference; fileEncoding = 4; lastKnownFileType = sourcecode.c.objc; path = TADotView.m; sourceTree = "<group>"; };
		C57900781D24C5A900201E0D /* TAPageControl.h */ = {isa = PBXFileReference; fileEncoding = 4; lastKnownFileType = sourcecode.c.h; path = TAPageControl.h; sourceTree = "<group>"; };
		C57900791D24C5A900201E0D /* TAPageControl.m */ = {isa = PBXFileReference; fileEncoding = 4; lastKnownFileType = sourcecode.c.objc; path = TAPageControl.m; sourceTree = "<group>"; };
		C579007A1D24C5A900201E0D /* SDCollectionViewCell.h */ = {isa = PBXFileReference; fileEncoding = 4; lastKnownFileType = sourcecode.c.h; path = SDCollectionViewCell.h; sourceTree = "<group>"; };
		C579007B1D24C5A900201E0D /* SDCollectionViewCell.m */ = {isa = PBXFileReference; fileEncoding = 4; lastKnownFileType = sourcecode.c.objc; path = SDCollectionViewCell.m; sourceTree = "<group>"; };
		C579007C1D24C5A900201E0D /* SDCycleScrollView.h */ = {isa = PBXFileReference; fileEncoding = 4; lastKnownFileType = sourcecode.c.h; path = SDCycleScrollView.h; sourceTree = "<group>"; };
		C579007D1D24C5A900201E0D /* SDCycleScrollView.m */ = {isa = PBXFileReference; fileEncoding = 4; lastKnownFileType = sourcecode.c.objc; path = SDCycleScrollView.m; sourceTree = "<group>"; };
		C579007E1D24C5A900201E0D /* UIView+SDExtension.h */ = {isa = PBXFileReference; fileEncoding = 4; lastKnownFileType = sourcecode.c.h; path = "UIView+SDExtension.h"; sourceTree = "<group>"; };
		C579007F1D24C5A900201E0D /* UIView+SDExtension.m */ = {isa = PBXFileReference; fileEncoding = 4; lastKnownFileType = sourcecode.c.objc; path = "UIView+SDExtension.m"; sourceTree = "<group>"; };
		C57900871D24C79C00201E0D /* HomePageController.h */ = {isa = PBXFileReference; fileEncoding = 4; lastKnownFileType = sourcecode.c.h; path = HomePageController.h; sourceTree = "<group>"; };
		C57900881D24C79C00201E0D /* HomePageController.m */ = {isa = PBXFileReference; fileEncoding = 4; lastKnownFileType = sourcecode.c.objc; path = HomePageController.m; sourceTree = "<group>"; };
		C579008B1D24C8E300201E0D /* h1.jpg */ = {isa = PBXFileReference; lastKnownFileType = image.jpeg; path = h1.jpg; sourceTree = "<group>"; };
		C579008C1D24C8E300201E0D /* h3.jpg */ = {isa = PBXFileReference; lastKnownFileType = image.jpeg; path = h3.jpg; sourceTree = "<group>"; };
		C579008D1D24C8E300201E0D /* h2.jpg */ = {isa = PBXFileReference; lastKnownFileType = image.jpeg; path = h2.jpg; sourceTree = "<group>"; };
		C579008E1D24C8E300201E0D /* h4.jpg */ = {isa = PBXFileReference; lastKnownFileType = image.jpeg; path = h4.jpg; sourceTree = "<group>"; };
		C57900961D251A9B00201E0D /* BigClientCell.h */ = {isa = PBXFileReference; fileEncoding = 4; lastKnownFileType = sourcecode.c.h; path = BigClientCell.h; sourceTree = "<group>"; };
		C57900971D251A9B00201E0D /* BigClientCell.m */ = {isa = PBXFileReference; fileEncoding = 4; lastKnownFileType = sourcecode.c.objc; path = BigClientCell.m; sourceTree = "<group>"; };
		C57900981D251A9B00201E0D /* BigClientCell.xib */ = {isa = PBXFileReference; fileEncoding = 4; lastKnownFileType = file.xib; path = BigClientCell.xib; sourceTree = "<group>"; };
		C579009B1D261A3300201E0D /* 首@2x.png */ = {isa = PBXFileReference; lastKnownFileType = image.png; path = "首@2x.png"; sourceTree = "<group>"; };
		C58B3D921D2D02DD00574259 /* 资金.png */ = {isa = PBXFileReference; lastKnownFileType = image.png; path = "资金.png"; sourceTree = "<group>"; };
		C58B3D941D2D038000574259 /* 公告b.png */ = {isa = PBXFileReference; lastKnownFileType = image.png; path = "公告b.png"; sourceTree = "<group>"; };
		C58B3D951D2D038000574259 /* 新闻b.png */ = {isa = PBXFileReference; lastKnownFileType = image.png; path = "新闻b.png"; sourceTree = "<group>"; };
		C58B3D961D2D038000574259 /* 排行b.png */ = {isa = PBXFileReference; lastKnownFileType = image.png; path = "排行b.png"; sourceTree = "<group>"; };
		C58B3D971D2D038000574259 /* 待办b.png */ = {isa = PBXFileReference; lastKnownFileType = image.png; path = "待办b.png"; sourceTree = "<group>"; };
		C58B3D9C1D2D1E6E00574259 /* 资金b.png */ = {isa = PBXFileReference; lastKnownFileType = image.png; path = "资金b.png"; sourceTree = "<group>"; };
		C5B0D6F11D13A00D004EF6F2 /* YSLContainerViewController.h */ = {isa = PBXFileReference; fileEncoding = 4; lastKnownFileType = sourcecode.c.h; path = YSLContainerViewController.h; sourceTree = "<group>"; };
		C5B0D6F21D13A00D004EF6F2 /* YSLContainerViewController.m */ = {isa = PBXFileReference; fileEncoding = 4; lastKnownFileType = sourcecode.c.objc; path = YSLContainerViewController.m; sourceTree = "<group>"; };
		C5B0D6F31D13A00D004EF6F2 /* YSLScrollMenuView.h */ = {isa = PBXFileReference; fileEncoding = 4; lastKnownFileType = sourcecode.c.h; path = YSLScrollMenuView.h; sourceTree = "<group>"; };
		C5B0D6F41D13A00D004EF6F2 /* YSLScrollMenuView.m */ = {isa = PBXFileReference; fileEncoding = 4; lastKnownFileType = sourcecode.c.objc; path = YSLScrollMenuView.m; sourceTree = "<group>"; };
		C5B0D6F81D13A0AF004EF6F2 /* MonitorController.h */ = {isa = PBXFileReference; fileEncoding = 4; lastKnownFileType = sourcecode.c.h; path = MonitorController.h; sourceTree = "<group>"; };
		C5B0D6F91D13A0AF004EF6F2 /* MonitorController.m */ = {isa = PBXFileReference; fileEncoding = 4; lastKnownFileType = sourcecode.c.objc; path = MonitorController.m; sourceTree = "<group>"; };
		C5B0D6FB1D13DE57004EF6F2 /* DepositController.h */ = {isa = PBXFileReference; fileEncoding = 4; lastKnownFileType = sourcecode.c.h; path = DepositController.h; sourceTree = "<group>"; };
		C5B0D6FC1D13DE57004EF6F2 /* DepositController.m */ = {isa = PBXFileReference; fileEncoding = 4; lastKnownFileType = sourcecode.c.objc; path = DepositController.m; sourceTree = "<group>"; };
		C5B0D6FE1D13E64B004EF6F2 /* LoanController.h */ = {isa = PBXFileReference; fileEncoding = 4; lastKnownFileType = sourcecode.c.h; path = LoanController.h; sourceTree = "<group>"; };
		C5B0D6FF1D13E64B004EF6F2 /* LoanController.m */ = {isa = PBXFileReference; fileEncoding = 4; lastKnownFileType = sourcecode.c.objc; path = LoanController.m; sourceTree = "<group>"; };
		C5B0D7011D13E94D004EF6F2 /* BigClientController.h */ = {isa = PBXFileReference; fileEncoding = 4; lastKnownFileType = sourcecode.c.h; path = BigClientController.h; sourceTree = "<group>"; };
		C5B0D7021D13E94D004EF6F2 /* BigClientController.m */ = {isa = PBXFileReference; fileEncoding = 4; lastKnownFileType = sourcecode.c.objc; path = BigClientController.m; sourceTree = "<group>"; };
		C5B43F961D0D70CB00DABF5F /* MoreController.h */ = {isa = PBXFileReference; fileEncoding = 4; lastKnownFileType = sourcecode.c.h; path = MoreController.h; sourceTree = "<group>"; };
		C5B43F971D0D70CB00DABF5F /* MoreController.m */ = {isa = PBXFileReference; fileEncoding = 4; lastKnownFileType = sourcecode.c.objc; path = MoreController.m; sourceTree = "<group>"; };
		C5C367271D0570DD00BC2148 /* mgapp.app */ = {isa = PBXFileReference; explicitFileType = wrapper.application; includeInIndex = 0; path = mgapp.app; sourceTree = BUILT_PRODUCTS_DIR; };
		C5C3672B1D0570DD00BC2148 /* main.m */ = {isa = PBXFileReference; lastKnownFileType = sourcecode.c.objc; path = main.m; sourceTree = "<group>"; };
		C5C3672D1D0570DD00BC2148 /* AppDelegate.h */ = {isa = PBXFileReference; lastKnownFileType = sourcecode.c.h; path = AppDelegate.h; sourceTree = "<group>"; };
		C5C3672E1D0570DD00BC2148 /* AppDelegate.m */ = {isa = PBXFileReference; lastKnownFileType = sourcecode.c.objc; path = AppDelegate.m; sourceTree = "<group>"; };
		C5C367301D0570DD00BC2148 /* FirstViewController.h */ = {isa = PBXFileReference; lastKnownFileType = sourcecode.c.h; path = FirstViewController.h; sourceTree = "<group>"; };
		C5C367311D0570DD00BC2148 /* FirstViewController.m */ = {isa = PBXFileReference; lastKnownFileType = sourcecode.c.objc; path = FirstViewController.m; sourceTree = "<group>"; };
		C5C367331D0570DD00BC2148 /* SecondViewController.h */ = {isa = PBXFileReference; lastKnownFileType = sourcecode.c.h; path = SecondViewController.h; sourceTree = "<group>"; };
		C5C367341D0570DD00BC2148 /* SecondViewController.m */ = {isa = PBXFileReference; lastKnownFileType = sourcecode.c.objc; path = SecondViewController.m; sourceTree = "<group>"; };
		C5C367371D0570DD00BC2148 /* Base */ = {isa = PBXFileReference; lastKnownFileType = file.storyboard; name = Base; path = Base.lproj/Main.storyboard; sourceTree = "<group>"; };
		C5C367391D0570DD00BC2148 /* Assets.xcassets */ = {isa = PBXFileReference; lastKnownFileType = folder.assetcatalog; path = Assets.xcassets; sourceTree = "<group>"; };
		C5C3673C1D0570DD00BC2148 /* Base */ = {isa = PBXFileReference; lastKnownFileType = file.storyboard; name = Base; path = Base.lproj/LaunchScreen.storyboard; sourceTree = "<group>"; };
		C5C3673E1D0570DD00BC2148 /* Info.plist */ = {isa = PBXFileReference; lastKnownFileType = text.plist.xml; path = Info.plist; sourceTree = "<group>"; };
		C5C367431D0570DD00BC2148 /* mgappTests.xctest */ = {isa = PBXFileReference; explicitFileType = wrapper.cfbundle; includeInIndex = 0; path = mgappTests.xctest; sourceTree = BUILT_PRODUCTS_DIR; };
		C5C367471D0570DD00BC2148 /* mgappTests.m */ = {isa = PBXFileReference; lastKnownFileType = sourcecode.c.objc; path = mgappTests.m; sourceTree = "<group>"; };
		C5C367491D0570DE00BC2148 /* Info.plist */ = {isa = PBXFileReference; lastKnownFileType = text.plist.xml; path = Info.plist; sourceTree = "<group>"; };
		C5C3674E1D0570DE00BC2148 /* mgappUITests.xctest */ = {isa = PBXFileReference; explicitFileType = wrapper.cfbundle; includeInIndex = 0; path = mgappUITests.xctest; sourceTree = BUILT_PRODUCTS_DIR; };
		C5C367521D0570DE00BC2148 /* mgappUITests.m */ = {isa = PBXFileReference; lastKnownFileType = sourcecode.c.objc; path = mgappUITests.m; sourceTree = "<group>"; };
		C5C367541D0570DE00BC2148 /* Info.plist */ = {isa = PBXFileReference; lastKnownFileType = text.plist.xml; path = Info.plist; sourceTree = "<group>"; };
		C5C367611D05796300BC2148 /* NeedDealCell.h */ = {isa = PBXFileReference; fileEncoding = 4; lastKnownFileType = sourcecode.c.h; path = NeedDealCell.h; sourceTree = "<group>"; };
		C5C367621D05796300BC2148 /* NeedDealCell.m */ = {isa = PBXFileReference; fileEncoding = 4; lastKnownFileType = sourcecode.c.objc; path = NeedDealCell.m; sourceTree = "<group>"; };
		C5C367691D05865500BC2148 /* hetong.png */ = {isa = PBXFileReference; lastKnownFileType = image.png; path = hetong.png; sourceTree = "<group>"; };
		C5C3676B1D058AE500BC2148 /* hetong2.png */ = {isa = PBXFileReference; lastKnownFileType = image.png; path = hetong2.png; sourceTree = "<group>"; };
		C5C3676E1D058B8E00BC2148 /* hetong3.png */ = {isa = PBXFileReference; lastKnownFileType = image.png; path = hetong3.png; sourceTree = "<group>"; };
		C5C367711D058F0E00BC2148 /* hetong4.png */ = {isa = PBXFileReference; lastKnownFileType = image.png; path = hetong4.png; sourceTree = "<group>"; };
		C5C367731D058FB200BC2148 /* PrefixHeader.pch */ = {isa = PBXFileReference; lastKnownFileType = sourcecode.c.h; path = PrefixHeader.pch; sourceTree = "<group>"; };
		C5DC7C9B1D1A35C900B06514 /* LGAlertView.h */ = {isa = PBXFileReference; fileEncoding = 4; lastKnownFileType = sourcecode.c.h; path = LGAlertView.h; sourceTree = "<group>"; };
		C5DC7C9C1D1A35C900B06514 /* LGAlertView.m */ = {isa = PBXFileReference; fileEncoding = 4; lastKnownFileType = sourcecode.c.objc; path = LGAlertView.m; sourceTree = "<group>"; };
		C5DC7C9D1D1A35C900B06514 /* LGAlertViewButtonProperties.h */ = {isa = PBXFileReference; fileEncoding = 4; lastKnownFileType = sourcecode.c.h; path = LGAlertViewButtonProperties.h; sourceTree = "<group>"; };
		C5DC7C9E1D1A35C900B06514 /* LGAlertViewButtonProperties.m */ = {isa = PBXFileReference; fileEncoding = 4; lastKnownFileType = sourcecode.c.objc; path = LGAlertViewButtonProperties.m; sourceTree = "<group>"; };
		C5DC7C9F1D1A35C900B06514 /* LGAlertViewCell.h */ = {isa = PBXFileReference; fileEncoding = 4; lastKnownFileType = sourcecode.c.h; path = LGAlertViewCell.h; sourceTree = "<group>"; };
		C5DC7CA01D1A35C900B06514 /* LGAlertViewCell.m */ = {isa = PBXFileReference; fileEncoding = 4; lastKnownFileType = sourcecode.c.objc; path = LGAlertViewCell.m; sourceTree = "<group>"; };
		C5DC7CA11D1A35C900B06514 /* LGAlertViewController.h */ = {isa = PBXFileReference; fileEncoding = 4; lastKnownFileType = sourcecode.c.h; path = LGAlertViewController.h; sourceTree = "<group>"; };
		C5DC7CA21D1A35C900B06514 /* LGAlertViewController.m */ = {isa = PBXFileReference; fileEncoding = 4; lastKnownFileType = sourcecode.c.objc; path = LGAlertViewController.m; sourceTree = "<group>"; };
		C5DC7CA31D1A35C900B06514 /* LGAlertViewShared.h */ = {isa = PBXFileReference; fileEncoding = 4; lastKnownFileType = sourcecode.c.h; path = LGAlertViewShared.h; sourceTree = "<group>"; };
		C5DC7CA41D1A35C900B06514 /* LGAlertViewTextField.h */ = {isa = PBXFileReference; fileEncoding = 4; lastKnownFileType = sourcecode.c.h; path = LGAlertViewTextField.h; sourceTree = "<group>"; };
		C5DC7CA51D1A35C900B06514 /* LGAlertViewTextField.m */ = {isa = PBXFileReference; fileEncoding = 4; lastKnownFileType = sourcecode.c.objc; path = LGAlertViewTextField.m; sourceTree = "<group>"; };
		C5DC7CA61D1A35C900B06514 /* LGAlertViewWindow.h */ = {isa = PBXFileReference; fileEncoding = 4; lastKnownFileType = sourcecode.c.h; path = LGAlertViewWindow.h; sourceTree = "<group>"; };
		C5DC7CA71D1A35C900B06514 /* LGAlertViewWindow.m */ = {isa = PBXFileReference; fileEncoding = 4; lastKnownFileType = sourcecode.c.objc; path = LGAlertViewWindow.m; sourceTree = "<group>"; };
		C5DC7CA81D1A35C900B06514 /* UIWindow+LGAlertView.h */ = {isa = PBXFileReference; fileEncoding = 4; lastKnownFileType = sourcecode.c.h; path = "UIWindow+LGAlertView.h"; sourceTree = "<group>"; };
		C5DC7CA91D1A35C900B06514 /* UIWindow+LGAlertView.m */ = {isa = PBXFileReference; fileEncoding = 4; lastKnownFileType = sourcecode.c.objc; path = "UIWindow+LGAlertView.m"; sourceTree = "<group>"; };
		C5E371491D07B6DB00DDBF87 /* SWIntroductionViewController.h */ = {isa = PBXFileReference; fileEncoding = 4; lastKnownFileType = sourcecode.c.h; path = SWIntroductionViewController.h; sourceTree = "<group>"; };
		C5E3714A1D07B6DB00DDBF87 /* SWIntroductionViewController.m */ = {isa = PBXFileReference; fileEncoding = 4; lastKnownFileType = sourcecode.c.objc; path = SWIntroductionViewController.m; sourceTree = "<group>"; };
		C5E3714B1D07B6DB00DDBF87 /* GHWalkThroughPageCell.h */ = {isa = PBXFileReference; fileEncoding = 4; lastKnownFileType = sourcecode.c.h; path = GHWalkThroughPageCell.h; sourceTree = "<group>"; };
		C5E3714C1D07B6DB00DDBF87 /* GHWalkThroughPageCell.m */ = {isa = PBXFileReference; fileEncoding = 4; lastKnownFileType = sourcecode.c.objc; path = GHWalkThroughPageCell.m; sourceTree = "<group>"; };
		C5E3714D1D07B6DB00DDBF87 /* GHWalkThroughView.h */ = {isa = PBXFileReference; fileEncoding = 4; lastKnownFileType = sourcecode.c.h; path = GHWalkThroughView.h; sourceTree = "<group>"; };
		C5E3714E1D07B6DB00DDBF87 /* GHWalkThroughView.m */ = {isa = PBXFileReference; fileEncoding = 4; lastKnownFileType = sourcecode.c.objc; path = GHWalkThroughView.m; sourceTree = "<group>"; };
		C5E3715D1D07BD3400DDBF87 /* phone@2x.png */ = {isa = PBXFileReference; lastKnownFileType = image.png; path = "phone@2x.png"; sourceTree = "<group>"; };
		C5E3715F1D0814C400DDBF87 /* menu-button@2x.png */ = {isa = PBXFileReference; lastKnownFileType = image.png; path = "menu-button@2x.png"; sourceTree = "<group>"; };
		C5E371631D08158B00DDBF87 /* 添加@2x.png */ = {isa = PBXFileReference; lastKnownFileType = image.png; path = "添加@2x.png"; sourceTree = "<group>"; };
		C5F908A91D1BB7A800198F2A /* bg_01.jpg */ = {isa = PBXFileReference; lastKnownFileType = image.jpeg; path = bg_01.jpg; sourceTree = "<group>"; };
		C5F908AA1D1BB7A800198F2A /* bg_02.jpg */ = {isa = PBXFileReference; lastKnownFileType = image.jpeg; path = bg_02.jpg; sourceTree = "<group>"; };
		C5F908AB1D1BB7A800198F2A /* bg_03.jpg */ = {isa = PBXFileReference; lastKnownFileType = image.jpeg; path = bg_03.jpg; sourceTree = "<group>"; };
		F3853B9E314EC68B512F8B6B /* Pods.debug.xcconfig */ = {isa = PBXFileReference; includeInIndex = 1; lastKnownFileType = text.xcconfig; name = Pods.debug.xcconfig; path = "Pods/Target Support Files/Pods/Pods.debug.xcconfig"; sourceTree = "<group>"; };
/* End PBXFileReference section */

/* Begin PBXFrameworksBuildPhase section */
		C5C367241D0570DD00BC2148 /* Frameworks */ = {
			isa = PBXFrameworksBuildPhase;
			buildActionMask = 2147483647;
			files = (
				7CD5C7640DDD9BBB78C49215 /* libPods.a in Frameworks */,
			);
			runOnlyForDeploymentPostprocessing = 0;
		};
		C5C367401D0570DD00BC2148 /* Frameworks */ = {
			isa = PBXFrameworksBuildPhase;
			buildActionMask = 2147483647;
			files = (
			);
			runOnlyForDeploymentPostprocessing = 0;
		};
		C5C3674B1D0570DE00BC2148 /* Frameworks */ = {
			isa = PBXFrameworksBuildPhase;
			buildActionMask = 2147483647;
			files = (
			);
			runOnlyForDeploymentPostprocessing = 0;
		};
/* End PBXFrameworksBuildPhase section */

/* Begin PBXGroup section */
		198AB48904768116EB3660B6 /* Pods */ = {
			isa = PBXGroup;
			children = (
				F3853B9E314EC68B512F8B6B /* Pods.debug.xcconfig */,
				9207027B1B6DBA62565AF50D /* Pods.release.xcconfig */,
			);
			name = Pods;
			sourceTree = "<group>";
		};
		A8516C4FEB60EFA6E8CF02E0 /* Frameworks */ = {
			isa = PBXGroup;
			children = (
				5E9606ABCCEB24EE96C48E48 /* libPods.a */,
			);
			name = Frameworks;
			sourceTree = "<group>";
		};
		C559EA7D1D06B289003FA7C9 /* News */ = {
			isa = PBXGroup;
			children = (
				C559EA7E1D06B2A5003FA7C9 /* NewsCell.h */,
				C559EA7F1D06B2A5003FA7C9 /* NewsCell.m */,
			);
			name = News;
			sourceTree = "<group>";
		};
		C559EA8E1D06DB61003FA7C9 /* Login */ = {
			isa = PBXGroup;
			children = (
				C559EA8F1D06DB8A003FA7C9 /* LoginController.h */,
				C559EA901D06DB8A003FA7C9 /* LoginController.m */,
			);
			name = Login;
			sourceTree = "<group>";
		};
		C559EA931D06DC54003FA7C9 /* Resource */ = {
			isa = PBXGroup;
			children = (
				C559EA941D06DC54003FA7C9 /* 1.mp4 */,
				C559EA951D06DC54003FA7C9 /* 4_circle.png */,
				C559EA961D06DC54003FA7C9 /* 4_circle@2x.png */,
				C559EA971D06DC54003FA7C9 /* 4_circle_on@2x.png */,
				C559EA981D06DC54003FA7C9 /* keep5.png */,
				C559EA991D06DC54003FA7C9 /* keep5@2x.png */,
				C559EA9A1D06DC54003FA7C9 /* keep6.png */,
				C559EA9B1D06DC54003FA7C9 /* keep6@2x.png */,
				C559EA9C1D06DC54003FA7C9 /* keep6plus@3x.png */,
				C559EA9D1D06DC54003FA7C9 /* keep_logo.png */,
				C559EA9E1D06DC54003FA7C9 /* keep_logo@2x.png */,
				C559EA9F1D06DC54003FA7C9 /* keep_logo@3x.png */,
				C559EAA01D06DC54003FA7C9 /* keepkeep.png */,
				C559EAA11D06DC54003FA7C9 /* keepkeep@2x.png */,
				C559EAA21D06DC54003FA7C9 /* keepkeep@3x.png */,
			);
			path = Resource;
			sourceTree = "<group>";
		};
		C573CE641D2F4519004AE7A5 /* Helper Classes */ = {
			isa = PBXGroup;
			children = (
				C573CE651D2F4519004AE7A5 /* FriendsViewController.h */,
				C573CE661D2F4519004AE7A5 /* FriendsViewController.m */,
				C573CE671D2F4519004AE7A5 /* HomeViewController.h */,
				C573CE681D2F4519004AE7A5 /* HomeViewController.m */,
				C573CE691D2F4519004AE7A5 /* LeftMenuViewController.h */,
				C573CE6A1D2F4519004AE7A5 /* LeftMenuViewController.m */,
				C573CE6B1D2F4519004AE7A5 /* ProfileDetailViewController.h */,
				C573CE6C1D2F4519004AE7A5 /* ProfileDetailViewController.m */,
				C573CE6D1D2F4519004AE7A5 /* ProfileViewController.h */,
				C573CE6E1D2F4519004AE7A5 /* ProfileViewController.m */,
				C573CE6F1D2F4519004AE7A5 /* RightMenuViewController.h */,
				C573CE701D2F4519004AE7A5 /* RightMenuViewController.m */,
			);
			path = "Helper Classes";
			sourceTree = "<group>";
		};
		C573CE711D2F4519004AE7A5 /* Images */ = {
			isa = PBXGroup;
			children = (
				C573CE721D2F4519004AE7A5 /* animation.png */,
				C573CE731D2F4519004AE7A5 /* gear.png */,
				C573CE741D2F4519004AE7A5 /* leftMenu.jpg */,
				C573CE751D2F4519004AE7A5 /* rightMenu.jpg */,
			);
			path = Images;
			sourceTree = "<group>";
		};
		C573CE761D2F4519004AE7A5 /* Source */ = {
			isa = PBXGroup;
			children = (
				C573CE771D2F4519004AE7A5 /* Animations */,
				C573CE831D2F4519004AE7A5 /* Assets */,
				C573CE861D2F4519004AE7A5 /* SlideNavigationController.h */,
				C573CE871D2F4519004AE7A5 /* SlideNavigationController.m */,
			);
			path = Source;
			sourceTree = "<group>";
		};
		C573CE771D2F4519004AE7A5 /* Animations */ = {
			isa = PBXGroup;
			children = (
				C573CE781D2F4519004AE7A5 /* SlideNavigationContorllerAnimator.h */,
				C573CE791D2F4519004AE7A5 /* SlideNavigationContorllerAnimatorFade.h */,
				C573CE7A1D2F4519004AE7A5 /* SlideNavigationContorllerAnimatorFade.m */,
				C573CE7B1D2F4519004AE7A5 /* SlideNavigationContorllerAnimatorScale.h */,
				C573CE7C1D2F4519004AE7A5 /* SlideNavigationContorllerAnimatorScale.m */,
				C573CE7D1D2F4519004AE7A5 /* SlideNavigationContorllerAnimatorScaleAndFade.h */,
				C573CE7E1D2F4519004AE7A5 /* SlideNavigationContorllerAnimatorScaleAndFade.m */,
				C573CE7F1D2F4519004AE7A5 /* SlideNavigationContorllerAnimatorSlide.h */,
				C573CE801D2F4519004AE7A5 /* SlideNavigationContorllerAnimatorSlide.m */,
				C573CE811D2F4519004AE7A5 /* SlideNavigationContorllerAnimatorSlideAndFade.h */,
				C573CE821D2F4519004AE7A5 /* SlideNavigationContorllerAnimatorSlideAndFade.m */,
			);
			path = Animations;
			sourceTree = "<group>";
		};
		C573CE831D2F4519004AE7A5 /* Assets */ = {
			isa = PBXGroup;
			children = (
				C573CE9A1D2F5343004AE7A5 /* menu-button@2x.png */,
			);
			path = Assets;
			sourceTree = "<group>";
		};
		C579003E1D24C48E00201E0D /* SDWebImage */ = {
			isa = PBXGroup;
			children = (
				C579003F1D24C48E00201E0D /* MKAnnotationView+WebCache.h */,
				C57900401D24C48E00201E0D /* MKAnnotationView+WebCache.m */,
				C57900411D24C48E00201E0D /* NSData+ImageContentType.h */,
				C57900421D24C48E00201E0D /* NSData+ImageContentType.m */,
				C57900431D24C48E00201E0D /* SDImageCache.h */,
				C57900441D24C48E00201E0D /* SDImageCache.m */,
				C57900451D24C48E00201E0D /* SDWebImageCompat.h */,
				C57900461D24C48E00201E0D /* SDWebImageCompat.m */,
				C57900471D24C48E00201E0D /* SDWebImageDecoder.h */,
				C57900481D24C48E00201E0D /* SDWebImageDecoder.m */,
				C57900491D24C48E00201E0D /* SDWebImageDownloader.h */,
				C579004A1D24C48E00201E0D /* SDWebImageDownloader.m */,
				C579004B1D24C48E00201E0D /* SDWebImageDownloaderOperation.h */,
				C579004C1D24C48E00201E0D /* SDWebImageDownloaderOperation.m */,
				C579004D1D24C48E00201E0D /* SDWebImageManager.h */,
				C579004E1D24C48E00201E0D /* SDWebImageManager.m */,
				C579004F1D24C48E00201E0D /* SDWebImageOperation.h */,
				C57900501D24C48E00201E0D /* SDWebImagePrefetcher.h */,
				C57900511D24C48E00201E0D /* SDWebImagePrefetcher.m */,
				C57900521D24C48E00201E0D /* UIButton+WebCache.h */,
				C57900531D24C48E00201E0D /* UIButton+WebCache.m */,
				C57900541D24C48E00201E0D /* UIImage+GIF.h */,
				C57900551D24C48E00201E0D /* UIImage+GIF.m */,
				C57900561D24C48E00201E0D /* UIImage+MultiFormat.h */,
				C57900571D24C48E00201E0D /* UIImage+MultiFormat.m */,
				C57900581D24C48E00201E0D /* UIImage+WebP.h */,
				C57900591D24C48E00201E0D /* UIImage+WebP.m */,
				C579005A1D24C48E00201E0D /* UIImageView+HighlightedWebCache.h */,
				C579005B1D24C48E00201E0D /* UIImageView+HighlightedWebCache.m */,
				C579005C1D24C48E00201E0D /* UIImageView+WebCache.h */,
				C579005D1D24C48E00201E0D /* UIImageView+WebCache.m */,
				C579005E1D24C48E00201E0D /* UIView+WebCacheOperation.h */,
				C579005F1D24C48E00201E0D /* UIView+WebCacheOperation.m */,
			);
			path = SDWebImage;
			sourceTree = "<group>";
		};
		C57900701D24C5A900201E0D /* SDCycleScrollView */ = {
			isa = PBXGroup;
			children = (
				C57900711D24C5A900201E0D /* PageControl */,
				C579007A1D24C5A900201E0D /* SDCollectionViewCell.h */,
				C579007B1D24C5A900201E0D /* SDCollectionViewCell.m */,
				C579007C1D24C5A900201E0D /* SDCycleScrollView.h */,
				C579007D1D24C5A900201E0D /* SDCycleScrollView.m */,
				C579007E1D24C5A900201E0D /* UIView+SDExtension.h */,
				C579007F1D24C5A900201E0D /* UIView+SDExtension.m */,
			);
			path = SDCycleScrollView;
			sourceTree = "<group>";
		};
		C57900711D24C5A900201E0D /* PageControl */ = {
			isa = PBXGroup;
			children = (
				C57900721D24C5A900201E0D /* TAAbstractDotView.h */,
				C57900731D24C5A900201E0D /* TAAbstractDotView.m */,
				C57900741D24C5A900201E0D /* TAAnimatedDotView.h */,
				C57900751D24C5A900201E0D /* TAAnimatedDotView.m */,
				C57900761D24C5A900201E0D /* TADotView.h */,
				C57900771D24C5A900201E0D /* TADotView.m */,
				C57900781D24C5A900201E0D /* TAPageControl.h */,
				C57900791D24C5A900201E0D /* TAPageControl.m */,
			);
			path = PageControl;
			sourceTree = "<group>";
		};
		C579008A1D24C7BE00201E0D /* HomePage */ = {
			isa = PBXGroup;
			children = (
				C57900871D24C79C00201E0D /* HomePageController.h */,
				C57900881D24C79C00201E0D /* HomePageController.m */,
			);
			name = HomePage;
			sourceTree = "<group>";
		};
		C5B0D6F01D13A00D004EF6F2 /* YSLContainerViewController */ = {
			isa = PBXGroup;
			children = (
				C5B0D6F11D13A00D004EF6F2 /* YSLContainerViewController.h */,
				C5B0D6F21D13A00D004EF6F2 /* YSLContainerViewController.m */,
				C5B0D6F31D13A00D004EF6F2 /* YSLScrollMenuView.h */,
				C5B0D6F41D13A00D004EF6F2 /* YSLScrollMenuView.m */,
			);
			path = YSLContainerViewController;
			sourceTree = "<group>";
		};
		C5B0D6F71D13A062004EF6F2 /* Monitor */ = {
			isa = PBXGroup;
			children = (
				C5B0D6F81D13A0AF004EF6F2 /* MonitorController.h */,
				C5B0D6F91D13A0AF004EF6F2 /* MonitorController.m */,
				C5B0D6FB1D13DE57004EF6F2 /* DepositController.h */,
				C5B0D6FC1D13DE57004EF6F2 /* DepositController.m */,
				C5B0D6FE1D13E64B004EF6F2 /* LoanController.h */,
				C5B0D6FF1D13E64B004EF6F2 /* LoanController.m */,
				C5B0D7011D13E94D004EF6F2 /* BigClientController.h */,
				C5B0D7021D13E94D004EF6F2 /* BigClientController.m */,
				C52D23CA1D13EBF600CF6BEC /* BigClientChartController.h */,
				C52D23CB1D13EBF600CF6BEC /* BigClientChartController.m */,
				C52D248A1D13F62000CF6BEC /* BillPoolController.h */,
				C52D248B1D13F62000CF6BEC /* BillPoolController.m */,
				C52D248D1D13F66300CF6BEC /* ForeigncurrencyController.h */,
				C52D248E1D13F66300CF6BEC /* ForeigncurrencyController.m */,
				C57900961D251A9B00201E0D /* BigClientCell.h */,
				C57900971D251A9B00201E0D /* BigClientCell.m */,
				C57900981D251A9B00201E0D /* BigClientCell.xib */,
			);
			name = Monitor;
			sourceTree = "<group>";
		};
		C5B43F951D0D70B300DABF5F /* More */ = {
			isa = PBXGroup;
			children = (
				C5B43F961D0D70CB00DABF5F /* MoreController.h */,
				C5B43F971D0D70CB00DABF5F /* MoreController.m */,
			);
			name = More;
			sourceTree = "<group>";
		};
		C5C3671E1D0570DD00BC2148 = {
			isa = PBXGroup;
			children = (
				C5C367291D0570DD00BC2148 /* mgapp */,
				C5C367461D0570DD00BC2148 /* mgappTests */,
				C5C367511D0570DE00BC2148 /* mgappUITests */,
				C5C367281D0570DD00BC2148 /* Products */,
				198AB48904768116EB3660B6 /* Pods */,
				A8516C4FEB60EFA6E8CF02E0 /* Frameworks */,
			);
			sourceTree = "<group>";
		};
		C5C367281D0570DD00BC2148 /* Products */ = {
			isa = PBXGroup;
			children = (
				C5C367271D0570DD00BC2148 /* mgapp.app */,
				C5C367431D0570DD00BC2148 /* mgappTests.xctest */,
				C5C3674E1D0570DE00BC2148 /* mgappUITests.xctest */,
			);
			name = Products;
			sourceTree = "<group>";
		};
		C5C367291D0570DD00BC2148 /* mgapp */ = {
			isa = PBXGroup;
			children = (
				C579008A1D24C7BE00201E0D /* HomePage */,
				C5B0D6F71D13A062004EF6F2 /* Monitor */,
				C5B43F951D0D70B300DABF5F /* More */,
				C5E371651D08283D00DDBF87 /* Common */,
				C5E371481D07B6C200DDBF87 /* Intro */,
				C559EA931D06DC54003FA7C9 /* Resource */,
				C559EA8E1D06DB61003FA7C9 /* Login */,
				C5C367601D05791B00BC2148 /* NeedDeal */,
				C5C3672D1D0570DD00BC2148 /* AppDelegate.h */,
				C5C3672E1D0570DD00BC2148 /* AppDelegate.m */,
				C5C367301D0570DD00BC2148 /* FirstViewController.h */,
				C5C367311D0570DD00BC2148 /* FirstViewController.m */,
				C559EA7D1D06B289003FA7C9 /* News */,
				C5C367331D0570DD00BC2148 /* SecondViewController.h */,
				C5C367341D0570DD00BC2148 /* SecondViewController.m */,
				C5C367361D0570DD00BC2148 /* Main.storyboard */,
				C5C367391D0570DD00BC2148 /* Assets.xcassets */,
				C5C3673B1D0570DD00BC2148 /* LaunchScreen.storyboard */,
				C5C3673E1D0570DD00BC2148 /* Info.plist */,
				C5C367731D058FB200BC2148 /* PrefixHeader.pch */,
				C5C3672A1D0570DD00BC2148 /* Supporting Files */,
				C559EA671D069573003FA7C9 /* RootTabBarController.h */,
				C559EA681D069573003FA7C9 /* RootTabBarController.m */,
			);
			path = mgapp;
			sourceTree = "<group>";
		};
		C5C3672A1D0570DD00BC2148 /* Supporting Files */ = {
			isa = PBXGroup;
			children = (
				C58B3D921D2D02DD00574259 /* 资金.png */,
				C579008B1D24C8E300201E0D /* h1.jpg */,
				C579008C1D24C8E300201E0D /* h3.jpg */,
				C579008D1D24C8E300201E0D /* h2.jpg */,
				C579008E1D24C8E300201E0D /* h4.jpg */,
				C52D24901D178DF100CF6BEC /* head.jpg */,
				C52D24941D17DDAC00CF6BEC /* 驳回@3x.png */,
				C52D24921D17DCFF00CF6BEC /* 通过@3x.png */,
				C5C367641D057E2700BC2148 /* image */,
				C5C3672B1D0570DD00BC2148 /* main.m */,
			);
			name = "Supporting Files";
			sourceTree = "<group>";
		};
		C5C367461D0570DD00BC2148 /* mgappTests */ = {
			isa = PBXGroup;
			children = (
				C5C367471D0570DD00BC2148 /* mgappTests.m */,
				C5C367491D0570DE00BC2148 /* Info.plist */,
			);
			path = mgappTests;
			sourceTree = "<group>";
		};
		C5C367511D0570DE00BC2148 /* mgappUITests */ = {
			isa = PBXGroup;
			children = (
				C5C367521D0570DE00BC2148 /* mgappUITests.m */,
				C5C367541D0570DE00BC2148 /* Info.plist */,
			);
			path = mgappUITests;
			sourceTree = "<group>";
		};
		C5C367601D05791B00BC2148 /* NeedDeal */ = {
			isa = PBXGroup;
			children = (
				C5C367611D05796300BC2148 /* NeedDealCell.h */,
				C5C367621D05796300BC2148 /* NeedDealCell.m */,
				C559EA8B1D06D3EE003FA7C9 /* ApplicantFormController.h */,
				C559EA8C1D06D3EE003FA7C9 /* ApplicantFormController.m */,
			);
			name = NeedDeal;
			sourceTree = "<group>";
		};
		C5C367641D057E2700BC2148 /* image */ = {
			isa = PBXGroup;
			children = (
				C58B3D9C1D2D1E6E00574259 /* 资金b.png */,
				C58B3D941D2D038000574259 /* 公告b.png */,
				C58B3D951D2D038000574259 /* 新闻b.png */,
				C58B3D961D2D038000574259 /* 排行b.png */,
				C58B3D971D2D038000574259 /* 待办b.png */,
				C5E371521D07B79300DDBF87 /* intro */,
				C559EA891D06D37A003FA7C9 /* 附件.png */,
				C559EA811D06B40F003FA7C9 /* news1.jpg */,
				C5E371631D08158B00DDBF87 /* 添加@2x.png */,
				C559EA821D06B40F003FA7C9 /* news2.jpg */,
				C559EA831D06B40F003FA7C9 /* news3.jpg */,
				C559EA841D06B40F003FA7C9 /* news4.jpg */,
				C5E3715D1D07BD3400DDBF87 /* phone@2x.png */,
				C579009B1D261A3300201E0D /* 首@2x.png */,
				C559EA741D06A6BC003FA7C9 /* 更多@2x.png */,
				C559EA751D06A6BC003FA7C9 /* 监控@2x.png */,
				C559EA761D06A6BC003FA7C9 /* 新闻@2x.png */,
				C559EA6E1D06A67C003FA7C9 /* 更多@2x.png */,
				C559EA6F1D06A67C003FA7C9 /* 监控@2x.png */,
				C559EA701D06A67C003FA7C9 /* 新闻@2x.png */,
				C5E3715F1D0814C400DDBF87 /* menu-button@2x.png */,
				C559EA6C1D06A619003FA7C9 /* 待办@2x.png */,
				C5C367711D058F0E00BC2148 /* hetong4.png */,
				C5C3676E1D058B8E00BC2148 /* hetong3.png */,
				C5C3676B1D058AE500BC2148 /* hetong2.png */,
				C5C367691D05865500BC2148 /* hetong.png */,
			);
			name = image;
			sourceTree = "<group>";
		};
		C5DC7CAA1D1A35C900B06514 /* LGAlertView */ = {
			isa = PBXGroup;
			children = (
				C5DC7C9B1D1A35C900B06514 /* LGAlertView.h */,
				C5DC7C9C1D1A35C900B06514 /* LGAlertView.m */,
				C5DC7C9D1D1A35C900B06514 /* LGAlertViewButtonProperties.h */,
				C5DC7C9E1D1A35C900B06514 /* LGAlertViewButtonProperties.m */,
				C5DC7C9F1D1A35C900B06514 /* LGAlertViewCell.h */,
				C5DC7CA01D1A35C900B06514 /* LGAlertViewCell.m */,
				C5DC7CA11D1A35C900B06514 /* LGAlertViewController.h */,
				C5DC7CA21D1A35C900B06514 /* LGAlertViewController.m */,
				C5DC7CA31D1A35C900B06514 /* LGAlertViewShared.h */,
				C5DC7CA41D1A35C900B06514 /* LGAlertViewTextField.h */,
				C5DC7CA51D1A35C900B06514 /* LGAlertViewTextField.m */,
				C5DC7CA61D1A35C900B06514 /* LGAlertViewWindow.h */,
				C5DC7CA71D1A35C900B06514 /* LGAlertViewWindow.m */,
				C5DC7CA81D1A35C900B06514 /* UIWindow+LGAlertView.h */,
				C5DC7CA91D1A35C900B06514 /* UIWindow+LGAlertView.m */,
			);
			name = LGAlertView;
			path = ../../wodcn/wodcn/LGAlertView;
			sourceTree = "<group>";
		};
		C5E371481D07B6C200DDBF87 /* Intro */ = {
			isa = PBXGroup;
			children = (
				C5E371491D07B6DB00DDBF87 /* SWIntroductionViewController.h */,
				C5E3714A1D07B6DB00DDBF87 /* SWIntroductionViewController.m */,
				C5E3714B1D07B6DB00DDBF87 /* GHWalkThroughPageCell.h */,
				C5E3714C1D07B6DB00DDBF87 /* GHWalkThroughPageCell.m */,
				C5E3714D1D07B6DB00DDBF87 /* GHWalkThroughView.h */,
				C5E3714E1D07B6DB00DDBF87 /* GHWalkThroughView.m */,
			);
			name = Intro;
			sourceTree = "<group>";
		};
		C5E371521D07B79300DDBF87 /* intro */ = {
			isa = PBXGroup;
			children = (
				C5F908A91D1BB7A800198F2A /* bg_01.jpg */,
				C5F908AA1D1BB7A800198F2A /* bg_02.jpg */,
				C5F908AB1D1BB7A800198F2A /* bg_03.jpg */,
			);
			name = intro;
			sourceTree = "<group>";
		};
		C5E371651D08283D00DDBF87 /* Common */ = {
			isa = PBXGroup;
			children = (
				C57900701D24C5A900201E0D /* SDCycleScrollView */,
				C579003E1D24C48E00201E0D /* SDWebImage */,
				C5DC7CAA1D1A35C900B06514 /* LGAlertView */,
				C5B0D6F01D13A00D004EF6F2 /* YSLContainerViewController */,
				C5E371661D08284200DDBF87 /* SlideMenu */,
			);
			name = Common;
			sourceTree = "<group>";
		};
		C5E371661D08284200DDBF87 /* SlideMenu */ = {
			isa = PBXGroup;
			children = (
				C573CE641D2F4519004AE7A5 /* Helper Classes */,
				C573CE711D2F4519004AE7A5 /* Images */,
				C573CE761D2F4519004AE7A5 /* Source */,
			);
			name = SlideMenu;
			sourceTree = "<group>";
		};
/* End PBXGroup section */

/* Begin PBXNativeTarget section */
		C5C367261D0570DD00BC2148 /* mgapp */ = {
			isa = PBXNativeTarget;
			buildConfigurationList = C5C367571D0570DE00BC2148 /* Build configuration list for PBXNativeTarget "mgapp" */;
			buildPhases = (
				D6628856CE2C17C1C266B779 /* Check Pods Manifest.lock */,
				C5C367231D0570DD00BC2148 /* Sources */,
				C5C367241D0570DD00BC2148 /* Frameworks */,
				C5C367251D0570DD00BC2148 /* Resources */,
				061E033AEA50AEC52B54E4ED /* Copy Pods Resources */,
			);
			buildRules = (
			);
			dependencies = (
			);
			name = mgapp;
			productName = mgapp;
			productReference = C5C367271D0570DD00BC2148 /* mgapp.app */;
			productType = "com.apple.product-type.application";
		};
		C5C367421D0570DD00BC2148 /* mgappTests */ = {
			isa = PBXNativeTarget;
			buildConfigurationList = C5C3675A1D0570DE00BC2148 /* Build configuration list for PBXNativeTarget "mgappTests" */;
			buildPhases = (
				C5C3673F1D0570DD00BC2148 /* Sources */,
				C5C367401D0570DD00BC2148 /* Frameworks */,
				C5C367411D0570DD00BC2148 /* Resources */,
			);
			buildRules = (
			);
			dependencies = (
				C5C367451D0570DD00BC2148 /* PBXTargetDependency */,
			);
			name = mgappTests;
			productName = mgappTests;
			productReference = C5C367431D0570DD00BC2148 /* mgappTests.xctest */;
			productType = "com.apple.product-type.bundle.unit-test";
		};
		C5C3674D1D0570DE00BC2148 /* mgappUITests */ = {
			isa = PBXNativeTarget;
			buildConfigurationList = C5C3675D1D0570DE00BC2148 /* Build configuration list for PBXNativeTarget "mgappUITests" */;
			buildPhases = (
				C5C3674A1D0570DE00BC2148 /* Sources */,
				C5C3674B1D0570DE00BC2148 /* Frameworks */,
				C5C3674C1D0570DE00BC2148 /* Resources */,
			);
			buildRules = (
			);
			dependencies = (
				C5C367501D0570DE00BC2148 /* PBXTargetDependency */,
			);
			name = mgappUITests;
			productName = mgappUITests;
			productReference = C5C3674E1D0570DE00BC2148 /* mgappUITests.xctest */;
			productType = "com.apple.product-type.bundle.ui-testing";
		};
/* End PBXNativeTarget section */

/* Begin PBXProject section */
		C5C3671F1D0570DD00BC2148 /* Project object */ = {
			isa = PBXProject;
			attributes = {
				LastUpgradeCheck = 0730;
				ORGANIZATIONNAME = liyue;
				TargetAttributes = {
					C5C367261D0570DD00BC2148 = {
						CreatedOnToolsVersion = 7.3;
						DevelopmentTeam = 2T95THMZG9;
					};
					C5C367421D0570DD00BC2148 = {
						CreatedOnToolsVersion = 7.3;
						TestTargetID = C5C367261D0570DD00BC2148;
					};
					C5C3674D1D0570DE00BC2148 = {
						CreatedOnToolsVersion = 7.3;
						TestTargetID = C5C367261D0570DD00BC2148;
					};
				};
			};
			buildConfigurationList = C5C367221D0570DD00BC2148 /* Build configuration list for PBXProject "mgapp" */;
			compatibilityVersion = "Xcode 3.2";
			developmentRegion = English;
			hasScannedForEncodings = 0;
			knownRegions = (
				en,
				Base,
			);
			mainGroup = C5C3671E1D0570DD00BC2148;
			productRefGroup = C5C367281D0570DD00BC2148 /* Products */;
			projectDirPath = "";
			projectRoot = "";
			targets = (
				C5C367261D0570DD00BC2148 /* mgapp */,
				C5C367421D0570DD00BC2148 /* mgappTests */,
				C5C3674D1D0570DE00BC2148 /* mgappUITests */,
			);
		};
/* End PBXProject section */

/* Begin PBXResourcesBuildPhase section */
		C5C367251D0570DD00BC2148 /* Resources */ = {
			isa = PBXResourcesBuildPhase;
			buildActionMask = 2147483647;
			files = (
				C573CE911D2F4519004AE7A5 /* rightMenu.jpg in Resources */,
				C58B3D991D2D038000574259 /* 新闻b.png in Resources */,
				C5C367721D058F0E00BC2148 /* hetong4.png in Resources */,
				C5C367701D058B8E00BC2148 /* hetong3.png in Resources */,
				C5E371601D0814C400DDBF87 /* menu-button@2x.png in Resources */,
				C58B3D9D1D2D1E6E00574259 /* 资金b.png in Resources */,
				C5F908AE1D1BB7A800198F2A /* bg_03.jpg in Resources */,
				C57900911D24C8E300201E0D /* h2.jpg in Resources */,
				C559EAAD1D06DC54003FA7C9 /* keep_logo@2x.png in Resources */,
				C559EA8A1D06D37A003FA7C9 /* 附件.png in Resources */,
				C559EAA91D06DC54003FA7C9 /* keep6.png in Resources */,
				C579009C1D261A3300201E0D /* 首@2x.png in Resources */,
				C559EA791D06A6BC003FA7C9 /* 新闻@2x.png in Resources */,
				C559EAAF1D06DC54003FA7C9 /* keepkeep.png in Resources */,
				C559EA881D06B40F003FA7C9 /* news4.jpg in Resources */,
				C559EA771D06A6BC003FA7C9 /* 更多@2x.png in Resources */,
				C559EAA61D06DC54003FA7C9 /* 4_circle_on@2x.png in Resources */,
				C559EA861D06B40F003FA7C9 /* news2.jpg in Resources */,
				C58B3D9A1D2D038000574259 /* 排行b.png in Resources */,
				C559EA6D1D06A619003FA7C9 /* 待办@2x.png in Resources */,
				C559EAA41D06DC54003FA7C9 /* 4_circle.png in Resources */,
				C5E371641D08158B00DDBF87 /* 添加@2x.png in Resources */,
				C559EA871D06B40F003FA7C9 /* news3.jpg in Resources */,
				C573CE9B1D2F5343004AE7A5 /* menu-button@2x.png in Resources */,
				C5F908AD1D1BB7A800198F2A /* bg_02.jpg in Resources */,
				C559EAA31D06DC54003FA7C9 /* 1.mp4 in Resources */,
				C559EAB01D06DC54003FA7C9 /* keepkeep@2x.png in Resources */,
				C5C3676A1D05865500BC2148 /* hetong.png in Resources */,
				C559EAAA1D06DC54003FA7C9 /* keep6@2x.png in Resources */,
				C559EA721D06A67C003FA7C9 /* 监控@2x.png in Resources */,
				C559EA851D06B40F003FA7C9 /* news1.jpg in Resources */,
				C559EAAB1D06DC54003FA7C9 /* keep6plus@3x.png in Resources */,
				C559EA781D06A6BC003FA7C9 /* 监控@2x.png in Resources */,
				C559EAAE1D06DC54003FA7C9 /* keep_logo@3x.png in Resources */,
				C52D24911D178DF100CF6BEC /* head.jpg in Resources */,
				C559EAA51D06DC54003FA7C9 /* 4_circle@2x.png in Resources */,
				C559EA731D06A67C003FA7C9 /* 新闻@2x.png in Resources */,
				C559EAA71D06DC54003FA7C9 /* keep5.png in Resources */,
				C58B3D981D2D038000574259 /* 公告b.png in Resources */,
				C573CE901D2F4519004AE7A5 /* leftMenu.jpg in Resources */,
				C57900901D24C8E300201E0D /* h3.jpg in Resources */,
				C5C3673D1D0570DD00BC2148 /* LaunchScreen.storyboard in Resources */,
				C52D24931D17DCFF00CF6BEC /* 通过@3x.png in Resources */,
				C573CE8E1D2F4519004AE7A5 /* animation.png in Resources */,
				C58B3D9B1D2D038000574259 /* 待办b.png in Resources */,
				C579009A1D251A9B00201E0D /* BigClientCell.xib in Resources */,
				C52D24951D17DDAC00CF6BEC /* 驳回@3x.png in Resources */,
				C5F908AC1D1BB7A800198F2A /* bg_01.jpg in Resources */,
				C559EA711D06A67C003FA7C9 /* 更多@2x.png in Resources */,
				C5C3673A1D0570DD00BC2148 /* Assets.xcassets in Resources */,
				C559EAA81D06DC54003FA7C9 /* keep5@2x.png in Resources */,
				C5C367381D0570DD00BC2148 /* Main.storyboard in Resources */,
				C559EAAC1D06DC54003FA7C9 /* keep_logo.png in Resources */,
				C573CE8F1D2F4519004AE7A5 /* gear.png in Resources */,
				C5C3676C1D058AE500BC2148 /* hetong2.png in Resources */,
				C559EAB11D06DC54003FA7C9 /* keepkeep@3x.png in Resources */,
				C579008F1D24C8E300201E0D /* h1.jpg in Resources */,
				C57900921D24C8E300201E0D /* h4.jpg in Resources */,
				C58B3D931D2D02DD00574259 /* 资金.png in Resources */,
				C5E3715E1D07BD3400DDBF87 /* phone@2x.png in Resources */,
			);
			runOnlyForDeploymentPostprocessing = 0;
		};
		C5C367411D0570DD00BC2148 /* Resources */ = {
			isa = PBXResourcesBuildPhase;
			buildActionMask = 2147483647;
			files = (
			);
			runOnlyForDeploymentPostprocessing = 0;
		};
		C5C3674C1D0570DE00BC2148 /* Resources */ = {
			isa = PBXResourcesBuildPhase;
			buildActionMask = 2147483647;
			files = (
			);
			runOnlyForDeploymentPostprocessing = 0;
		};
/* End PBXResourcesBuildPhase section */

/* Begin PBXShellScriptBuildPhase section */
		061E033AEA50AEC52B54E4ED /* Copy Pods Resources */ = {
			isa = PBXShellScriptBuildPhase;
			buildActionMask = 2147483647;
			files = (
			);
			inputPaths = (
			);
			name = "Copy Pods Resources";
			outputPaths = (
			);
			runOnlyForDeploymentPostprocessing = 0;
			shellPath = /bin/sh;
			shellScript = "\"${SRCROOT}/Pods/Target Support Files/Pods/Pods-resources.sh\"\n";
			showEnvVarsInLog = 0;
		};
		D6628856CE2C17C1C266B779 /* Check Pods Manifest.lock */ = {
			isa = PBXShellScriptBuildPhase;
			buildActionMask = 2147483647;
			files = (
			);
			inputPaths = (
			);
			name = "Check Pods Manifest.lock";
			outputPaths = (
			);
			runOnlyForDeploymentPostprocessing = 0;
			shellPath = /bin/sh;
			shellScript = "diff \"${PODS_ROOT}/../Podfile.lock\" \"${PODS_ROOT}/Manifest.lock\" > /dev/null\nif [[ $? != 0 ]] ; then\n    cat << EOM\nerror: The sandbox is not in sync with the Podfile.lock. Run 'pod install' or update your CocoaPods installation.\nEOM\n    exit 1\nfi\n";
			showEnvVarsInLog = 0;
		};
/* End PBXShellScriptBuildPhase section */

/* Begin PBXSourcesBuildPhase section */
		C5C367231D0570DD00BC2148 /* Sources */ = {
			isa = PBXSourcesBuildPhase;
			buildActionMask = 2147483647;
			files = (
				C559EA8D1D06D3EE003FA7C9 /* ApplicantFormController.m in Sources */,
				C579006C1D24C48E00201E0D /* UIImage+WebP.m in Sources */,
				C57900691D24C48E00201E0D /* UIButton+WebCache.m in Sources */,
				C5DC7CB11D1A35C900B06514 /* UIWindow+LGAlertView.m in Sources */,
				C52D248C1D13F62000CF6BEC /* BillPoolController.m in Sources */,
				C5E371501D07B6DB00DDBF87 /* GHWalkThroughPageCell.m in Sources */,
				C5DC7CAC1D1A35C900B06514 /* LGAlertViewButtonProperties.m in Sources */,
				C5DC7CB01D1A35C900B06514 /* LGAlertViewWindow.m in Sources */,
				C573CE961D2F4519004AE7A5 /* SlideNavigationContorllerAnimatorSlideAndFade.m in Sources */,
				C5C367351D0570DD00BC2148 /* SecondViewController.m in Sources */,
				C57900621D24C48E00201E0D /* SDImageCache.m in Sources */,
				C57900611D24C48E00201E0D /* NSData+ImageContentType.m in Sources */,
				C5C3672F1D0570DD00BC2148 /* AppDelegate.m in Sources */,
				C5B0D6F51D13A00D004EF6F2 /* YSLContainerViewController.m in Sources */,
				C573CE8B1D2F4519004AE7A5 /* ProfileDetailViewController.m in Sources */,
				C52D248F1D13F66300CF6BEC /* ForeigncurrencyController.m in Sources */,
				C57900601D24C48E00201E0D /* MKAnnotationView+WebCache.m in Sources */,
				C5B43F981D0D70CB00DABF5F /* MoreController.m in Sources */,
				C5B0D6FD1D13DE57004EF6F2 /* DepositController.m in Sources */,
				C579006E1D24C48E00201E0D /* UIImageView+WebCache.m in Sources */,
				C5E371511D07B6DB00DDBF87 /* GHWalkThroughView.m in Sources */,
				C573CE951D2F4519004AE7A5 /* SlideNavigationContorllerAnimatorSlide.m in Sources */,
				C57900811D24C5A900201E0D /* TAAnimatedDotView.m in Sources */,
				C57900851D24C5A900201E0D /* SDCycleScrollView.m in Sources */,
				C57900661D24C48E00201E0D /* SDWebImageDownloaderOperation.m in Sources */,
				C5DC7CAD1D1A35C900B06514 /* LGAlertViewCell.m in Sources */,
				C5C367631D05796300BC2148 /* NeedDealCell.m in Sources */,
				C57900631D24C48E00201E0D /* SDWebImageCompat.m in Sources */,
				C5B0D7031D13E94D004EF6F2 /* BigClientController.m in Sources */,
				C57900841D24C5A900201E0D /* SDCollectionViewCell.m in Sources */,
				C573CE8C1D2F4519004AE7A5 /* ProfileViewController.m in Sources */,
				C579006A1D24C48E00201E0D /* UIImage+GIF.m in Sources */,
				C579006D1D24C48E00201E0D /* UIImageView+HighlightedWebCache.m in Sources */,
				C573CE991D2F4519004AE7A5 /* SlideNavigationController.m in Sources */,
				C5B0D6F61D13A00D004EF6F2 /* YSLScrollMenuView.m in Sources */,
				C579006B1D24C48E00201E0D /* UIImage+MultiFormat.m in Sources */,
				C559EA801D06B2A5003FA7C9 /* NewsCell.m in Sources */,
				C559EA691D069573003FA7C9 /* RootTabBarController.m in Sources */,
				C57900671D24C48E00201E0D /* SDWebImageManager.m in Sources */,
				C57900861D24C5A900201E0D /* UIView+SDExtension.m in Sources */,
				C573CE941D2F4519004AE7A5 /* SlideNavigationContorllerAnimatorScaleAndFade.m in Sources */,
				C57900641D24C48E00201E0D /* SDWebImageDecoder.m in Sources */,
				C57900891D24C79C00201E0D /* HomePageController.m in Sources */,
				C573CE8A1D2F4519004AE7A5 /* LeftMenuViewController.m in Sources */,
				C57900831D24C5A900201E0D /* TAPageControl.m in Sources */,
				C5C367321D0570DD00BC2148 /* FirstViewController.m in Sources */,
				C5DC7CAF1D1A35C900B06514 /* LGAlertViewTextField.m in Sources */,
				C57900651D24C48E00201E0D /* SDWebImageDownloader.m in Sources */,
				C579006F1D24C48E00201E0D /* UIView+WebCacheOperation.m in Sources */,
				C5DC7CAB1D1A35C900B06514 /* LGAlertView.m in Sources */,
				C5B0D6FA1D13A0AF004EF6F2 /* MonitorController.m in Sources */,
				C57900821D24C5A900201E0D /* TADotView.m in Sources */,
				C573CE921D2F4519004AE7A5 /* SlideNavigationContorllerAnimatorFade.m in Sources */,
				C57900681D24C48E00201E0D /* SDWebImagePrefetcher.m in Sources */,
				C57900801D24C5A900201E0D /* TAAbstractDotView.m in Sources */,
				C573CE891D2F4519004AE7A5 /* HomeViewController.m in Sources */,
				C5C3672C1D0570DD00BC2148 /* main.m in Sources */,
				C5B0D7001D13E64B004EF6F2 /* LoanController.m in Sources */,
				C52D23CC1D13EBF600CF6BEC /* BigClientChartController.m in Sources */,
				C573CE8D1D2F4519004AE7A5 /* RightMenuViewController.m in Sources */,
				C573CE881D2F4519004AE7A5 /* FriendsViewController.m in Sources */,
				C5E3714F1D07B6DB00DDBF87 /* SWIntroductionViewController.m in Sources */,
				C559EA911D06DB8A003FA7C9 /* LoginController.m in Sources */,
				C5DC7CAE1D1A35C900B06514 /* LGAlertViewController.m in Sources */,
				C57900991D251A9B00201E0D /* BigClientCell.m in Sources */,
				C573CE931D2F4519004AE7A5 /* SlideNavigationContorllerAnimatorScale.m in Sources */,
			);
			runOnlyForDeploymentPostprocessing = 0;
		};
		C5C3673F1D0570DD00BC2148 /* Sources */ = {
			isa = PBXSourcesBuildPhase;
			buildActionMask = 2147483647;
			files = (
				C5C367481D0570DD00BC2148 /* mgappTests.m in Sources */,
			);
			runOnlyForDeploymentPostprocessing = 0;
		};
		C5C3674A1D0570DE00BC2148 /* Sources */ = {
			isa = PBXSourcesBuildPhase;
			buildActionMask = 2147483647;
			files = (
				C5C367531D0570DE00BC2148 /* mgappUITests.m in Sources */,
			);
			runOnlyForDeploymentPostprocessing = 0;
		};
/* End PBXSourcesBuildPhase section */

/* Begin PBXTargetDependency section */
		C5C367451D0570DD00BC2148 /* PBXTargetDependency */ = {
			isa = PBXTargetDependency;
			target = C5C367261D0570DD00BC2148 /* mgapp */;
			targetProxy = C5C367441D0570DD00BC2148 /* PBXContainerItemProxy */;
		};
		C5C367501D0570DE00BC2148 /* PBXTargetDependency */ = {
			isa = PBXTargetDependency;
			target = C5C367261D0570DD00BC2148 /* mgapp */;
			targetProxy = C5C3674F1D0570DE00BC2148 /* PBXContainerItemProxy */;
		};
/* End PBXTargetDependency section */

/* Begin PBXVariantGroup section */
		C5C367361D0570DD00BC2148 /* Main.storyboard */ = {
			isa = PBXVariantGroup;
			children = (
				C5C367371D0570DD00BC2148 /* Base */,
			);
			name = Main.storyboard;
			sourceTree = "<group>";
		};
		C5C3673B1D0570DD00BC2148 /* LaunchScreen.storyboard */ = {
			isa = PBXVariantGroup;
			children = (
				C5C3673C1D0570DD00BC2148 /* Base */,
			);
			name = LaunchScreen.storyboard;
			sourceTree = "<group>";
		};
/* End PBXVariantGroup section */

/* Begin XCBuildConfiguration section */
		C5C367551D0570DE00BC2148 /* Debug */ = {
			isa = XCBuildConfiguration;
			buildSettings = {
				ALWAYS_SEARCH_USER_PATHS = NO;
				CLANG_ANALYZER_NONNULL = YES;
				CLANG_CXX_LANGUAGE_STANDARD = "gnu++0x";
				CLANG_CXX_LIBRARY = "libc++";
				CLANG_ENABLE_MODULES = YES;
				CLANG_ENABLE_OBJC_ARC = YES;
				CLANG_WARN_BOOL_CONVERSION = YES;
				CLANG_WARN_CONSTANT_CONVERSION = YES;
				CLANG_WARN_DIRECT_OBJC_ISA_USAGE = YES_ERROR;
				CLANG_WARN_EMPTY_BODY = YES;
				CLANG_WARN_ENUM_CONVERSION = YES;
				CLANG_WARN_INT_CONVERSION = YES;
				CLANG_WARN_OBJC_ROOT_CLASS = YES_ERROR;
				CLANG_WARN_UNREACHABLE_CODE = YES;
				CLANG_WARN__DUPLICATE_METHOD_MATCH = YES;
				"CODE_SIGN_IDENTITY[sdk=iphoneos*]" = "iPhone Developer";
				COPY_PHASE_STRIP = NO;
				DEBUG_INFORMATION_FORMAT = dwarf;
				ENABLE_STRICT_OBJC_MSGSEND = YES;
				ENABLE_TESTABILITY = YES;
				GCC_C_LANGUAGE_STANDARD = gnu99;
				GCC_DYNAMIC_NO_PIC = NO;
				GCC_NO_COMMON_BLOCKS = YES;
				GCC_OPTIMIZATION_LEVEL = 0;
				GCC_PREPROCESSOR_DEFINITIONS = (
					"DEBUG=1",
					"$(inherited)",
				);
				GCC_WARN_64_TO_32_BIT_CONVERSION = YES;
				GCC_WARN_ABOUT_RETURN_TYPE = YES_ERROR;
				GCC_WARN_UNDECLARED_SELECTOR = YES;
				GCC_WARN_UNINITIALIZED_AUTOS = YES_AGGRESSIVE;
				GCC_WARN_UNUSED_FUNCTION = YES;
				GCC_WARN_UNUSED_VARIABLE = YES;
				IPHONEOS_DEPLOYMENT_TARGET = 9.3;
				MTL_ENABLE_DEBUG_INFO = YES;
				ONLY_ACTIVE_ARCH = YES;
				SDKROOT = iphoneos;
				TARGETED_DEVICE_FAMILY = "1,2";
			};
			name = Debug;
		};
		C5C367561D0570DE00BC2148 /* Release */ = {
			isa = XCBuildConfiguration;
			buildSettings = {
				ALWAYS_SEARCH_USER_PATHS = NO;
				CLANG_ANALYZER_NONNULL = YES;
				CLANG_CXX_LANGUAGE_STANDARD = "gnu++0x";
				CLANG_CXX_LIBRARY = "libc++";
				CLANG_ENABLE_MODULES = YES;
				CLANG_ENABLE_OBJC_ARC = YES;
				CLANG_WARN_BOOL_CONVERSION = YES;
				CLANG_WARN_CONSTANT_CONVERSION = YES;
				CLANG_WARN_DIRECT_OBJC_ISA_USAGE = YES_ERROR;
				CLANG_WARN_EMPTY_BODY = YES;
				CLANG_WARN_ENUM_CONVERSION = YES;
				CLANG_WARN_INT_CONVERSION = YES;
				CLANG_WARN_OBJC_ROOT_CLASS = YES_ERROR;
				CLANG_WARN_UNREACHABLE_CODE = YES;
				CLANG_WARN__DUPLICATE_METHOD_MATCH = YES;
				"CODE_SIGN_IDENTITY[sdk=iphoneos*]" = "iPhone Developer";
				COPY_PHASE_STRIP = NO;
				DEBUG_INFORMATION_FORMAT = "dwarf-with-dsym";
				ENABLE_NS_ASSERTIONS = NO;
				ENABLE_STRICT_OBJC_MSGSEND = YES;
				GCC_C_LANGUAGE_STANDARD = gnu99;
				GCC_NO_COMMON_BLOCKS = YES;
				GCC_WARN_64_TO_32_BIT_CONVERSION = YES;
				GCC_WARN_ABOUT_RETURN_TYPE = YES_ERROR;
				GCC_WARN_UNDECLARED_SELECTOR = YES;
				GCC_WARN_UNINITIALIZED_AUTOS = YES_AGGRESSIVE;
				GCC_WARN_UNUSED_FUNCTION = YES;
				GCC_WARN_UNUSED_VARIABLE = YES;
				IPHONEOS_DEPLOYMENT_TARGET = 9.3;
				MTL_ENABLE_DEBUG_INFO = NO;
				SDKROOT = iphoneos;
				TARGETED_DEVICE_FAMILY = "1,2";
				VALIDATE_PRODUCT = YES;
			};
			name = Release;
		};
		C5C367581D0570DE00BC2148 /* Debug */ = {
			isa = XCBuildConfiguration;
			baseConfigurationReference = F3853B9E314EC68B512F8B6B /* Pods.debug.xcconfig */;
			buildSettings = {
				ASSETCATALOG_COMPILER_APPICON_NAME = AppIcon;
				CODE_SIGN_IDENTITY = "iPhone Developer";
				"CODE_SIGN_IDENTITY[sdk=iphoneos*]" = "iPhone Developer";
				GCC_PREFIX_HEADER = "$(SRCROOT)/mgapp/PrefixHeader.pch";
				INFOPLIST_FILE = mgapp/Info.plist;
				IPHONEOS_DEPLOYMENT_TARGET = 9.3;
				LD_RUNPATH_SEARCH_PATHS = "$(inherited) @executable_path/Frameworks";
				PRODUCT_BUNDLE_IDENTIFIER = com.liyue.mgapp;
				PRODUCT_NAME = "$(TARGET_NAME)";
				PROVISIONING_PROFILE = "";
			};
			name = Debug;
		};
		C5C367591D0570DE00BC2148 /* Release */ = {
			isa = XCBuildConfiguration;
			baseConfigurationReference = 9207027B1B6DBA62565AF50D /* Pods.release.xcconfig */;
			buildSettings = {
				ASSETCATALOG_COMPILER_APPICON_NAME = AppIcon;
				CODE_SIGN_IDENTITY = "iPhone Developer";
				"CODE_SIGN_IDENTITY[sdk=iphoneos*]" = "iPhone Developer";
				GCC_PREFIX_HEADER = "$(SRCROOT)/mgapp/PrefixHeader.pch";
				INFOPLIST_FILE = mgapp/Info.plist;
				IPHONEOS_DEPLOYMENT_TARGET = 9.3;
				LD_RUNPATH_SEARCH_PATHS = "$(inherited) @executable_path/Frameworks";
				PRODUCT_BUNDLE_IDENTIFIER = com.liyue.mgapp;
				PRODUCT_NAME = "$(TARGET_NAME)";
				PROVISIONING_PROFILE = "";
			};
			name = Release;
		};
		C5C3675B1D0570DE00BC2148 /* Debug */ = {
			isa = XCBuildConfiguration;
			buildSettings = {
				BUNDLE_LOADER = "$(TEST_HOST)";
				INFOPLIST_FILE = mgappTests/Info.plist;
				LD_RUNPATH_SEARCH_PATHS = "$(inherited) @executable_path/Frameworks @loader_path/Frameworks";
				PRODUCT_BUNDLE_IDENTIFIER = com.liyue.mgappTests;
				PRODUCT_NAME = "$(TARGET_NAME)";
				TEST_HOST = "$(BUILT_PRODUCTS_DIR)/mgapp.app/mgapp";
			};
			name = Debug;
		};
		C5C3675C1D0570DE00BC2148 /* Release */ = {
			isa = XCBuildConfiguration;
			buildSettings = {
				BUNDLE_LOADER = "$(TEST_HOST)";
				INFOPLIST_FILE = mgappTests/Info.plist;
				LD_RUNPATH_SEARCH_PATHS = "$(inherited) @executable_path/Frameworks @loader_path/Frameworks";
				PRODUCT_BUNDLE_IDENTIFIER = com.liyue.mgappTests;
				PRODUCT_NAME = "$(TARGET_NAME)";
				TEST_HOST = "$(BUILT_PRODUCTS_DIR)/mgapp.app/mgapp";
			};
			name = Release;
		};
		C5C3675E1D0570DE00BC2148 /* Debug */ = {
			isa = XCBuildConfiguration;
			buildSettings = {
				INFOPLIST_FILE = mgappUITests/Info.plist;
				LD_RUNPATH_SEARCH_PATHS = "$(inherited) @executable_path/Frameworks @loader_path/Frameworks";
				PRODUCT_BUNDLE_IDENTIFIER = com.liyue.mgappUITests;
				PRODUCT_NAME = "$(TARGET_NAME)";
				TEST_TARGET_NAME = mgapp;
			};
			name = Debug;
		};
		C5C3675F1D0570DE00BC2148 /* Release */ = {
			isa = XCBuildConfiguration;
			buildSettings = {
				INFOPLIST_FILE = mgappUITests/Info.plist;
				LD_RUNPATH_SEARCH_PATHS = "$(inherited) @executable_path/Frameworks @loader_path/Frameworks";
				PRODUCT_BUNDLE_IDENTIFIER = com.liyue.mgappUITests;
				PRODUCT_NAME = "$(TARGET_NAME)";
				TEST_TARGET_NAME = mgapp;
			};
			name = Release;
		};
/* End XCBuildConfiguration section */

/* Begin XCConfigurationList section */
		C5C367221D0570DD00BC2148 /* Build configuration list for PBXProject "mgapp" */ = {
			isa = XCConfigurationList;
			buildConfigurations = (
				C5C367551D0570DE00BC2148 /* Debug */,
				C5C367561D0570DE00BC2148 /* Release */,
			);
			defaultConfigurationIsVisible = 0;
			defaultConfigurationName = Release;
		};
		C5C367571D0570DE00BC2148 /* Build configuration list for PBXNativeTarget "mgapp" */ = {
			isa = XCConfigurationList;
			buildConfigurations = (
				C5C367581D0570DE00BC2148 /* Debug */,
				C5C367591D0570DE00BC2148 /* Release */,
			);
			defaultConfigurationIsVisible = 0;
			defaultConfigurationName = Release;
		};
		C5C3675A1D0570DE00BC2148 /* Build configuration list for PBXNativeTarget "mgappTests" */ = {
			isa = XCConfigurationList;
			buildConfigurations = (
				C5C3675B1D0570DE00BC2148 /* Debug */,
				C5C3675C1D0570DE00BC2148 /* Release */,
			);
			defaultConfigurationIsVisible = 0;
			defaultConfigurationName = Release;
		};
		C5C3675D1D0570DE00BC2148 /* Build configuration list for PBXNativeTarget "mgappUITests" */ = {
			isa = XCConfigurationList;
			buildConfigurations = (
				C5C3675E1D0570DE00BC2148 /* Debug */,
				C5C3675F1D0570DE00BC2148 /* Release */,
			);
			defaultConfigurationIsVisible = 0;
			defaultConfigurationName = Release;
		};
/* End XCConfigurationList section */
	};
	rootObject = C5C3671F1D0570DD00BC2148 /* Project object */;
}
